
Microsoft Visual Studio Solution File, Format Version 11.00
# Visual Studio 2010
Project("{FAE04EC0-301F-11D3-BF4B-00C04F79EFBC}") = "Library", "Library\Library.csproj", "{1FF8200D-1E01-4ABA-A876-C313E286E1FC}"
EndProject
Project("{FAE04EC0-301F-11D3-BF4B-00C04F79EFBC}") = "Ocell", "Ocell\Ocell.csproj", "{F3B6A65D-237D-4E5E-B4A9-F9E098730119}"
EndProject
Project("{FAE04EC0-301F-11D3-BF4B-00C04F79EFBC}") = "APIs", "APIs\APIs.csproj", "{DBA3FA70-8F8F-41E7-8C4B-D9B8BF4C937B}"
EndProject
Project("{FAE04EC0-301F-11D3-BF4B-00C04F79EFBC}") = "Ocell.Testing", "Ocell.Testing\Ocell.Testing.csproj", "{8EFE9F9D-4301-4568-B6B7-B77571D890DC}"
EndProject
Project("{FAE04EC0-301F-11D3-BF4B-00C04F79EFBC}") = "Ocell.BackgroundAgent", "Ocell.BackgroundAgent\Ocell.BackgroundAgent.csproj", "{38C14A5B-4940-4567-BA45-81FD8E5784DE}"
EndProject
Project("{FAE04EC0-301F-11D3-BF4B-00C04F79EFBC}") = "Library.CoreTypes", "Library.Essential\Library.CoreTypes.csproj", "{B4CA0BB9-C805-4FC2-BDF4-9F729A661EB0}"
EndProject
Project("{FAE04EC0-301F-11D3-BF4B-00C04F79EFBC}") = "Ocell.BackgroundAgent.Library", "Ocell.BackgroundAgent.Library\Ocell.BackgroundAgent.Library.csproj", "{742DB613-45BB-4F8F-A73F-B559901F6548}"
EndProject
Project("{FAE04EC0-301F-11D3-BF4B-00C04F79EFBC}") = "LightTwitterService", "LightTwitterService\LightTwitterService.csproj", "{6D32BDDD-7445-4619-9474-149715C8D42E}"
EndProject
Project("{FAE04EC0-301F-11D3-BF4B-00C04F79EFBC}") = "Localization", "Localization\Localization.csproj", "{FAC86E98-A611-4800-B374-83E915925F6D}"
EndProject
Project("{FAE04EC0-301F-11D3-BF4B-00C04F79EFBC}") = "Hammock.WindowsPhone", "..\Ocell.Common\hammock\src\net40\Hammock.WindowsPhone\Hammock.WindowsPhone.csproj", "{3059FD1C-4B4B-4460-A0D4-53C84CCE6CAC}"
EndProject
Project("{FAE04EC0-301F-11D3-BF4B-00C04F79EFBC}") = "TweetSharp.WindowsPhone.Mango", "..\Ocell.Common\tweetsharp\src\net40\TweetSharp.WindowsPhone.Mango\TweetSharp.WindowsPhone.Mango.csproj", "{51554319-87B7-4D38-9DDA-8F771FDA70FD}"
EndProject
Project("{FAE04EC0-301F-11D3-BF4B-00C04F79EFBC}") = "Sharplonger", "..\Ocell.Common\Sharplonger\Sharplonger.csproj", "{E74C3890-7501-44D4-82DA-403AE92F718A}"
EndProject
Project("{FAE04EC0-301F-11D3-BF4B-00C04F79EFBC}") = "SharpSerializer.Library.Silverlight", "..\Ocell.Common\SharpSerializer\SharpSerializer.Library.Silverlight\SharpSerializer.Library.Silverlight.csproj", "{4096DECB-F198-492A-AFC2-51671C802277}"
EndProject
Project("{FAE04EC0-301F-11D3-BF4B-00C04F79EFBC}") = "BufferAPI", "..\Ocell.Common\BufferAPI\BufferAPI.csproj", "{4186D1D2-C419-4DA2-A1D8-5F56E5AAA30D}"
EndProject
Global
	GlobalSection(SolutionConfigurationPlatforms) = preSolution
		ClientProfiles|Any CPU = ClientProfiles|Any CPU
		ClientProfiles|Mixed Platforms = ClientProfiles|Mixed Platforms
		ClientProfiles|PHP 5.3 = ClientProfiles|PHP 5.3
		ClientProfiles|x86 = ClientProfiles|x86
		Debug|Any CPU = Debug|Any CPU
		Debug|Mixed Platforms = Debug|Mixed Platforms
		Debug|PHP 5.3 = Debug|PHP 5.3
		Debug|x86 = Debug|x86
		Local|Any CPU = Local|Any CPU
		Local|Mixed Platforms = Local|Mixed Platforms
		Local|PHP 5.3 = Local|PHP 5.3
		Local|x86 = Local|x86
		Production|Any CPU = Production|Any CPU
		Production|Mixed Platforms = Production|Mixed Platforms
		Production|PHP 5.3 = Production|PHP 5.3
		Production|x86 = Production|x86
		Release_Lite|Any CPU = Release_Lite|Any CPU
		Release_Lite|Mixed Platforms = Release_Lite|Mixed Platforms
		Release_Lite|PHP 5.3 = Release_Lite|PHP 5.3
		Release_Lite|x86 = Release_Lite|x86
		Release|Any CPU = Release|Any CPU
		Release|Mixed Platforms = Release|Mixed Platforms
		Release|PHP 5.3 = Release|PHP 5.3
		Release|x86 = Release|x86
		Staging|Any CPU = Staging|Any CPU
		Staging|Mixed Platforms = Staging|Mixed Platforms
		Staging|PHP 5.3 = Staging|PHP 5.3
		Staging|x86 = Staging|x86
	EndGlobalSection
	GlobalSection(ProjectConfigurationPlatforms) = postSolution
		{1FF8200D-1E01-4ABA-A876-C313E286E1FC}.ClientProfiles|Any CPU.ActiveCfg = Release|Any CPU
		{1FF8200D-1E01-4ABA-A876-C313E286E1FC}.ClientProfiles|Any CPU.Build.0 = Release|Any CPU
		{1FF8200D-1E01-4ABA-A876-C313E286E1FC}.ClientProfiles|Mixed Platforms.ActiveCfg = Release|Any CPU
		{1FF8200D-1E01-4ABA-A876-C313E286E1FC}.ClientProfiles|Mixed Platforms.Build.0 = Release|Any CPU
		{1FF8200D-1E01-4ABA-A876-C313E286E1FC}.ClientProfiles|PHP 5.3.ActiveCfg = Release|Any CPU
		{1FF8200D-1E01-4ABA-A876-C313E286E1FC}.ClientProfiles|x86.ActiveCfg = Release|Any CPU
		{1FF8200D-1E01-4ABA-A876-C313E286E1FC}.Debug|Any CPU.ActiveCfg = Debug|Any CPU
		{1FF8200D-1E01-4ABA-A876-C313E286E1FC}.Debug|Any CPU.Build.0 = Debug|Any CPU
		{1FF8200D-1E01-4ABA-A876-C313E286E1FC}.Debug|Mixed Platforms.ActiveCfg = Debug|Any CPU
		{1FF8200D-1E01-4ABA-A876-C313E286E1FC}.Debug|Mixed Platforms.Build.0 = Debug|Any CPU
		{1FF8200D-1E01-4ABA-A876-C313E286E1FC}.Debug|PHP 5.3.ActiveCfg = Debug|Any CPU
		{1FF8200D-1E01-4ABA-A876-C313E286E1FC}.Debug|x86.ActiveCfg = Debug|Any CPU
		{1FF8200D-1E01-4ABA-A876-C313E286E1FC}.Local|Any CPU.ActiveCfg = Release|Any CPU
		{1FF8200D-1E01-4ABA-A876-C313E286E1FC}.Local|Mixed Platforms.ActiveCfg = Release|Any CPU
		{1FF8200D-1E01-4ABA-A876-C313E286E1FC}.Local|PHP 5.3.ActiveCfg = Release|Any CPU
		{1FF8200D-1E01-4ABA-A876-C313E286E1FC}.Local|x86.ActiveCfg = Release|Any CPU
		{1FF8200D-1E01-4ABA-A876-C313E286E1FC}.Production|Any CPU.ActiveCfg = Release|Any CPU
		{1FF8200D-1E01-4ABA-A876-C313E286E1FC}.Production|Mixed Platforms.ActiveCfg = Release|Any CPU
		{1FF8200D-1E01-4ABA-A876-C313E286E1FC}.Production|PHP 5.3.ActiveCfg = Release|Any CPU
		{1FF8200D-1E01-4ABA-A876-C313E286E1FC}.Production|x86.ActiveCfg = Release|Any CPU
		{1FF8200D-1E01-4ABA-A876-C313E286E1FC}.Release_Lite|Any CPU.ActiveCfg = Release_Lite|Any CPU
		{1FF8200D-1E01-4ABA-A876-C313E286E1FC}.Release_Lite|Any CPU.Build.0 = Release_Lite|Any CPU
		{1FF8200D-1E01-4ABA-A876-C313E286E1FC}.Release_Lite|Mixed Platforms.ActiveCfg = Release_Lite|Any CPU
		{1FF8200D-1E01-4ABA-A876-C313E286E1FC}.Release_Lite|Mixed Platforms.Build.0 = Release_Lite|Any CPU
		{1FF8200D-1E01-4ABA-A876-C313E286E1FC}.Release_Lite|PHP 5.3.ActiveCfg = Release_Lite|Any CPU
		{1FF8200D-1E01-4ABA-A876-C313E286E1FC}.Release_Lite|x86.ActiveCfg = Release_Lite|Any CPU
		{1FF8200D-1E01-4ABA-A876-C313E286E1FC}.Release|Any CPU.ActiveCfg = Release|Any CPU
		{1FF8200D-1E01-4ABA-A876-C313E286E1FC}.Release|Any CPU.Build.0 = Release|Any CPU
		{1FF8200D-1E01-4ABA-A876-C313E286E1FC}.Release|Mixed Platforms.ActiveCfg = Release|Any CPU
		{1FF8200D-1E01-4ABA-A876-C313E286E1FC}.Release|Mixed Platforms.Build.0 = Release|Any CPU
		{1FF8200D-1E01-4ABA-A876-C313E286E1FC}.Release|PHP 5.3.ActiveCfg = Release|Any CPU
		{1FF8200D-1E01-4ABA-A876-C313E286E1FC}.Release|x86.ActiveCfg = Release|Any CPU
		{1FF8200D-1E01-4ABA-A876-C313E286E1FC}.Staging|Any CPU.ActiveCfg = Release|Any CPU
		{1FF8200D-1E01-4ABA-A876-C313E286E1FC}.Staging|Mixed Platforms.ActiveCfg = Release|Any CPU
		{1FF8200D-1E01-4ABA-A876-C313E286E1FC}.Staging|PHP 5.3.ActiveCfg = Release|Any CPU
		{1FF8200D-1E01-4ABA-A876-C313E286E1FC}.Staging|x86.ActiveCfg = Release|Any CPU
		{F3B6A65D-237D-4E5E-B4A9-F9E098730119}.ClientProfiles|Any CPU.ActiveCfg = Release|Any CPU
		{F3B6A65D-237D-4E5E-B4A9-F9E098730119}.ClientProfiles|Any CPU.Build.0 = Release|Any CPU
		{F3B6A65D-237D-4E5E-B4A9-F9E098730119}.ClientProfiles|Any CPU.Deploy.0 = Release|Any CPU
		{F3B6A65D-237D-4E5E-B4A9-F9E098730119}.ClientProfiles|Mixed Platforms.ActiveCfg = Release|Any CPU
		{F3B6A65D-237D-4E5E-B4A9-F9E098730119}.ClientProfiles|Mixed Platforms.Build.0 = Release|Any CPU
		{F3B6A65D-237D-4E5E-B4A9-F9E098730119}.ClientProfiles|Mixed Platforms.Deploy.0 = Release|Any CPU
		{F3B6A65D-237D-4E5E-B4A9-F9E098730119}.ClientProfiles|PHP 5.3.ActiveCfg = Release|Any CPU
		{F3B6A65D-237D-4E5E-B4A9-F9E098730119}.ClientProfiles|x86.ActiveCfg = Release|Any CPU
		{F3B6A65D-237D-4E5E-B4A9-F9E098730119}.Debug|Any CPU.ActiveCfg = Debug|Any CPU
		{F3B6A65D-237D-4E5E-B4A9-F9E098730119}.Debug|Any CPU.Build.0 = Debug|Any CPU
		{F3B6A65D-237D-4E5E-B4A9-F9E098730119}.Debug|Any CPU.Deploy.0 = Debug|Any CPU
		{F3B6A65D-237D-4E5E-B4A9-F9E098730119}.Debug|Mixed Platforms.ActiveCfg = Debug|Any CPU
		{F3B6A65D-237D-4E5E-B4A9-F9E098730119}.Debug|Mixed Platforms.Build.0 = Debug|Any CPU
		{F3B6A65D-237D-4E5E-B4A9-F9E098730119}.Debug|Mixed Platforms.Deploy.0 = Debug|Any CPU
		{F3B6A65D-237D-4E5E-B4A9-F9E098730119}.Debug|PHP 5.3.ActiveCfg = Debug|Any CPU
		{F3B6A65D-237D-4E5E-B4A9-F9E098730119}.Debug|x86.ActiveCfg = Debug|Any CPU
		{F3B6A65D-237D-4E5E-B4A9-F9E098730119}.Local|Any CPU.ActiveCfg = Release|Any CPU
		{F3B6A65D-237D-4E5E-B4A9-F9E098730119}.Local|Any CPU.Build.0 = Release|Any CPU
		{F3B6A65D-237D-4E5E-B4A9-F9E098730119}.Local|Any CPU.Deploy.0 = Release|Any CPU
		{F3B6A65D-237D-4E5E-B4A9-F9E098730119}.Local|Mixed Platforms.ActiveCfg = Release|Any CPU
		{F3B6A65D-237D-4E5E-B4A9-F9E098730119}.Local|Mixed Platforms.Build.0 = Release|Any CPU
		{F3B6A65D-237D-4E5E-B4A9-F9E098730119}.Local|Mixed Platforms.Deploy.0 = Release|Any CPU
		{F3B6A65D-237D-4E5E-B4A9-F9E098730119}.Local|PHP 5.3.ActiveCfg = Release|Any CPU
		{F3B6A65D-237D-4E5E-B4A9-F9E098730119}.Local|x86.ActiveCfg = Release|Any CPU
		{F3B6A65D-237D-4E5E-B4A9-F9E098730119}.Production|Any CPU.ActiveCfg = Release|Any CPU
		{F3B6A65D-237D-4E5E-B4A9-F9E098730119}.Production|Any CPU.Build.0 = Release|Any CPU
		{F3B6A65D-237D-4E5E-B4A9-F9E098730119}.Production|Any CPU.Deploy.0 = Release|Any CPU
		{F3B6A65D-237D-4E5E-B4A9-F9E098730119}.Production|Mixed Platforms.ActiveCfg = Release|Any CPU
		{F3B6A65D-237D-4E5E-B4A9-F9E098730119}.Production|Mixed Platforms.Build.0 = Release|Any CPU
		{F3B6A65D-237D-4E5E-B4A9-F9E098730119}.Production|Mixed Platforms.Deploy.0 = Release|Any CPU
		{F3B6A65D-237D-4E5E-B4A9-F9E098730119}.Production|PHP 5.3.ActiveCfg = Release|Any CPU
		{F3B6A65D-237D-4E5E-B4A9-F9E098730119}.Production|x86.ActiveCfg = Release|Any CPU
		{F3B6A65D-237D-4E5E-B4A9-F9E098730119}.Release_Lite|Any CPU.ActiveCfg = Release_Lite|Any CPU
		{F3B6A65D-237D-4E5E-B4A9-F9E098730119}.Release_Lite|Any CPU.Build.0 = Release_Lite|Any CPU
		{F3B6A65D-237D-4E5E-B4A9-F9E098730119}.Release_Lite|Any CPU.Deploy.0 = Release_Lite|Any CPU
		{F3B6A65D-237D-4E5E-B4A9-F9E098730119}.Release_Lite|Mixed Platforms.ActiveCfg = Release_Lite|Any CPU
		{F3B6A65D-237D-4E5E-B4A9-F9E098730119}.Release_Lite|Mixed Platforms.Build.0 = Release_Lite|Any CPU
		{F3B6A65D-237D-4E5E-B4A9-F9E098730119}.Release_Lite|Mixed Platforms.Deploy.0 = Release_Lite|Any CPU
		{F3B6A65D-237D-4E5E-B4A9-F9E098730119}.Release_Lite|PHP 5.3.ActiveCfg = Release_Lite|Any CPU
		{F3B6A65D-237D-4E5E-B4A9-F9E098730119}.Release_Lite|x86.ActiveCfg = Release_Lite|Any CPU
		{F3B6A65D-237D-4E5E-B4A9-F9E098730119}.Release|Any CPU.ActiveCfg = Release|Any CPU
		{F3B6A65D-237D-4E5E-B4A9-F9E098730119}.Release|Any CPU.Build.0 = Release|Any CPU
		{F3B6A65D-237D-4E5E-B4A9-F9E098730119}.Release|Any CPU.Deploy.0 = Release|Any CPU
		{F3B6A65D-237D-4E5E-B4A9-F9E098730119}.Release|Mixed Platforms.ActiveCfg = Release|Any CPU
		{F3B6A65D-237D-4E5E-B4A9-F9E098730119}.Release|Mixed Platforms.Build.0 = Release|Any CPU
		{F3B6A65D-237D-4E5E-B4A9-F9E098730119}.Release|Mixed Platforms.Deploy.0 = Release|Any CPU
		{F3B6A65D-237D-4E5E-B4A9-F9E098730119}.Release|PHP 5.3.ActiveCfg = Release|Any CPU
		{F3B6A65D-237D-4E5E-B4A9-F9E098730119}.Release|x86.ActiveCfg = Release|Any CPU
		{F3B6A65D-237D-4E5E-B4A9-F9E098730119}.Staging|Any CPU.ActiveCfg = Release|Any CPU
		{F3B6A65D-237D-4E5E-B4A9-F9E098730119}.Staging|Any CPU.Build.0 = Release|Any CPU
		{F3B6A65D-237D-4E5E-B4A9-F9E098730119}.Staging|Any CPU.Deploy.0 = Release|Any CPU
		{F3B6A65D-237D-4E5E-B4A9-F9E098730119}.Staging|Mixed Platforms.ActiveCfg = Release|Any CPU
		{F3B6A65D-237D-4E5E-B4A9-F9E098730119}.Staging|Mixed Platforms.Build.0 = Release|Any CPU
		{F3B6A65D-237D-4E5E-B4A9-F9E098730119}.Staging|Mixed Platforms.Deploy.0 = Release|Any CPU
		{F3B6A65D-237D-4E5E-B4A9-F9E098730119}.Staging|PHP 5.3.ActiveCfg = Release|Any CPU
		{F3B6A65D-237D-4E5E-B4A9-F9E098730119}.Staging|x86.ActiveCfg = Release|Any CPU
		{DBA3FA70-8F8F-41E7-8C4B-D9B8BF4C937B}.ClientProfiles|Any CPU.ActiveCfg = Release|Any CPU
		{DBA3FA70-8F8F-41E7-8C4B-D9B8BF4C937B}.ClientProfiles|Any CPU.Build.0 = Release|Any CPU
		{DBA3FA70-8F8F-41E7-8C4B-D9B8BF4C937B}.ClientProfiles|Mixed Platforms.ActiveCfg = Release|Any CPU
		{DBA3FA70-8F8F-41E7-8C4B-D9B8BF4C937B}.ClientProfiles|Mixed Platforms.Build.0 = Release|Any CPU
		{DBA3FA70-8F8F-41E7-8C4B-D9B8BF4C937B}.ClientProfiles|PHP 5.3.ActiveCfg = Release|Any CPU
		{DBA3FA70-8F8F-41E7-8C4B-D9B8BF4C937B}.ClientProfiles|x86.ActiveCfg = Release|Any CPU
		{DBA3FA70-8F8F-41E7-8C4B-D9B8BF4C937B}.Debug|Any CPU.ActiveCfg = Debug|Any CPU
		{DBA3FA70-8F8F-41E7-8C4B-D9B8BF4C937B}.Debug|Any CPU.Build.0 = Debug|Any CPU
		{DBA3FA70-8F8F-41E7-8C4B-D9B8BF4C937B}.Debug|Mixed Platforms.ActiveCfg = Debug|Any CPU
		{DBA3FA70-8F8F-41E7-8C4B-D9B8BF4C937B}.Debug|Mixed Platforms.Build.0 = Debug|Any CPU
		{DBA3FA70-8F8F-41E7-8C4B-D9B8BF4C937B}.Debug|PHP 5.3.ActiveCfg = Debug|Any CPU
		{DBA3FA70-8F8F-41E7-8C4B-D9B8BF4C937B}.Debug|x86.ActiveCfg = Debug|Any CPU
		{DBA3FA70-8F8F-41E7-8C4B-D9B8BF4C937B}.Local|Any CPU.ActiveCfg = Release|Any CPU
		{DBA3FA70-8F8F-41E7-8C4B-D9B8BF4C937B}.Local|Any CPU.Build.0 = Release|Any CPU
		{DBA3FA70-8F8F-41E7-8C4B-D9B8BF4C937B}.Local|Mixed Platforms.ActiveCfg = Release|Any CPU
		{DBA3FA70-8F8F-41E7-8C4B-D9B8BF4C937B}.Local|Mixed Platforms.Build.0 = Release|Any CPU
		{DBA3FA70-8F8F-41E7-8C4B-D9B8BF4C937B}.Local|PHP 5.3.ActiveCfg = Release|Any CPU
		{DBA3FA70-8F8F-41E7-8C4B-D9B8BF4C937B}.Local|x86.ActiveCfg = Release|Any CPU
		{DBA3FA70-8F8F-41E7-8C4B-D9B8BF4C937B}.Production|Any CPU.ActiveCfg = Release|Any CPU
		{DBA3FA70-8F8F-41E7-8C4B-D9B8BF4C937B}.Production|Any CPU.Build.0 = Release|Any CPU
		{DBA3FA70-8F8F-41E7-8C4B-D9B8BF4C937B}.Production|Mixed Platforms.ActiveCfg = Release|Any CPU
		{DBA3FA70-8F8F-41E7-8C4B-D9B8BF4C937B}.Production|Mixed Platforms.Build.0 = Release|Any CPU
		{DBA3FA70-8F8F-41E7-8C4B-D9B8BF4C937B}.Production|PHP 5.3.ActiveCfg = Release|Any CPU
		{DBA3FA70-8F8F-41E7-8C4B-D9B8BF4C937B}.Production|x86.ActiveCfg = Release|Any CPU
		{DBA3FA70-8F8F-41E7-8C4B-D9B8BF4C937B}.Release_Lite|Any CPU.ActiveCfg = Release_Lite|Any CPU
		{DBA3FA70-8F8F-41E7-8C4B-D9B8BF4C937B}.Release_Lite|Any CPU.Build.0 = Release_Lite|Any CPU
		{DBA3FA70-8F8F-41E7-8C4B-D9B8BF4C937B}.Release_Lite|Mixed Platforms.ActiveCfg = Release_Lite|Any CPU
		{DBA3FA70-8F8F-41E7-8C4B-D9B8BF4C937B}.Release_Lite|Mixed Platforms.Build.0 = Release_Lite|Any CPU
		{DBA3FA70-8F8F-41E7-8C4B-D9B8BF4C937B}.Release_Lite|PHP 5.3.ActiveCfg = Release_Lite|Any CPU
		{DBA3FA70-8F8F-41E7-8C4B-D9B8BF4C937B}.Release_Lite|x86.ActiveCfg = Release_Lite|Any CPU
		{DBA3FA70-8F8F-41E7-8C4B-D9B8BF4C937B}.Release|Any CPU.ActiveCfg = Release|Any CPU
		{DBA3FA70-8F8F-41E7-8C4B-D9B8BF4C937B}.Release|Any CPU.Build.0 = Release|Any CPU
		{DBA3FA70-8F8F-41E7-8C4B-D9B8BF4C937B}.Release|Mixed Platforms.ActiveCfg = Release|Any CPU
		{DBA3FA70-8F8F-41E7-8C4B-D9B8BF4C937B}.Release|Mixed Platforms.Build.0 = Release|Any CPU
		{DBA3FA70-8F8F-41E7-8C4B-D9B8BF4C937B}.Release|PHP 5.3.ActiveCfg = Release|Any CPU
		{DBA3FA70-8F8F-41E7-8C4B-D9B8BF4C937B}.Release|x86.ActiveCfg = Release|Any CPU
		{DBA3FA70-8F8F-41E7-8C4B-D9B8BF4C937B}.Staging|Any CPU.ActiveCfg = Release|Any CPU
		{DBA3FA70-8F8F-41E7-8C4B-D9B8BF4C937B}.Staging|Any CPU.Build.0 = Release|Any CPU
		{DBA3FA70-8F8F-41E7-8C4B-D9B8BF4C937B}.Staging|Mixed Platforms.ActiveCfg = Release|Any CPU
		{DBA3FA70-8F8F-41E7-8C4B-D9B8BF4C937B}.Staging|Mixed Platforms.Build.0 = Release|Any CPU
		{DBA3FA70-8F8F-41E7-8C4B-D9B8BF4C937B}.Staging|PHP 5.3.ActiveCfg = Release|Any CPU
		{DBA3FA70-8F8F-41E7-8C4B-D9B8BF4C937B}.Staging|x86.ActiveCfg = Release|Any CPU
		{8EFE9F9D-4301-4568-B6B7-B77571D890DC}.ClientProfiles|Any CPU.ActiveCfg = Release|Any CPU
		{8EFE9F9D-4301-4568-B6B7-B77571D890DC}.ClientProfiles|Any CPU.Build.0 = Release|Any CPU
		{8EFE9F9D-4301-4568-B6B7-B77571D890DC}.ClientProfiles|Any CPU.Deploy.0 = Release|Any CPU
		{8EFE9F9D-4301-4568-B6B7-B77571D890DC}.ClientProfiles|Mixed Platforms.ActiveCfg = Release|Any CPU
		{8EFE9F9D-4301-4568-B6B7-B77571D890DC}.ClientProfiles|Mixed Platforms.Build.0 = Release|Any CPU
		{8EFE9F9D-4301-4568-B6B7-B77571D890DC}.ClientProfiles|Mixed Platforms.Deploy.0 = Release|Any CPU
		{8EFE9F9D-4301-4568-B6B7-B77571D890DC}.ClientProfiles|PHP 5.3.ActiveCfg = Release|Any CPU
		{8EFE9F9D-4301-4568-B6B7-B77571D890DC}.ClientProfiles|x86.ActiveCfg = Release|Any CPU
		{8EFE9F9D-4301-4568-B6B7-B77571D890DC}.Debug|Any CPU.ActiveCfg = Debug|Any CPU
		{8EFE9F9D-4301-4568-B6B7-B77571D890DC}.Debug|Any CPU.Build.0 = Debug|Any CPU
		{8EFE9F9D-4301-4568-B6B7-B77571D890DC}.Debug|Any CPU.Deploy.0 = Debug|Any CPU
		{8EFE9F9D-4301-4568-B6B7-B77571D890DC}.Debug|Mixed Platforms.ActiveCfg = Debug|Any CPU
		{8EFE9F9D-4301-4568-B6B7-B77571D890DC}.Debug|Mixed Platforms.Build.0 = Debug|Any CPU
		{8EFE9F9D-4301-4568-B6B7-B77571D890DC}.Debug|Mixed Platforms.Deploy.0 = Debug|Any CPU
		{8EFE9F9D-4301-4568-B6B7-B77571D890DC}.Debug|PHP 5.3.ActiveCfg = Debug|Any CPU
		{8EFE9F9D-4301-4568-B6B7-B77571D890DC}.Debug|x86.ActiveCfg = Debug|Any CPU
		{8EFE9F9D-4301-4568-B6B7-B77571D890DC}.Local|Any CPU.ActiveCfg = Release|Any CPU
		{8EFE9F9D-4301-4568-B6B7-B77571D890DC}.Local|Any CPU.Build.0 = Release|Any CPU
		{8EFE9F9D-4301-4568-B6B7-B77571D890DC}.Local|Any CPU.Deploy.0 = Release|Any CPU
		{8EFE9F9D-4301-4568-B6B7-B77571D890DC}.Local|Mixed Platforms.ActiveCfg = Release|Any CPU
		{8EFE9F9D-4301-4568-B6B7-B77571D890DC}.Local|Mixed Platforms.Build.0 = Release|Any CPU
		{8EFE9F9D-4301-4568-B6B7-B77571D890DC}.Local|Mixed Platforms.Deploy.0 = Release|Any CPU
		{8EFE9F9D-4301-4568-B6B7-B77571D890DC}.Local|PHP 5.3.ActiveCfg = Release|Any CPU
		{8EFE9F9D-4301-4568-B6B7-B77571D890DC}.Local|x86.ActiveCfg = Release|Any CPU
		{8EFE9F9D-4301-4568-B6B7-B77571D890DC}.Production|Any CPU.ActiveCfg = Release|Any CPU
		{8EFE9F9D-4301-4568-B6B7-B77571D890DC}.Production|Any CPU.Build.0 = Release|Any CPU
		{8EFE9F9D-4301-4568-B6B7-B77571D890DC}.Production|Any CPU.Deploy.0 = Release|Any CPU
		{8EFE9F9D-4301-4568-B6B7-B77571D890DC}.Production|Mixed Platforms.ActiveCfg = Release|Any CPU
		{8EFE9F9D-4301-4568-B6B7-B77571D890DC}.Production|Mixed Platforms.Build.0 = Release|Any CPU
		{8EFE9F9D-4301-4568-B6B7-B77571D890DC}.Production|Mixed Platforms.Deploy.0 = Release|Any CPU
		{8EFE9F9D-4301-4568-B6B7-B77571D890DC}.Production|PHP 5.3.ActiveCfg = Release|Any CPU
		{8EFE9F9D-4301-4568-B6B7-B77571D890DC}.Production|x86.ActiveCfg = Release|Any CPU
		{8EFE9F9D-4301-4568-B6B7-B77571D890DC}.Release_Lite|Any CPU.ActiveCfg = Release|Any CPU
		{8EFE9F9D-4301-4568-B6B7-B77571D890DC}.Release_Lite|Mixed Platforms.ActiveCfg = Release|Any CPU
		{8EFE9F9D-4301-4568-B6B7-B77571D890DC}.Release_Lite|PHP 5.3.ActiveCfg = Release|Any CPU
		{8EFE9F9D-4301-4568-B6B7-B77571D890DC}.Release_Lite|x86.ActiveCfg = Release|Any CPU
		{8EFE9F9D-4301-4568-B6B7-B77571D890DC}.Release|Any CPU.ActiveCfg = Release|Any CPU
		{8EFE9F9D-4301-4568-B6B7-B77571D890DC}.Release|Any CPU.Build.0 = Release|Any CPU
		{8EFE9F9D-4301-4568-B6B7-B77571D890DC}.Release|Any CPU.Deploy.0 = Release|Any CPU
		{8EFE9F9D-4301-4568-B6B7-B77571D890DC}.Release|Mixed Platforms.ActiveCfg = Release|Any CPU
		{8EFE9F9D-4301-4568-B6B7-B77571D890DC}.Release|Mixed Platforms.Build.0 = Release|Any CPU
		{8EFE9F9D-4301-4568-B6B7-B77571D890DC}.Release|Mixed Platforms.Deploy.0 = Release|Any CPU
		{8EFE9F9D-4301-4568-B6B7-B77571D890DC}.Release|PHP 5.3.ActiveCfg = Release|Any CPU
		{8EFE9F9D-4301-4568-B6B7-B77571D890DC}.Release|x86.ActiveCfg = Release|Any CPU
		{8EFE9F9D-4301-4568-B6B7-B77571D890DC}.Staging|Any CPU.ActiveCfg = Release|Any CPU
		{8EFE9F9D-4301-4568-B6B7-B77571D890DC}.Staging|Any CPU.Build.0 = Release|Any CPU
		{8EFE9F9D-4301-4568-B6B7-B77571D890DC}.Staging|Any CPU.Deploy.0 = Release|Any CPU
		{8EFE9F9D-4301-4568-B6B7-B77571D890DC}.Staging|Mixed Platforms.ActiveCfg = Release|Any CPU
		{8EFE9F9D-4301-4568-B6B7-B77571D890DC}.Staging|Mixed Platforms.Build.0 = Release|Any CPU
		{8EFE9F9D-4301-4568-B6B7-B77571D890DC}.Staging|Mixed Platforms.Deploy.0 = Release|Any CPU
		{8EFE9F9D-4301-4568-B6B7-B77571D890DC}.Staging|PHP 5.3.ActiveCfg = Release|Any CPU
		{8EFE9F9D-4301-4568-B6B7-B77571D890DC}.Staging|x86.ActiveCfg = Release|Any CPU
		{38C14A5B-4940-4567-BA45-81FD8E5784DE}.ClientProfiles|Any CPU.ActiveCfg = Release|Any CPU
		{38C14A5B-4940-4567-BA45-81FD8E5784DE}.ClientProfiles|Any CPU.Build.0 = Release|Any CPU
		{38C14A5B-4940-4567-BA45-81FD8E5784DE}.ClientProfiles|Mixed Platforms.ActiveCfg = Release|Any CPU
		{38C14A5B-4940-4567-BA45-81FD8E5784DE}.ClientProfiles|Mixed Platforms.Build.0 = Release|Any CPU
		{38C14A5B-4940-4567-BA45-81FD8E5784DE}.ClientProfiles|PHP 5.3.ActiveCfg = Release|Any CPU
		{38C14A5B-4940-4567-BA45-81FD8E5784DE}.ClientProfiles|x86.ActiveCfg = Release|Any CPU
		{38C14A5B-4940-4567-BA45-81FD8E5784DE}.Debug|Any CPU.ActiveCfg = Debug|Any CPU
		{38C14A5B-4940-4567-BA45-81FD8E5784DE}.Debug|Any CPU.Build.0 = Debug|Any CPU
		{38C14A5B-4940-4567-BA45-81FD8E5784DE}.Debug|Mixed Platforms.ActiveCfg = Debug|Any CPU
		{38C14A5B-4940-4567-BA45-81FD8E5784DE}.Debug|Mixed Platforms.Build.0 = Debug|Any CPU
		{38C14A5B-4940-4567-BA45-81FD8E5784DE}.Debug|PHP 5.3.ActiveCfg = Debug|Any CPU
		{38C14A5B-4940-4567-BA45-81FD8E5784DE}.Debug|x86.ActiveCfg = Debug|Any CPU
		{38C14A5B-4940-4567-BA45-81FD8E5784DE}.Local|Any CPU.ActiveCfg = Release|Any CPU
		{38C14A5B-4940-4567-BA45-81FD8E5784DE}.Local|Any CPU.Build.0 = Release|Any CPU
		{38C14A5B-4940-4567-BA45-81FD8E5784DE}.Local|Mixed Platforms.ActiveCfg = Release|Any CPU
		{38C14A5B-4940-4567-BA45-81FD8E5784DE}.Local|Mixed Platforms.Build.0 = Release|Any CPU
		{38C14A5B-4940-4567-BA45-81FD8E5784DE}.Local|PHP 5.3.ActiveCfg = Release|Any CPU
		{38C14A5B-4940-4567-BA45-81FD8E5784DE}.Local|x86.ActiveCfg = Release|Any CPU
		{38C14A5B-4940-4567-BA45-81FD8E5784DE}.Production|Any CPU.ActiveCfg = Release|Any CPU
		{38C14A5B-4940-4567-BA45-81FD8E5784DE}.Production|Any CPU.Build.0 = Release|Any CPU
		{38C14A5B-4940-4567-BA45-81FD8E5784DE}.Production|Mixed Platforms.ActiveCfg = Release|Any CPU
		{38C14A5B-4940-4567-BA45-81FD8E5784DE}.Production|Mixed Platforms.Build.0 = Release|Any CPU
		{38C14A5B-4940-4567-BA45-81FD8E5784DE}.Production|PHP 5.3.ActiveCfg = Release|Any CPU
		{38C14A5B-4940-4567-BA45-81FD8E5784DE}.Production|x86.ActiveCfg = Release|Any CPU
		{38C14A5B-4940-4567-BA45-81FD8E5784DE}.Release_Lite|Any CPU.ActiveCfg = Release_Lite|Any CPU
		{38C14A5B-4940-4567-BA45-81FD8E5784DE}.Release_Lite|Any CPU.Build.0 = Release_Lite|Any CPU
		{38C14A5B-4940-4567-BA45-81FD8E5784DE}.Release_Lite|Mixed Platforms.ActiveCfg = Release_Lite|Any CPU
		{38C14A5B-4940-4567-BA45-81FD8E5784DE}.Release_Lite|Mixed Platforms.Build.0 = Release_Lite|Any CPU
		{38C14A5B-4940-4567-BA45-81FD8E5784DE}.Release_Lite|PHP 5.3.ActiveCfg = Release_Lite|Any CPU
		{38C14A5B-4940-4567-BA45-81FD8E5784DE}.Release_Lite|x86.ActiveCfg = Release_Lite|Any CPU
		{38C14A5B-4940-4567-BA45-81FD8E5784DE}.Release|Any CPU.ActiveCfg = Release|Any CPU
		{38C14A5B-4940-4567-BA45-81FD8E5784DE}.Release|Any CPU.Build.0 = Release|Any CPU
		{38C14A5B-4940-4567-BA45-81FD8E5784DE}.Release|Mixed Platforms.ActiveCfg = Release|Any CPU
		{38C14A5B-4940-4567-BA45-81FD8E5784DE}.Release|Mixed Platforms.Build.0 = Release|Any CPU
		{38C14A5B-4940-4567-BA45-81FD8E5784DE}.Release|PHP 5.3.ActiveCfg = Release|Any CPU
		{38C14A5B-4940-4567-BA45-81FD8E5784DE}.Release|x86.ActiveCfg = Release|Any CPU
		{38C14A5B-4940-4567-BA45-81FD8E5784DE}.Staging|Any CPU.ActiveCfg = Release|Any CPU
		{38C14A5B-4940-4567-BA45-81FD8E5784DE}.Staging|Any CPU.Build.0 = Release|Any CPU
		{38C14A5B-4940-4567-BA45-81FD8E5784DE}.Staging|Mixed Platforms.ActiveCfg = Release|Any CPU
		{38C14A5B-4940-4567-BA45-81FD8E5784DE}.Staging|Mixed Platforms.Build.0 = Release|Any CPU
		{38C14A5B-4940-4567-BA45-81FD8E5784DE}.Staging|PHP 5.3.ActiveCfg = Release|Any CPU
		{38C14A5B-4940-4567-BA45-81FD8E5784DE}.Staging|x86.ActiveCfg = Release|Any CPU
		{B4CA0BB9-C805-4FC2-BDF4-9F729A661EB0}.ClientProfiles|Any CPU.ActiveCfg = Release|Any CPU
		{B4CA0BB9-C805-4FC2-BDF4-9F729A661EB0}.ClientProfiles|Any CPU.Build.0 = Release|Any CPU
		{B4CA0BB9-C805-4FC2-BDF4-9F729A661EB0}.ClientProfiles|Mixed Platforms.ActiveCfg = Release|Any CPU
		{B4CA0BB9-C805-4FC2-BDF4-9F729A661EB0}.ClientProfiles|Mixed Platforms.Build.0 = Release|Any CPU
		{B4CA0BB9-C805-4FC2-BDF4-9F729A661EB0}.ClientProfiles|PHP 5.3.ActiveCfg = Release|Any CPU
		{B4CA0BB9-C805-4FC2-BDF4-9F729A661EB0}.ClientProfiles|x86.ActiveCfg = Release|Any CPU
		{B4CA0BB9-C805-4FC2-BDF4-9F729A661EB0}.Debug|Any CPU.ActiveCfg = Debug|Any CPU
		{B4CA0BB9-C805-4FC2-BDF4-9F729A661EB0}.Debug|Any CPU.Build.0 = Debug|Any CPU
		{B4CA0BB9-C805-4FC2-BDF4-9F729A661EB0}.Debug|Mixed Platforms.ActiveCfg = Debug|Any CPU
		{B4CA0BB9-C805-4FC2-BDF4-9F729A661EB0}.Debug|Mixed Platforms.Build.0 = Debug|Any CPU
		{B4CA0BB9-C805-4FC2-BDF4-9F729A661EB0}.Debug|PHP 5.3.ActiveCfg = Debug|Any CPU
		{B4CA0BB9-C805-4FC2-BDF4-9F729A661EB0}.Debug|x86.ActiveCfg = Debug|Any CPU
		{B4CA0BB9-C805-4FC2-BDF4-9F729A661EB0}.Local|Any CPU.ActiveCfg = Release|Any CPU
		{B4CA0BB9-C805-4FC2-BDF4-9F729A661EB0}.Local|Any CPU.Build.0 = Release|Any CPU
		{B4CA0BB9-C805-4FC2-BDF4-9F729A661EB0}.Local|Mixed Platforms.ActiveCfg = Release|Any CPU
		{B4CA0BB9-C805-4FC2-BDF4-9F729A661EB0}.Local|Mixed Platforms.Build.0 = Release|Any CPU
		{B4CA0BB9-C805-4FC2-BDF4-9F729A661EB0}.Local|PHP 5.3.ActiveCfg = Release|Any CPU
		{B4CA0BB9-C805-4FC2-BDF4-9F729A661EB0}.Local|x86.ActiveCfg = Release|Any CPU
		{B4CA0BB9-C805-4FC2-BDF4-9F729A661EB0}.Production|Any CPU.ActiveCfg = Release|Any CPU
		{B4CA0BB9-C805-4FC2-BDF4-9F729A661EB0}.Production|Any CPU.Build.0 = Release|Any CPU
		{B4CA0BB9-C805-4FC2-BDF4-9F729A661EB0}.Production|Mixed Platforms.ActiveCfg = Release|Any CPU
		{B4CA0BB9-C805-4FC2-BDF4-9F729A661EB0}.Production|Mixed Platforms.Build.0 = Release|Any CPU
		{B4CA0BB9-C805-4FC2-BDF4-9F729A661EB0}.Production|PHP 5.3.ActiveCfg = Release|Any CPU
		{B4CA0BB9-C805-4FC2-BDF4-9F729A661EB0}.Production|x86.ActiveCfg = Release|Any CPU
		{B4CA0BB9-C805-4FC2-BDF4-9F729A661EB0}.Release_Lite|Any CPU.ActiveCfg = Release_Lite|Any CPU
		{B4CA0BB9-C805-4FC2-BDF4-9F729A661EB0}.Release_Lite|Any CPU.Build.0 = Release_Lite|Any CPU
		{B4CA0BB9-C805-4FC2-BDF4-9F729A661EB0}.Release_Lite|Mixed Platforms.ActiveCfg = Release_Lite|Any CPU
		{B4CA0BB9-C805-4FC2-BDF4-9F729A661EB0}.Release_Lite|Mixed Platforms.Build.0 = Release_Lite|Any CPU
		{B4CA0BB9-C805-4FC2-BDF4-9F729A661EB0}.Release_Lite|PHP 5.3.ActiveCfg = Release_Lite|Any CPU
		{B4CA0BB9-C805-4FC2-BDF4-9F729A661EB0}.Release_Lite|x86.ActiveCfg = Release_Lite|Any CPU
		{B4CA0BB9-C805-4FC2-BDF4-9F729A661EB0}.Release|Any CPU.ActiveCfg = Release|Any CPU
		{B4CA0BB9-C805-4FC2-BDF4-9F729A661EB0}.Release|Any CPU.Build.0 = Release|Any CPU
		{B4CA0BB9-C805-4FC2-BDF4-9F729A661EB0}.Release|Mixed Platforms.ActiveCfg = Release|Any CPU
		{B4CA0BB9-C805-4FC2-BDF4-9F729A661EB0}.Release|Mixed Platforms.Build.0 = Release|Any CPU
		{B4CA0BB9-C805-4FC2-BDF4-9F729A661EB0}.Release|PHP 5.3.ActiveCfg = Release|Any CPU
		{B4CA0BB9-C805-4FC2-BDF4-9F729A661EB0}.Release|x86.ActiveCfg = Release|Any CPU
		{B4CA0BB9-C805-4FC2-BDF4-9F729A661EB0}.Staging|Any CPU.ActiveCfg = Release|Any CPU
		{B4CA0BB9-C805-4FC2-BDF4-9F729A661EB0}.Staging|Any CPU.Build.0 = Release|Any CPU
		{B4CA0BB9-C805-4FC2-BDF4-9F729A661EB0}.Staging|Mixed Platforms.ActiveCfg = Release|Any CPU
		{B4CA0BB9-C805-4FC2-BDF4-9F729A661EB0}.Staging|Mixed Platforms.Build.0 = Release|Any CPU
		{B4CA0BB9-C805-4FC2-BDF4-9F729A661EB0}.Staging|PHP 5.3.ActiveCfg = Release|Any CPU
		{B4CA0BB9-C805-4FC2-BDF4-9F729A661EB0}.Staging|x86.ActiveCfg = Release|Any CPU
		{742DB613-45BB-4F8F-A73F-B559901F6548}.ClientProfiles|Any CPU.ActiveCfg = Release|Any CPU
		{742DB613-45BB-4F8F-A73F-B559901F6548}.ClientProfiles|Any CPU.Build.0 = Release|Any CPU
		{742DB613-45BB-4F8F-A73F-B559901F6548}.ClientProfiles|Mixed Platforms.ActiveCfg = Release|Any CPU
		{742DB613-45BB-4F8F-A73F-B559901F6548}.ClientProfiles|Mixed Platforms.Build.0 = Release|Any CPU
		{742DB613-45BB-4F8F-A73F-B559901F6548}.ClientProfiles|PHP 5.3.ActiveCfg = Release|Any CPU
		{742DB613-45BB-4F8F-A73F-B559901F6548}.ClientProfiles|x86.ActiveCfg = Release|Any CPU
		{742DB613-45BB-4F8F-A73F-B559901F6548}.Debug|Any CPU.ActiveCfg = Debug|Any CPU
		{742DB613-45BB-4F8F-A73F-B559901F6548}.Debug|Any CPU.Build.0 = Debug|Any CPU
		{742DB613-45BB-4F8F-A73F-B559901F6548}.Debug|Mixed Platforms.ActiveCfg = Debug|Any CPU
		{742DB613-45BB-4F8F-A73F-B559901F6548}.Debug|Mixed Platforms.Build.0 = Debug|Any CPU
		{742DB613-45BB-4F8F-A73F-B559901F6548}.Debug|PHP 5.3.ActiveCfg = Debug|Any CPU
		{742DB613-45BB-4F8F-A73F-B559901F6548}.Debug|x86.ActiveCfg = Debug|Any CPU
		{742DB613-45BB-4F8F-A73F-B559901F6548}.Local|Any CPU.ActiveCfg = Release|Any CPU
		{742DB613-45BB-4F8F-A73F-B559901F6548}.Local|Any CPU.Build.0 = Release|Any CPU
		{742DB613-45BB-4F8F-A73F-B559901F6548}.Local|Mixed Platforms.ActiveCfg = Release|Any CPU
		{742DB613-45BB-4F8F-A73F-B559901F6548}.Local|Mixed Platforms.Build.0 = Release|Any CPU
		{742DB613-45BB-4F8F-A73F-B559901F6548}.Local|PHP 5.3.ActiveCfg = Release|Any CPU
		{742DB613-45BB-4F8F-A73F-B559901F6548}.Local|x86.ActiveCfg = Release|Any CPU
		{742DB613-45BB-4F8F-A73F-B559901F6548}.Production|Any CPU.ActiveCfg = Release|Any CPU
		{742DB613-45BB-4F8F-A73F-B559901F6548}.Production|Any CPU.Build.0 = Release|Any CPU
		{742DB613-45BB-4F8F-A73F-B559901F6548}.Production|Mixed Platforms.ActiveCfg = Release|Any CPU
		{742DB613-45BB-4F8F-A73F-B559901F6548}.Production|Mixed Platforms.Build.0 = Release|Any CPU
		{742DB613-45BB-4F8F-A73F-B559901F6548}.Production|PHP 5.3.ActiveCfg = Release|Any CPU
		{742DB613-45BB-4F8F-A73F-B559901F6548}.Production|x86.ActiveCfg = Release|Any CPU
		{742DB613-45BB-4F8F-A73F-B559901F6548}.Release_Lite|Any CPU.ActiveCfg = Release_Lite|Any CPU
		{742DB613-45BB-4F8F-A73F-B559901F6548}.Release_Lite|Any CPU.Build.0 = Release_Lite|Any CPU
		{742DB613-45BB-4F8F-A73F-B559901F6548}.Release_Lite|Mixed Platforms.ActiveCfg = Release_Lite|Any CPU
		{742DB613-45BB-4F8F-A73F-B559901F6548}.Release_Lite|Mixed Platforms.Build.0 = Release_Lite|Any CPU
		{742DB613-45BB-4F8F-A73F-B559901F6548}.Release_Lite|PHP 5.3.ActiveCfg = Release_Lite|Any CPU
		{742DB613-45BB-4F8F-A73F-B559901F6548}.Release_Lite|x86.ActiveCfg = Release_Lite|Any CPU
		{742DB613-45BB-4F8F-A73F-B559901F6548}.Release|Any CPU.ActiveCfg = Release|Any CPU
		{742DB613-45BB-4F8F-A73F-B559901F6548}.Release|Any CPU.Build.0 = Release|Any CPU
		{742DB613-45BB-4F8F-A73F-B559901F6548}.Release|Mixed Platforms.ActiveCfg = Release|Any CPU
		{742DB613-45BB-4F8F-A73F-B559901F6548}.Release|Mixed Platforms.Build.0 = Release|Any CPU
		{742DB613-45BB-4F8F-A73F-B559901F6548}.Release|PHP 5.3.ActiveCfg = Release|Any CPU
		{742DB613-45BB-4F8F-A73F-B559901F6548}.Release|x86.ActiveCfg = Release|Any CPU
		{742DB613-45BB-4F8F-A73F-B559901F6548}.Staging|Any CPU.ActiveCfg = Release|Any CPU
		{742DB613-45BB-4F8F-A73F-B559901F6548}.Staging|Any CPU.Build.0 = Release|Any CPU
		{742DB613-45BB-4F8F-A73F-B559901F6548}.Staging|Mixed Platforms.ActiveCfg = Release|Any CPU
		{742DB613-45BB-4F8F-A73F-B559901F6548}.Staging|Mixed Platforms.Build.0 = Release|Any CPU
		{742DB613-45BB-4F8F-A73F-B559901F6548}.Staging|PHP 5.3.ActiveCfg = Release|Any CPU
		{742DB613-45BB-4F8F-A73F-B559901F6548}.Staging|x86.ActiveCfg = Release|Any CPU
		{6D32BDDD-7445-4619-9474-149715C8D42E}.ClientProfiles|Any CPU.ActiveCfg = Release|Any CPU
		{6D32BDDD-7445-4619-9474-149715C8D42E}.ClientProfiles|Any CPU.Build.0 = Release|Any CPU
		{6D32BDDD-7445-4619-9474-149715C8D42E}.ClientProfiles|Mixed Platforms.ActiveCfg = Release|Any CPU
		{6D32BDDD-7445-4619-9474-149715C8D42E}.ClientProfiles|Mixed Platforms.Build.0 = Release|Any CPU
		{6D32BDDD-7445-4619-9474-149715C8D42E}.ClientProfiles|PHP 5.3.ActiveCfg = Release|Any CPU
		{6D32BDDD-7445-4619-9474-149715C8D42E}.ClientProfiles|x86.ActiveCfg = Release|Any CPU
		{6D32BDDD-7445-4619-9474-149715C8D42E}.Debug|Any CPU.ActiveCfg = Debug|Any CPU
		{6D32BDDD-7445-4619-9474-149715C8D42E}.Debug|Any CPU.Build.0 = Debug|Any CPU
		{6D32BDDD-7445-4619-9474-149715C8D42E}.Debug|Mixed Platforms.ActiveCfg = Debug|Any CPU
		{6D32BDDD-7445-4619-9474-149715C8D42E}.Debug|Mixed Platforms.Build.0 = Debug|Any CPU
		{6D32BDDD-7445-4619-9474-149715C8D42E}.Debug|PHP 5.3.ActiveCfg = Debug|Any CPU
		{6D32BDDD-7445-4619-9474-149715C8D42E}.Debug|x86.ActiveCfg = Debug|Any CPU
		{6D32BDDD-7445-4619-9474-149715C8D42E}.Local|Any CPU.ActiveCfg = Release|Any CPU
		{6D32BDDD-7445-4619-9474-149715C8D42E}.Local|Any CPU.Build.0 = Release|Any CPU
		{6D32BDDD-7445-4619-9474-149715C8D42E}.Local|Mixed Platforms.ActiveCfg = Release|Any CPU
		{6D32BDDD-7445-4619-9474-149715C8D42E}.Local|Mixed Platforms.Build.0 = Release|Any CPU
		{6D32BDDD-7445-4619-9474-149715C8D42E}.Local|PHP 5.3.ActiveCfg = Release|Any CPU
		{6D32BDDD-7445-4619-9474-149715C8D42E}.Local|x86.ActiveCfg = Release|Any CPU
		{6D32BDDD-7445-4619-9474-149715C8D42E}.Production|Any CPU.ActiveCfg = Release|Any CPU
		{6D32BDDD-7445-4619-9474-149715C8D42E}.Production|Any CPU.Build.0 = Release|Any CPU
		{6D32BDDD-7445-4619-9474-149715C8D42E}.Production|Mixed Platforms.ActiveCfg = Release|Any CPU
		{6D32BDDD-7445-4619-9474-149715C8D42E}.Production|Mixed Platforms.Build.0 = Release|Any CPU
		{6D32BDDD-7445-4619-9474-149715C8D42E}.Production|PHP 5.3.ActiveCfg = Release|Any CPU
		{6D32BDDD-7445-4619-9474-149715C8D42E}.Production|x86.ActiveCfg = Release|Any CPU
		{6D32BDDD-7445-4619-9474-149715C8D42E}.Release_Lite|Any CPU.ActiveCfg = Release_Lite|Any CPU
		{6D32BDDD-7445-4619-9474-149715C8D42E}.Release_Lite|Any CPU.Build.0 = Release_Lite|Any CPU
		{6D32BDDD-7445-4619-9474-149715C8D42E}.Release_Lite|Mixed Platforms.ActiveCfg = Release_Lite|Any CPU
		{6D32BDDD-7445-4619-9474-149715C8D42E}.Release_Lite|Mixed Platforms.Build.0 = Release_Lite|Any CPU
		{6D32BDDD-7445-4619-9474-149715C8D42E}.Release_Lite|PHP 5.3.ActiveCfg = Release_Lite|Any CPU
		{6D32BDDD-7445-4619-9474-149715C8D42E}.Release_Lite|x86.ActiveCfg = Release_Lite|Any CPU
		{6D32BDDD-7445-4619-9474-149715C8D42E}.Release|Any CPU.ActiveCfg = Release|Any CPU
		{6D32BDDD-7445-4619-9474-149715C8D42E}.Release|Any CPU.Build.0 = Release|Any CPU
		{6D32BDDD-7445-4619-9474-149715C8D42E}.Release|Mixed Platforms.ActiveCfg = Release|Any CPU
		{6D32BDDD-7445-4619-9474-149715C8D42E}.Release|Mixed Platforms.Build.0 = Release|Any CPU
		{6D32BDDD-7445-4619-9474-149715C8D42E}.Release|PHP 5.3.ActiveCfg = Release|Any CPU
		{6D32BDDD-7445-4619-9474-149715C8D42E}.Release|x86.ActiveCfg = Release|Any CPU
		{6D32BDDD-7445-4619-9474-149715C8D42E}.Staging|Any CPU.ActiveCfg = Release|Any CPU
		{6D32BDDD-7445-4619-9474-149715C8D42E}.Staging|Any CPU.Build.0 = Release|Any CPU
		{6D32BDDD-7445-4619-9474-149715C8D42E}.Staging|Mixed Platforms.ActiveCfg = Release|Any CPU
		{6D32BDDD-7445-4619-9474-149715C8D42E}.Staging|Mixed Platforms.Build.0 = Release|Any CPU
		{6D32BDDD-7445-4619-9474-149715C8D42E}.Staging|PHP 5.3.ActiveCfg = Release|Any CPU
		{6D32BDDD-7445-4619-9474-149715C8D42E}.Staging|x86.ActiveCfg = Release|Any CPU
		{FAC86E98-A611-4800-B374-83E915925F6D}.ClientProfiles|Any CPU.ActiveCfg = Release|Any CPU
		{FAC86E98-A611-4800-B374-83E915925F6D}.ClientProfiles|Any CPU.Build.0 = Release|Any CPU
		{FAC86E98-A611-4800-B374-83E915925F6D}.ClientProfiles|Mixed Platforms.ActiveCfg = Release|Any CPU
		{FAC86E98-A611-4800-B374-83E915925F6D}.ClientProfiles|Mixed Platforms.Build.0 = Release|Any CPU
		{FAC86E98-A611-4800-B374-83E915925F6D}.ClientProfiles|PHP 5.3.ActiveCfg = Release|Any CPU
		{FAC86E98-A611-4800-B374-83E915925F6D}.ClientProfiles|x86.ActiveCfg = Release|Any CPU
		{FAC86E98-A611-4800-B374-83E915925F6D}.Debug|Any CPU.ActiveCfg = Debug|Any CPU
		{FAC86E98-A611-4800-B374-83E915925F6D}.Debug|Any CPU.Build.0 = Debug|Any CPU
		{FAC86E98-A611-4800-B374-83E915925F6D}.Debug|Mixed Platforms.ActiveCfg = Debug|Any CPU
		{FAC86E98-A611-4800-B374-83E915925F6D}.Debug|Mixed Platforms.Build.0 = Debug|Any CPU
		{FAC86E98-A611-4800-B374-83E915925F6D}.Debug|PHP 5.3.ActiveCfg = Debug|Any CPU
		{FAC86E98-A611-4800-B374-83E915925F6D}.Debug|x86.ActiveCfg = Debug|Any CPU
		{FAC86E98-A611-4800-B374-83E915925F6D}.Local|Any CPU.ActiveCfg = Release|Any CPU
		{FAC86E98-A611-4800-B374-83E915925F6D}.Local|Any CPU.Build.0 = Release|Any CPU
		{FAC86E98-A611-4800-B374-83E915925F6D}.Local|Mixed Platforms.ActiveCfg = Release|Any CPU
		{FAC86E98-A611-4800-B374-83E915925F6D}.Local|Mixed Platforms.Build.0 = Release|Any CPU
		{FAC86E98-A611-4800-B374-83E915925F6D}.Local|PHP 5.3.ActiveCfg = Release|Any CPU
		{FAC86E98-A611-4800-B374-83E915925F6D}.Local|x86.ActiveCfg = Release|Any CPU
		{FAC86E98-A611-4800-B374-83E915925F6D}.Production|Any CPU.ActiveCfg = Release|Any CPU
		{FAC86E98-A611-4800-B374-83E915925F6D}.Production|Any CPU.Build.0 = Release|Any CPU
		{FAC86E98-A611-4800-B374-83E915925F6D}.Production|Mixed Platforms.ActiveCfg = Release|Any CPU
		{FAC86E98-A611-4800-B374-83E915925F6D}.Production|Mixed Platforms.Build.0 = Release|Any CPU
		{FAC86E98-A611-4800-B374-83E915925F6D}.Production|PHP 5.3.ActiveCfg = Release|Any CPU
		{FAC86E98-A611-4800-B374-83E915925F6D}.Production|x86.ActiveCfg = Release|Any CPU
		{FAC86E98-A611-4800-B374-83E915925F6D}.Release_Lite|Any CPU.ActiveCfg = Release_Lite|Any CPU
		{FAC86E98-A611-4800-B374-83E915925F6D}.Release_Lite|Any CPU.Build.0 = Release_Lite|Any CPU
		{FAC86E98-A611-4800-B374-83E915925F6D}.Release_Lite|Mixed Platforms.ActiveCfg = Release_Lite|Any CPU
		{FAC86E98-A611-4800-B374-83E915925F6D}.Release_Lite|Mixed Platforms.Build.0 = Release_Lite|Any CPU
		{FAC86E98-A611-4800-B374-83E915925F6D}.Release_Lite|PHP 5.3.ActiveCfg = Release_Lite|Any CPU
		{FAC86E98-A611-4800-B374-83E915925F6D}.Release_Lite|x86.ActiveCfg = Release_Lite|Any CPU
		{FAC86E98-A611-4800-B374-83E915925F6D}.Release|Any CPU.ActiveCfg = Release|Any CPU
		{FAC86E98-A611-4800-B374-83E915925F6D}.Release|Any CPU.Build.0 = Release|Any CPU
		{FAC86E98-A611-4800-B374-83E915925F6D}.Release|Mixed Platforms.ActiveCfg = Release|Any CPU
		{FAC86E98-A611-4800-B374-83E915925F6D}.Release|Mixed Platforms.Build.0 = Release|Any CPU
		{FAC86E98-A611-4800-B374-83E915925F6D}.Release|PHP 5.3.ActiveCfg = Release|Any CPU
		{FAC86E98-A611-4800-B374-83E915925F6D}.Release|x86.ActiveCfg = Release|Any CPU
		{FAC86E98-A611-4800-B374-83E915925F6D}.Staging|Any CPU.ActiveCfg = Release|Any CPU
		{FAC86E98-A611-4800-B374-83E915925F6D}.Staging|Any CPU.Build.0 = Release|Any CPU
		{FAC86E98-A611-4800-B374-83E915925F6D}.Staging|Mixed Platforms.ActiveCfg = Release|Any CPU
		{FAC86E98-A611-4800-B374-83E915925F6D}.Staging|Mixed Platforms.Build.0 = Release|Any CPU
		{FAC86E98-A611-4800-B374-83E915925F6D}.Staging|PHP 5.3.ActiveCfg = Release|Any CPU
		{FAC86E98-A611-4800-B374-83E915925F6D}.Staging|x86.ActiveCfg = Release|Any CPU
		{3059FD1C-4B4B-4460-A0D4-53C84CCE6CAC}.ClientProfiles|Any CPU.ActiveCfg = ClientProfiles|Any CPU
		{3059FD1C-4B4B-4460-A0D4-53C84CCE6CAC}.ClientProfiles|Any CPU.Build.0 = ClientProfiles|Any CPU
		{3059FD1C-4B4B-4460-A0D4-53C84CCE6CAC}.ClientProfiles|Mixed Platforms.ActiveCfg = ClientProfiles|Any CPU
		{3059FD1C-4B4B-4460-A0D4-53C84CCE6CAC}.ClientProfiles|Mixed Platforms.Build.0 = ClientProfiles|Any CPU
		{3059FD1C-4B4B-4460-A0D4-53C84CCE6CAC}.ClientProfiles|PHP 5.3.ActiveCfg = ClientProfiles|Any CPU
		{3059FD1C-4B4B-4460-A0D4-53C84CCE6CAC}.ClientProfiles|x86.ActiveCfg = ClientProfiles|Any CPU
		{3059FD1C-4B4B-4460-A0D4-53C84CCE6CAC}.Debug|Any CPU.ActiveCfg = Debug|Any CPU
		{3059FD1C-4B4B-4460-A0D4-53C84CCE6CAC}.Debug|Any CPU.Build.0 = Debug|Any CPU
		{3059FD1C-4B4B-4460-A0D4-53C84CCE6CAC}.Debug|Mixed Platforms.ActiveCfg = Debug|Any CPU
		{3059FD1C-4B4B-4460-A0D4-53C84CCE6CAC}.Debug|Mixed Platforms.Build.0 = Debug|Any CPU
		{3059FD1C-4B4B-4460-A0D4-53C84CCE6CAC}.Debug|PHP 5.3.ActiveCfg = Debug|Any CPU
		{3059FD1C-4B4B-4460-A0D4-53C84CCE6CAC}.Debug|x86.ActiveCfg = Debug|Any CPU
		{3059FD1C-4B4B-4460-A0D4-53C84CCE6CAC}.Local|Any CPU.ActiveCfg = ClientProfiles|Any CPU
		{3059FD1C-4B4B-4460-A0D4-53C84CCE6CAC}.Local|Any CPU.Build.0 = ClientProfiles|Any CPU
		{3059FD1C-4B4B-4460-A0D4-53C84CCE6CAC}.Local|Mixed Platforms.ActiveCfg = ClientProfiles|Any CPU
		{3059FD1C-4B4B-4460-A0D4-53C84CCE6CAC}.Local|Mixed Platforms.Build.0 = ClientProfiles|Any CPU
		{3059FD1C-4B4B-4460-A0D4-53C84CCE6CAC}.Local|PHP 5.3.ActiveCfg = ClientProfiles|Any CPU
		{3059FD1C-4B4B-4460-A0D4-53C84CCE6CAC}.Local|x86.ActiveCfg = ClientProfiles|Any CPU
		{3059FD1C-4B4B-4460-A0D4-53C84CCE6CAC}.Production|Any CPU.ActiveCfg = ClientProfiles|Any CPU
		{3059FD1C-4B4B-4460-A0D4-53C84CCE6CAC}.Production|Any CPU.Build.0 = ClientProfiles|Any CPU
		{3059FD1C-4B4B-4460-A0D4-53C84CCE6CAC}.Production|Mixed Platforms.ActiveCfg = ClientProfiles|Any CPU
		{3059FD1C-4B4B-4460-A0D4-53C84CCE6CAC}.Production|Mixed Platforms.Build.0 = ClientProfiles|Any CPU
		{3059FD1C-4B4B-4460-A0D4-53C84CCE6CAC}.Production|PHP 5.3.ActiveCfg = ClientProfiles|Any CPU
		{3059FD1C-4B4B-4460-A0D4-53C84CCE6CAC}.Production|x86.ActiveCfg = ClientProfiles|Any CPU
		{3059FD1C-4B4B-4460-A0D4-53C84CCE6CAC}.Release_Lite|Any CPU.ActiveCfg = Release_Lite|Any CPU
		{3059FD1C-4B4B-4460-A0D4-53C84CCE6CAC}.Release_Lite|Any CPU.Build.0 = Release_Lite|Any CPU
		{3059FD1C-4B4B-4460-A0D4-53C84CCE6CAC}.Release_Lite|Mixed Platforms.ActiveCfg = Release_Lite|Any CPU
		{3059FD1C-4B4B-4460-A0D4-53C84CCE6CAC}.Release_Lite|Mixed Platforms.Build.0 = Release_Lite|Any CPU
		{3059FD1C-4B4B-4460-A0D4-53C84CCE6CAC}.Release_Lite|PHP 5.3.ActiveCfg = Release_Lite|Any CPU
		{3059FD1C-4B4B-4460-A0D4-53C84CCE6CAC}.Release_Lite|x86.ActiveCfg = Release_Lite|Any CPU
		{3059FD1C-4B4B-4460-A0D4-53C84CCE6CAC}.Release|Any CPU.ActiveCfg = Release|Any CPU
		{3059FD1C-4B4B-4460-A0D4-53C84CCE6CAC}.Release|Any CPU.Build.0 = Release|Any CPU
		{3059FD1C-4B4B-4460-A0D4-53C84CCE6CAC}.Release|Mixed Platforms.ActiveCfg = Release|Any CPU
		{3059FD1C-4B4B-4460-A0D4-53C84CCE6CAC}.Release|Mixed Platforms.Build.0 = Release|Any CPU
		{3059FD1C-4B4B-4460-A0D4-53C84CCE6CAC}.Release|PHP 5.3.ActiveCfg = Release|Any CPU
		{3059FD1C-4B4B-4460-A0D4-53C84CCE6CAC}.Release|x86.ActiveCfg = Release|Any CPU
		{3059FD1C-4B4B-4460-A0D4-53C84CCE6CAC}.Staging|Any CPU.ActiveCfg = ClientProfiles|Any CPU
		{3059FD1C-4B4B-4460-A0D4-53C84CCE6CAC}.Staging|Any CPU.Build.0 = ClientProfiles|Any CPU
		{3059FD1C-4B4B-4460-A0D4-53C84CCE6CAC}.Staging|Mixed Platforms.ActiveCfg = ClientProfiles|Any CPU
		{3059FD1C-4B4B-4460-A0D4-53C84CCE6CAC}.Staging|Mixed Platforms.Build.0 = ClientProfiles|Any CPU
		{3059FD1C-4B4B-4460-A0D4-53C84CCE6CAC}.Staging|PHP 5.3.ActiveCfg = ClientProfiles|Any CPU
		{3059FD1C-4B4B-4460-A0D4-53C84CCE6CAC}.Staging|x86.ActiveCfg = ClientProfiles|Any CPU
		{51554319-87B7-4D38-9DDA-8F771FDA70FD}.ClientProfiles|Any CPU.ActiveCfg = Release|Any CPU
		{51554319-87B7-4D38-9DDA-8F771FDA70FD}.ClientProfiles|Any CPU.Build.0 = Release|Any CPU
		{51554319-87B7-4D38-9DDA-8F771FDA70FD}.ClientProfiles|Mixed Platforms.ActiveCfg = Release|Any CPU
		{51554319-87B7-4D38-9DDA-8F771FDA70FD}.ClientProfiles|Mixed Platforms.Build.0 = Release|Any CPU
		{51554319-87B7-4D38-9DDA-8F771FDA70FD}.ClientProfiles|PHP 5.3.ActiveCfg = Release|Any CPU
		{51554319-87B7-4D38-9DDA-8F771FDA70FD}.ClientProfiles|x86.ActiveCfg = Release|Any CPU
		{51554319-87B7-4D38-9DDA-8F771FDA70FD}.Debug|Any CPU.ActiveCfg = Debug|Any CPU
		{51554319-87B7-4D38-9DDA-8F771FDA70FD}.Debug|Any CPU.Build.0 = Debug|Any CPU
		{51554319-87B7-4D38-9DDA-8F771FDA70FD}.Debug|Mixed Platforms.ActiveCfg = Debug|Any CPU
		{51554319-87B7-4D38-9DDA-8F771FDA70FD}.Debug|Mixed Platforms.Build.0 = Debug|Any CPU
		{51554319-87B7-4D38-9DDA-8F771FDA70FD}.Debug|PHP 5.3.ActiveCfg = Debug|Any CPU
		{51554319-87B7-4D38-9DDA-8F771FDA70FD}.Debug|x86.ActiveCfg = Debug|Any CPU
		{51554319-87B7-4D38-9DDA-8F771FDA70FD}.Local|Any CPU.ActiveCfg = Release|Any CPU
		{51554319-87B7-4D38-9DDA-8F771FDA70FD}.Local|Any CPU.Build.0 = Release|Any CPU
		{51554319-87B7-4D38-9DDA-8F771FDA70FD}.Local|Mixed Platforms.ActiveCfg = Release|Any CPU
		{51554319-87B7-4D38-9DDA-8F771FDA70FD}.Local|Mixed Platforms.Build.0 = Release|Any CPU
		{51554319-87B7-4D38-9DDA-8F771FDA70FD}.Local|PHP 5.3.ActiveCfg = Release|Any CPU
		{51554319-87B7-4D38-9DDA-8F771FDA70FD}.Local|x86.ActiveCfg = Release|Any CPU
		{51554319-87B7-4D38-9DDA-8F771FDA70FD}.Production|Any CPU.ActiveCfg = Release|Any CPU
		{51554319-87B7-4D38-9DDA-8F771FDA70FD}.Production|Any CPU.Build.0 = Release|Any CPU
		{51554319-87B7-4D38-9DDA-8F771FDA70FD}.Production|Mixed Platforms.ActiveCfg = Release|Any CPU
		{51554319-87B7-4D38-9DDA-8F771FDA70FD}.Production|Mixed Platforms.Build.0 = Release|Any CPU
		{51554319-87B7-4D38-9DDA-8F771FDA70FD}.Production|PHP 5.3.ActiveCfg = Release|Any CPU
		{51554319-87B7-4D38-9DDA-8F771FDA70FD}.Production|x86.ActiveCfg = Release|Any CPU
		{51554319-87B7-4D38-9DDA-8F771FDA70FD}.Release_Lite|Any CPU.ActiveCfg = Release_Lite|Any CPU
		{51554319-87B7-4D38-9DDA-8F771FDA70FD}.Release_Lite|Any CPU.Build.0 = Release_Lite|Any CPU
		{51554319-87B7-4D38-9DDA-8F771FDA70FD}.Release_Lite|Mixed Platforms.ActiveCfg = Release_Lite|Any CPU
		{51554319-87B7-4D38-9DDA-8F771FDA70FD}.Release_Lite|Mixed Platforms.Build.0 = Release_Lite|Any CPU
		{51554319-87B7-4D38-9DDA-8F771FDA70FD}.Release_Lite|PHP 5.3.ActiveCfg = Release_Lite|Any CPU
		{51554319-87B7-4D38-9DDA-8F771FDA70FD}.Release_Lite|x86.ActiveCfg = Release_Lite|Any CPU
		{51554319-87B7-4D38-9DDA-8F771FDA70FD}.Release|Any CPU.ActiveCfg = Release|Any CPU
		{51554319-87B7-4D38-9DDA-8F771FDA70FD}.Release|Any CPU.Build.0 = Release|Any CPU
		{51554319-87B7-4D38-9DDA-8F771FDA70FD}.Release|Mixed Platforms.ActiveCfg = Release|Any CPU
		{51554319-87B7-4D38-9DDA-8F771FDA70FD}.Release|Mixed Platforms.Build.0 = Release|Any CPU
		{51554319-87B7-4D38-9DDA-8F771FDA70FD}.Release|PHP 5.3.ActiveCfg = Release|Any CPU
		{51554319-87B7-4D38-9DDA-8F771FDA70FD}.Release|x86.ActiveCfg = Release|Any CPU
		{51554319-87B7-4D38-9DDA-8F771FDA70FD}.Staging|Any CPU.ActiveCfg = Release|Any CPU
		{51554319-87B7-4D38-9DDA-8F771FDA70FD}.Staging|Any CPU.Build.0 = Release|Any CPU
		{51554319-87B7-4D38-9DDA-8F771FDA70FD}.Staging|Mixed Platforms.ActiveCfg = Release|Any CPU
		{51554319-87B7-4D38-9DDA-8F771FDA70FD}.Staging|Mixed Platforms.Build.0 = Release|Any CPU
		{51554319-87B7-4D38-9DDA-8F771FDA70FD}.Staging|PHP 5.3.ActiveCfg = Release|Any CPU
		{51554319-87B7-4D38-9DDA-8F771FDA70FD}.Staging|x86.ActiveCfg = Release|Any CPU
		{E74C3890-7501-44D4-82DA-403AE92F718A}.ClientProfiles|Any CPU.ActiveCfg = Release|Any CPU
		{E74C3890-7501-44D4-82DA-403AE92F718A}.ClientProfiles|Any CPU.Build.0 = Release|Any CPU
		{E74C3890-7501-44D4-82DA-403AE92F718A}.ClientProfiles|Mixed Platforms.ActiveCfg = Release|Any CPU
		{E74C3890-7501-44D4-82DA-403AE92F718A}.ClientProfiles|Mixed Platforms.Build.0 = Release|Any CPU
		{E74C3890-7501-44D4-82DA-403AE92F718A}.ClientProfiles|PHP 5.3.ActiveCfg = Release|Any CPU
		{E74C3890-7501-44D4-82DA-403AE92F718A}.ClientProfiles|x86.ActiveCfg = Release|Any CPU
		{E74C3890-7501-44D4-82DA-403AE92F718A}.Debug|Any CPU.ActiveCfg = Debug|Any CPU
		{E74C3890-7501-44D4-82DA-403AE92F718A}.Debug|Any CPU.Build.0 = Debug|Any CPU
		{E74C3890-7501-44D4-82DA-403AE92F718A}.Debug|Mixed Platforms.ActiveCfg = Debug|Any CPU
		{E74C3890-7501-44D4-82DA-403AE92F718A}.Debug|Mixed Platforms.Build.0 = Debug|Any CPU
		{E74C3890-7501-44D4-82DA-403AE92F718A}.Debug|PHP 5.3.ActiveCfg = Debug|Any CPU
		{E74C3890-7501-44D4-82DA-403AE92F718A}.Debug|x86.ActiveCfg = Debug|Any CPU
		{E74C3890-7501-44D4-82DA-403AE92F718A}.Local|Any CPU.ActiveCfg = Release|Any CPU
		{E74C3890-7501-44D4-82DA-403AE92F718A}.Local|Any CPU.Build.0 = Release|Any CPU
		{E74C3890-7501-44D4-82DA-403AE92F718A}.Local|Mixed Platforms.ActiveCfg = Release|Any CPU
		{E74C3890-7501-44D4-82DA-403AE92F718A}.Local|Mixed Platforms.Build.0 = Release|Any CPU
		{E74C3890-7501-44D4-82DA-403AE92F718A}.Local|PHP 5.3.ActiveCfg = Release|Any CPU
		{E74C3890-7501-44D4-82DA-403AE92F718A}.Local|x86.ActiveCfg = Release|Any CPU
		{E74C3890-7501-44D4-82DA-403AE92F718A}.Production|Any CPU.ActiveCfg = Release|Any CPU
		{E74C3890-7501-44D4-82DA-403AE92F718A}.Production|Any CPU.Build.0 = Release|Any CPU
		{E74C3890-7501-44D4-82DA-403AE92F718A}.Production|Mixed Platforms.ActiveCfg = Release|Any CPU
		{E74C3890-7501-44D4-82DA-403AE92F718A}.Production|Mixed Platforms.Build.0 = Release|Any CPU
		{E74C3890-7501-44D4-82DA-403AE92F718A}.Production|PHP 5.3.ActiveCfg = Release|Any CPU
		{E74C3890-7501-44D4-82DA-403AE92F718A}.Production|x86.ActiveCfg = Release|Any CPU
		{E74C3890-7501-44D4-82DA-403AE92F718A}.Release_Lite|Any CPU.ActiveCfg = Release|Any CPU
		{E74C3890-7501-44D4-82DA-403AE92F718A}.Release_Lite|Any CPU.Build.0 = Release|Any CPU
		{E74C3890-7501-44D4-82DA-403AE92F718A}.Release_Lite|Mixed Platforms.ActiveCfg = Release|Any CPU
		{E74C3890-7501-44D4-82DA-403AE92F718A}.Release_Lite|Mixed Platforms.Build.0 = Release|Any CPU
		{E74C3890-7501-44D4-82DA-403AE92F718A}.Release_Lite|PHP 5.3.ActiveCfg = Release|Any CPU
		{E74C3890-7501-44D4-82DA-403AE92F718A}.Release_Lite|x86.ActiveCfg = Release|Any CPU
		{E74C3890-7501-44D4-82DA-403AE92F718A}.Release|Any CPU.ActiveCfg = Release|Any CPU
		{E74C3890-7501-44D4-82DA-403AE92F718A}.Release|Any CPU.Build.0 = Release|Any CPU
		{E74C3890-7501-44D4-82DA-403AE92F718A}.Release|Mixed Platforms.ActiveCfg = Release|Any CPU
		{E74C3890-7501-44D4-82DA-403AE92F718A}.Release|Mixed Platforms.Build.0 = Release|Any CPU
		{E74C3890-7501-44D4-82DA-403AE92F718A}.Release|PHP 5.3.ActiveCfg = Release|Any CPU
		{E74C3890-7501-44D4-82DA-403AE92F718A}.Release|x86.ActiveCfg = Release|Any CPU
		{E74C3890-7501-44D4-82DA-403AE92F718A}.Staging|Any CPU.ActiveCfg = Release|Any CPU
		{E74C3890-7501-44D4-82DA-403AE92F718A}.Staging|Any CPU.Build.0 = Release|Any CPU
		{E74C3890-7501-44D4-82DA-403AE92F718A}.Staging|Mixed Platforms.ActiveCfg = Release|Any CPU
		{E74C3890-7501-44D4-82DA-403AE92F718A}.Staging|Mixed Platforms.Build.0 = Release|Any CPU
		{E74C3890-7501-44D4-82DA-403AE92F718A}.Staging|PHP 5.3.ActiveCfg = Release|Any CPU
		{E74C3890-7501-44D4-82DA-403AE92F718A}.Staging|x86.ActiveCfg = Release|Any CPU
		{4096DECB-F198-492A-AFC2-51671C802277}.ClientProfiles|Any CPU.ActiveCfg = Release|Any CPU
		{4096DECB-F198-492A-AFC2-51671C802277}.ClientProfiles|Any CPU.Build.0 = Release|Any CPU
		{4096DECB-F198-492A-AFC2-51671C802277}.ClientProfiles|Mixed Platforms.ActiveCfg = Release|Any CPU
		{4096DECB-F198-492A-AFC2-51671C802277}.ClientProfiles|Mixed Platforms.Build.0 = Release|Any CPU
		{4096DECB-F198-492A-AFC2-51671C802277}.ClientProfiles|PHP 5.3.ActiveCfg = Release|Any CPU
		{4096DECB-F198-492A-AFC2-51671C802277}.ClientProfiles|x86.ActiveCfg = Release|Any CPU
		{4096DECB-F198-492A-AFC2-51671C802277}.Debug|Any CPU.ActiveCfg = Debug|Any CPU
		{4096DECB-F198-492A-AFC2-51671C802277}.Debug|Any CPU.Build.0 = Debug|Any CPU
		{4096DECB-F198-492A-AFC2-51671C802277}.Debug|Mixed Platforms.ActiveCfg = Debug|Any CPU
		{4096DECB-F198-492A-AFC2-51671C802277}.Debug|Mixed Platforms.Build.0 = Debug|Any CPU
		{4096DECB-F198-492A-AFC2-51671C802277}.Debug|PHP 5.3.ActiveCfg = Debug|Any CPU
		{4096DECB-F198-492A-AFC2-51671C802277}.Debug|x86.ActiveCfg = Debug|Any CPU
		{4096DECB-F198-492A-AFC2-51671C802277}.Local|Any CPU.ActiveCfg = Release|Any CPU
		{4096DECB-F198-492A-AFC2-51671C802277}.Local|Any CPU.Build.0 = Release|Any CPU
		{4096DECB-F198-492A-AFC2-51671C802277}.Local|Mixed Platforms.ActiveCfg = Release|Any CPU
		{4096DECB-F198-492A-AFC2-51671C802277}.Local|Mixed Platforms.Build.0 = Release|Any CPU
		{4096DECB-F198-492A-AFC2-51671C802277}.Local|PHP 5.3.ActiveCfg = Release|Any CPU
		{4096DECB-F198-492A-AFC2-51671C802277}.Local|x86.ActiveCfg = Release|Any CPU
		{4096DECB-F198-492A-AFC2-51671C802277}.Production|Any CPU.ActiveCfg = Release|Any CPU
		{4096DECB-F198-492A-AFC2-51671C802277}.Production|Any CPU.Build.0 = Release|Any CPU
		{4096DECB-F198-492A-AFC2-51671C802277}.Production|Mixed Platforms.ActiveCfg = Release|Any CPU
		{4096DECB-F198-492A-AFC2-51671C802277}.Production|Mixed Platforms.Build.0 = Release|Any CPU
		{4096DECB-F198-492A-AFC2-51671C802277}.Production|PHP 5.3.ActiveCfg = Release|Any CPU
		{4096DECB-F198-492A-AFC2-51671C802277}.Production|x86.ActiveCfg = Release|Any CPU
		{4096DECB-F198-492A-AFC2-51671C802277}.Release_Lite|Any CPU.ActiveCfg = Release|Any CPU
		{4096DECB-F198-492A-AFC2-51671C802277}.Release_Lite|Any CPU.Build.0 = Release|Any CPU
		{4096DECB-F198-492A-AFC2-51671C802277}.Release_Lite|Mixed Platforms.ActiveCfg = Release|Any CPU
		{4096DECB-F198-492A-AFC2-51671C802277}.Release_Lite|Mixed Platforms.Build.0 = Release|Any CPU
		{4096DECB-F198-492A-AFC2-51671C802277}.Release_Lite|PHP 5.3.ActiveCfg = Release|Any CPU
		{4096DECB-F198-492A-AFC2-51671C802277}.Release_Lite|x86.ActiveCfg = Release|Any CPU
		{4096DECB-F198-492A-AFC2-51671C802277}.Release|Any CPU.ActiveCfg = Release|Any CPU
		{4096DECB-F198-492A-AFC2-51671C802277}.Release|Any CPU.Build.0 = Release|Any CPU
		{4096DECB-F198-492A-AFC2-51671C802277}.Release|Mixed Platforms.ActiveCfg = Release|Any CPU
		{4096DECB-F198-492A-AFC2-51671C802277}.Release|Mixed Platforms.Build.0 = Release|Any CPU
		{4096DECB-F198-492A-AFC2-51671C802277}.Release|PHP 5.3.ActiveCfg = Release|Any CPU
		{4096DECB-F198-492A-AFC2-51671C802277}.Release|x86.ActiveCfg = Release|Any CPU
		{4096DECB-F198-492A-AFC2-51671C802277}.Staging|Any CPU.ActiveCfg = Release|Any CPU
		{4096DECB-F198-492A-AFC2-51671C802277}.Staging|Any CPU.Build.0 = Release|Any CPU
		{4096DECB-F198-492A-AFC2-51671C802277}.Staging|Mixed Platforms.ActiveCfg = Release|Any CPU
		{4096DECB-F198-492A-AFC2-51671C802277}.Staging|Mixed Platforms.Build.0 = Release|Any CPU
		{4096DECB-F198-492A-AFC2-51671C802277}.Staging|PHP 5.3.ActiveCfg = Release|Any CPU
		{4096DECB-F198-492A-AFC2-51671C802277}.Staging|x86.ActiveCfg = Release|Any CPU
		{4186D1D2-C419-4DA2-A1D8-5F56E5AAA30D}.ClientProfiles|Any CPU.ActiveCfg = Release|Any CPU
		{4186D1D2-C419-4DA2-A1D8-5F56E5AAA30D}.ClientProfiles|Any CPU.Build.0 = Release|Any CPU
		{4186D1D2-C419-4DA2-A1D8-5F56E5AAA30D}.ClientProfiles|Mixed Platforms.ActiveCfg = Release|Any CPU
		{4186D1D2-C419-4DA2-A1D8-5F56E5AAA30D}.ClientProfiles|Mixed Platforms.Build.0 = Release|Any CPU
		{4186D1D2-C419-4DA2-A1D8-5F56E5AAA30D}.ClientProfiles|PHP 5.3.ActiveCfg = Release|Any CPU
		{4186D1D2-C419-4DA2-A1D8-5F56E5AAA30D}.ClientProfiles|x86.ActiveCfg = Release|Any CPU
		{4186D1D2-C419-4DA2-A1D8-5F56E5AAA30D}.Debug|Any CPU.ActiveCfg = Debug|Any CPU
		{4186D1D2-C419-4DA2-A1D8-5F56E5AAA30D}.Debug|Any CPU.Build.0 = Debug|Any CPU
		{4186D1D2-C419-4DA2-A1D8-5F56E5AAA30D}.Debug|Mixed Platforms.ActiveCfg = Debug|Any CPU
		{4186D1D2-C419-4DA2-A1D8-5F56E5AAA30D}.Debug|Mixed Platforms.Build.0 = Debug|Any CPU
		{4186D1D2-C419-4DA2-A1D8-5F56E5AAA30D}.Debug|PHP 5.3.ActiveCfg = Debug|Any CPU
		{4186D1D2-C419-4DA2-A1D8-5F56E5AAA30D}.Debug|x86.ActiveCfg = Debug|Any CPU
		{4186D1D2-C419-4DA2-A1D8-5F56E5AAA30D}.Local|Any CPU.ActiveCfg = Release|Any CPU
		{4186D1D2-C419-4DA2-A1D8-5F56E5AAA30D}.Local|Any CPU.Build.0 = Release|Any CPU
		{4186D1D2-C419-4DA2-A1D8-5F56E5AAA30D}.Local|Mixed Platforms.ActiveCfg = Release|Any CPU
		{4186D1D2-C419-4DA2-A1D8-5F56E5AAA30D}.Local|Mixed Platforms.Build.0 = Release|Any CPU
		{4186D1D2-C419-4DA2-A1D8-5F56E5AAA30D}.Local|PHP 5.3.ActiveCfg = Release|Any CPU
		{4186D1D2-C419-4DA2-A1D8-5F56E5AAA30D}.Local|x86.ActiveCfg = Release|Any CPU
		{4186D1D2-C419-4DA2-A1D8-5F56E5AAA30D}.Production|Any CPU.ActiveCfg = Release|Any CPU
		{4186D1D2-C419-4DA2-A1D8-5F56E5AAA30D}.Production|Any CPU.Build.0 = Release|Any CPU
		{4186D1D2-C419-4DA2-A1D8-5F56E5AAA30D}.Production|Mixed Platforms.ActiveCfg = Release|Any CPU
		{4186D1D2-C419-4DA2-A1D8-5F56E5AAA30D}.Production|Mixed Platforms.Build.0 = Release|Any CPU
		{4186D1D2-C419-4DA2-A1D8-5F56E5AAA30D}.Production|PHP 5.3.ActiveCfg = Release|Any CPU
		{4186D1D2-C419-4DA2-A1D8-5F56E5AAA30D}.Production|x86.ActiveCfg = Release|Any CPU
		{4186D1D2-C419-4DA2-A1D8-5F56E5AAA30D}.Release_Lite|Any CPU.ActiveCfg = Release|Any CPU
		{4186D1D2-C419-4DA2-A1D8-5F56E5AAA30D}.Release_Lite|Any CPU.Build.0 = Release|Any CPU
		{4186D1D2-C419-4DA2-A1D8-5F56E5AAA30D}.Release_Lite|Mixed Platforms.ActiveCfg = Release|Any CPU
		{4186D1D2-C419-4DA2-A1D8-5F56E5AAA30D}.Release_Lite|Mixed Platforms.Build.0 = Release|Any CPU
		{4186D1D2-C419-4DA2-A1D8-5F56E5AAA30D}.Release_Lite|PHP 5.3.ActiveCfg = Release|Any CPU
		{4186D1D2-C419-4DA2-A1D8-5F56E5AAA30D}.Release_Lite|x86.ActiveCfg = Release|Any CPU
		{4186D1D2-C419-4DA2-A1D8-5F56E5AAA30D}.Release|Any CPU.ActiveCfg = Release|Any CPU
		{4186D1D2-C419-4DA2-A1D8-5F56E5AAA30D}.Release|Any CPU.Build.0 = Release|Any CPU
		{4186D1D2-C419-4DA2-A1D8-5F56E5AAA30D}.Release|Mixed Platforms.ActiveCfg = Release|Any CPU
		{4186D1D2-C419-4DA2-A1D8-5F56E5AAA30D}.Release|Mixed Platforms.Build.0 = Release|Any CPU
		{4186D1D2-C419-4DA2-A1D8-5F56E5AAA30D}.Release|PHP 5.3.ActiveCfg = Release|Any CPU
		{4186D1D2-C419-4DA2-A1D8-5F56E5AAA30D}.Release|x86.ActiveCfg = Release|Any CPU
		{4186D1D2-C419-4DA2-A1D8-5F56E5AAA30D}.Staging|Any CPU.ActiveCfg = Release|Any CPU
		{4186D1D2-C419-4DA2-A1D8-5F56E5AAA30D}.Staging|Any CPU.Build.0 = Release|Any CPU
		{4186D1D2-C419-4DA2-A1D8-5F56E5AAA30D}.Staging|Mixed Platforms.ActiveCfg = Release|Any CPU
		{4186D1D2-C419-4DA2-A1D8-5F56E5AAA30D}.Staging|Mixed Platforms.Build.0 = Release|Any CPU
		{4186D1D2-C419-4DA2-A1D8-5F56E5AAA30D}.Staging|PHP 5.3.ActiveCfg = Release|Any CPU
		{4186D1D2-C419-4DA2-A1D8-5F56E5AAA30D}.Staging|x86.ActiveCfg = Release|Any CPU
	EndGlobalSection
	GlobalSection(SolutionProperties) = preSolution
		HideSolutionNode = FALSE
	EndGlobalSection
EndGlobal
