
Microsoft Visual Studio Solution File, Format Version 12.00
# Visual Studio 2013
VisualStudioVersion = 12.0.21005.1
MinimumVisualStudioVersion = 10.0.40219.1
Project("{2150E333-8FDC-42A3-9474-1A3956D46DE8}") = "API Libraries", "API Libraries", "{6AD81ED6-3EBA-4ABD-AC73-08FB0CBFA29B}"
EndProject
Project("{2150E333-8FDC-42A3-9474-1A3956D46DE8}") = "Library", "Library", "{AE47EC9D-1750-4329-B929-11CEA7DBB69F}"
EndProject
Project("{2150E333-8FDC-42A3-9474-1A3956D46DE8}") = "Windows Phone 8", "Windows Phone 8", "{29334B7B-5C43-4C89-B4D8-DDFB94666CDC}"
EndProject
Project("{2150E333-8FDC-42A3-9474-1A3956D46DE8}") = "Third Party", "Third Party", "{251BFB7A-4180-46DF-ADA3-2FF57B1FA108}"
EndProject
Project("{2150E333-8FDC-42A3-9474-1A3956D46DE8}") = "Background Agent", "Background Agent", "{7F901A34-ABEA-4AED-B9EB-523C9C1BBD8B}"
EndProject
Project("{FAE04EC0-301F-11D3-BF4B-00C04F79EFBC}") = "Hammock.WindowsPhone.Mango", "Ocell.ThirdParty\hammock\src\net40\Hammock.WindowsPhone.Mango\Hammock.WindowsPhone.Mango.csproj", "{CD029D13-5037-43A6-8CD9-5F12B00A7DE0}"
EndProject
Project("{FAE04EC0-301F-11D3-BF4B-00C04F79EFBC}") = "TweetSharp.WindowsPhone.Mango", "Ocell.ThirdParty\tweetsharp\src\TweetSharp.WindowsPhone.Mango\TweetSharp.WindowsPhone.Mango.csproj", "{35BC2453-9CAD-4508-9C8C-BF06A9223761}"
EndProject
Project("{FAE04EC0-301F-11D3-BF4B-00C04F79EFBC}") = "SharpSerializer.Library.Silverlight", "Ocell.ThirdParty\SharpSerializer\SharpSerializer.Library.Silverlight\SharpSerializer.Library.Silverlight.csproj", "{3008493B-1E7B-445A-9C3B-144B75E362DB}"
EndProject
Project("{FAE04EC0-301F-11D3-BF4B-00C04F79EFBC}") = "Ocell.Sharplonger", "Ocell.APIs\Ocell.Sharplonger\Ocell.Sharplonger.csproj", "{E74C3890-7501-44D4-82DA-403AE92F718A}"
EndProject
Project("{FAE04EC0-301F-11D3-BF4B-00C04F79EFBC}") = "Ocell.ReadLater", "Ocell.APIs\Ocell.ReadLater\Ocell.ReadLater.csproj", "{DBA3FA70-8F8F-41E7-8C4B-D9B8BF4C937B}"
EndProject
Project("{FAE04EC0-301F-11D3-BF4B-00C04F79EFBC}") = "Ocell.Buffer", "Ocell.APIs\Ocell.Buffer\Ocell.Buffer.csproj", "{4186D1D2-C419-4DA2-A1D8-5F56E5AAA30D}"
EndProject
Project("{FAE04EC0-301F-11D3-BF4B-00C04F79EFBC}") = "Ocell.Library.CoreTypes", "Ocell.Library\Ocell.Library.CoreTypes\Ocell.Library.CoreTypes.csproj", "{B4CA0BB9-C805-4FC2-BDF4-9F729A661EB0}"
EndProject
Project("{FAE04EC0-301F-11D3-BF4B-00C04F79EFBC}") = "Ocell.Localization", "Ocell.Library\Ocell.Localization\Ocell.Localization.csproj", "{FAC86E98-A611-4800-B374-83E915925F6D}"
EndProject
Project("{FAE04EC0-301F-11D3-BF4B-00C04F79EFBC}") = "Ocell.LightTwitterService", "Ocell.Library\Ocell.LightTwitterService\Ocell.LightTwitterService.csproj", "{6D32BDDD-7445-4619-9474-149715C8D42E}"
EndProject
Project("{FAE04EC0-301F-11D3-BF4B-00C04F79EFBC}") = "Ocell.BackgroundAgent.Library", "Ocell.Library\Ocell.BackgroundAgent.Library\Ocell.BackgroundAgent.Library.csproj", "{742DB613-45BB-4F8F-A73F-B559901F6548}"
EndProject
Project("{FAE04EC0-301F-11D3-BF4B-00C04F79EFBC}") = "Ocell.Library", "Ocell.Library\Ocell.Library\Ocell.Library.csproj", "{1FF8200D-1E01-4ABA-A876-C313E286E1FC}"
EndProject
Project("{FAE04EC0-301F-11D3-BF4B-00C04F79EFBC}") = "Ocell.Phone8", "Ocell.UI\Ocell.Phone8\Ocell.Phone8.csproj", "{D23E7947-6771-402D-A3D9-384CF40A8824}"
EndProject
Project("{FAE04EC0-301F-11D3-BF4B-00C04F79EFBC}") = "Ocell.Pictures", "Ocell.APIs\Ocell.Pictures\Ocell.Pictures.csproj", "{A0F91E66-0795-4592-A0D2-2FAAFC839557}"
EndProject
Project("{FAE04EC0-301F-11D3-BF4B-00C04F79EFBC}") = "Ocell.BackgroundAgent.Phone8", "Ocell.BackgroundAgent.Phone8\Ocell.BackgroundAgent.Phone8.csproj", "{1D77B761-F1A7-43B5-914E-16AC51218972}"
EndProject
Global
	GlobalSection(SolutionConfigurationPlatforms) = preSolution
		ClientProfiles|Any CPU = ClientProfiles|Any CPU
		ClientProfiles|ARM = ClientProfiles|ARM
		ClientProfiles|Mixed Platforms = ClientProfiles|Mixed Platforms
		ClientProfiles|PHP 5.3 = ClientProfiles|PHP 5.3
		ClientProfiles|x86 = ClientProfiles|x86
		Debug_Lite|Any CPU = Debug_Lite|Any CPU
		Debug_Lite|ARM = Debug_Lite|ARM
		Debug_Lite|Mixed Platforms = Debug_Lite|Mixed Platforms
		Debug_Lite|PHP 5.3 = Debug_Lite|PHP 5.3
		Debug_Lite|x86 = Debug_Lite|x86
		Debug|Any CPU = Debug|Any CPU
		Debug|ARM = Debug|ARM
		Debug|Mixed Platforms = Debug|Mixed Platforms
		Debug|PHP 5.3 = Debug|PHP 5.3
		Debug|x86 = Debug|x86
		Local|Any CPU = Local|Any CPU
		Local|ARM = Local|ARM
		Local|Mixed Platforms = Local|Mixed Platforms
		Local|PHP 5.3 = Local|PHP 5.3
		Local|x86 = Local|x86
		Production|Any CPU = Production|Any CPU
		Production|ARM = Production|ARM
		Production|Mixed Platforms = Production|Mixed Platforms
		Production|PHP 5.3 = Production|PHP 5.3
		Production|x86 = Production|x86
		Release_Lite|Any CPU = Release_Lite|Any CPU
		Release_Lite|ARM = Release_Lite|ARM
		Release_Lite|Mixed Platforms = Release_Lite|Mixed Platforms
		Release_Lite|PHP 5.3 = Release_Lite|PHP 5.3
		Release_Lite|x86 = Release_Lite|x86
		Release|Any CPU = Release|Any CPU
		Release|ARM = Release|ARM
		Release|Mixed Platforms = Release|Mixed Platforms
		Release|PHP 5.3 = Release|PHP 5.3
		Release|x86 = Release|x86
		Staging|Any CPU = Staging|Any CPU
		Staging|ARM = Staging|ARM
		Staging|Mixed Platforms = Staging|Mixed Platforms
		Staging|PHP 5.3 = Staging|PHP 5.3
		Staging|x86 = Staging|x86
	EndGlobalSection
	GlobalSection(ProjectConfigurationPlatforms) = postSolution
		{CD029D13-5037-43A6-8CD9-5F12B00A7DE0}.ClientProfiles|Any CPU.ActiveCfg = Release|Any CPU
		{CD029D13-5037-43A6-8CD9-5F12B00A7DE0}.ClientProfiles|Any CPU.Build.0 = Release|Any CPU
		{CD029D13-5037-43A6-8CD9-5F12B00A7DE0}.ClientProfiles|ARM.ActiveCfg = Release|Any CPU
		{CD029D13-5037-43A6-8CD9-5F12B00A7DE0}.ClientProfiles|Mixed Platforms.ActiveCfg = Release|Any CPU
		{CD029D13-5037-43A6-8CD9-5F12B00A7DE0}.ClientProfiles|Mixed Platforms.Build.0 = Release|Any CPU
		{CD029D13-5037-43A6-8CD9-5F12B00A7DE0}.ClientProfiles|PHP 5.3.ActiveCfg = Release|Any CPU
		{CD029D13-5037-43A6-8CD9-5F12B00A7DE0}.ClientProfiles|x86.ActiveCfg = Release|Any CPU
		{CD029D13-5037-43A6-8CD9-5F12B00A7DE0}.Debug_Lite|Any CPU.ActiveCfg = Debug|Any CPU
		{CD029D13-5037-43A6-8CD9-5F12B00A7DE0}.Debug_Lite|Any CPU.Build.0 = Debug|Any CPU
		{CD029D13-5037-43A6-8CD9-5F12B00A7DE0}.Debug_Lite|ARM.ActiveCfg = Debug|Any CPU
		{CD029D13-5037-43A6-8CD9-5F12B00A7DE0}.Debug_Lite|Mixed Platforms.ActiveCfg = Debug|Any CPU
		{CD029D13-5037-43A6-8CD9-5F12B00A7DE0}.Debug_Lite|Mixed Platforms.Build.0 = Debug|Any CPU
		{CD029D13-5037-43A6-8CD9-5F12B00A7DE0}.Debug_Lite|PHP 5.3.ActiveCfg = Debug|Any CPU
		{CD029D13-5037-43A6-8CD9-5F12B00A7DE0}.Debug_Lite|x86.ActiveCfg = Debug|Any CPU
		{CD029D13-5037-43A6-8CD9-5F12B00A7DE0}.Debug|Any CPU.ActiveCfg = Debug|Any CPU
		{CD029D13-5037-43A6-8CD9-5F12B00A7DE0}.Debug|Any CPU.Build.0 = Debug|Any CPU
		{CD029D13-5037-43A6-8CD9-5F12B00A7DE0}.Debug|ARM.ActiveCfg = Debug|Any CPU
		{CD029D13-5037-43A6-8CD9-5F12B00A7DE0}.Debug|Mixed Platforms.ActiveCfg = Debug|Any CPU
		{CD029D13-5037-43A6-8CD9-5F12B00A7DE0}.Debug|Mixed Platforms.Build.0 = Debug|Any CPU
		{CD029D13-5037-43A6-8CD9-5F12B00A7DE0}.Debug|PHP 5.3.ActiveCfg = Debug|Any CPU
		{CD029D13-5037-43A6-8CD9-5F12B00A7DE0}.Debug|x86.ActiveCfg = Debug|Any CPU
		{CD029D13-5037-43A6-8CD9-5F12B00A7DE0}.Local|Any CPU.ActiveCfg = Release|Any CPU
		{CD029D13-5037-43A6-8CD9-5F12B00A7DE0}.Local|Any CPU.Build.0 = Release|Any CPU
		{CD029D13-5037-43A6-8CD9-5F12B00A7DE0}.Local|ARM.ActiveCfg = Release|Any CPU
		{CD029D13-5037-43A6-8CD9-5F12B00A7DE0}.Local|Mixed Platforms.ActiveCfg = Release|Any CPU
		{CD029D13-5037-43A6-8CD9-5F12B00A7DE0}.Local|Mixed Platforms.Build.0 = Release|Any CPU
		{CD029D13-5037-43A6-8CD9-5F12B00A7DE0}.Local|PHP 5.3.ActiveCfg = Release|Any CPU
		{CD029D13-5037-43A6-8CD9-5F12B00A7DE0}.Local|x86.ActiveCfg = Release|Any CPU
		{CD029D13-5037-43A6-8CD9-5F12B00A7DE0}.Production|Any CPU.ActiveCfg = Release|Any CPU
		{CD029D13-5037-43A6-8CD9-5F12B00A7DE0}.Production|Any CPU.Build.0 = Release|Any CPU
		{CD029D13-5037-43A6-8CD9-5F12B00A7DE0}.Production|ARM.ActiveCfg = Release|Any CPU
		{CD029D13-5037-43A6-8CD9-5F12B00A7DE0}.Production|Mixed Platforms.ActiveCfg = Release|Any CPU
		{CD029D13-5037-43A6-8CD9-5F12B00A7DE0}.Production|Mixed Platforms.Build.0 = Release|Any CPU
		{CD029D13-5037-43A6-8CD9-5F12B00A7DE0}.Production|PHP 5.3.ActiveCfg = Release|Any CPU
		{CD029D13-5037-43A6-8CD9-5F12B00A7DE0}.Production|x86.ActiveCfg = Release|Any CPU
		{CD029D13-5037-43A6-8CD9-5F12B00A7DE0}.Release_Lite|Any CPU.ActiveCfg = Release|Any CPU
		{CD029D13-5037-43A6-8CD9-5F12B00A7DE0}.Release_Lite|Any CPU.Build.0 = Release|Any CPU
		{CD029D13-5037-43A6-8CD9-5F12B00A7DE0}.Release_Lite|ARM.ActiveCfg = Release|Any CPU
		{CD029D13-5037-43A6-8CD9-5F12B00A7DE0}.Release_Lite|Mixed Platforms.ActiveCfg = Release|Any CPU
		{CD029D13-5037-43A6-8CD9-5F12B00A7DE0}.Release_Lite|Mixed Platforms.Build.0 = Release|Any CPU
		{CD029D13-5037-43A6-8CD9-5F12B00A7DE0}.Release_Lite|PHP 5.3.ActiveCfg = Release|Any CPU
		{CD029D13-5037-43A6-8CD9-5F12B00A7DE0}.Release_Lite|x86.ActiveCfg = Release|Any CPU
		{CD029D13-5037-43A6-8CD9-5F12B00A7DE0}.Release|Any CPU.ActiveCfg = Release|Any CPU
		{CD029D13-5037-43A6-8CD9-5F12B00A7DE0}.Release|Any CPU.Build.0 = Release|Any CPU
		{CD029D13-5037-43A6-8CD9-5F12B00A7DE0}.Release|ARM.ActiveCfg = Release|Any CPU
		{CD029D13-5037-43A6-8CD9-5F12B00A7DE0}.Release|Mixed Platforms.ActiveCfg = Release|Any CPU
		{CD029D13-5037-43A6-8CD9-5F12B00A7DE0}.Release|Mixed Platforms.Build.0 = Release|Any CPU
		{CD029D13-5037-43A6-8CD9-5F12B00A7DE0}.Release|PHP 5.3.ActiveCfg = Release|Any CPU
		{CD029D13-5037-43A6-8CD9-5F12B00A7DE0}.Release|x86.ActiveCfg = Release|Any CPU
		{CD029D13-5037-43A6-8CD9-5F12B00A7DE0}.Staging|Any CPU.ActiveCfg = Release|Any CPU
		{CD029D13-5037-43A6-8CD9-5F12B00A7DE0}.Staging|Any CPU.Build.0 = Release|Any CPU
		{CD029D13-5037-43A6-8CD9-5F12B00A7DE0}.Staging|ARM.ActiveCfg = Release|Any CPU
		{CD029D13-5037-43A6-8CD9-5F12B00A7DE0}.Staging|Mixed Platforms.ActiveCfg = Release|Any CPU
		{CD029D13-5037-43A6-8CD9-5F12B00A7DE0}.Staging|Mixed Platforms.Build.0 = Release|Any CPU
		{CD029D13-5037-43A6-8CD9-5F12B00A7DE0}.Staging|PHP 5.3.ActiveCfg = Release|Any CPU
		{CD029D13-5037-43A6-8CD9-5F12B00A7DE0}.Staging|x86.ActiveCfg = Release|Any CPU
		{35BC2453-9CAD-4508-9C8C-BF06A9223761}.ClientProfiles|Any CPU.ActiveCfg = Release|Any CPU
		{35BC2453-9CAD-4508-9C8C-BF06A9223761}.ClientProfiles|Any CPU.Build.0 = Release|Any CPU
		{35BC2453-9CAD-4508-9C8C-BF06A9223761}.ClientProfiles|ARM.ActiveCfg = Release|Any CPU
		{35BC2453-9CAD-4508-9C8C-BF06A9223761}.ClientProfiles|Mixed Platforms.ActiveCfg = Release|Any CPU
		{35BC2453-9CAD-4508-9C8C-BF06A9223761}.ClientProfiles|Mixed Platforms.Build.0 = Release|Any CPU
		{35BC2453-9CAD-4508-9C8C-BF06A9223761}.ClientProfiles|PHP 5.3.ActiveCfg = Release|Any CPU
		{35BC2453-9CAD-4508-9C8C-BF06A9223761}.ClientProfiles|x86.ActiveCfg = Release|Any CPU
		{35BC2453-9CAD-4508-9C8C-BF06A9223761}.Debug_Lite|Any CPU.ActiveCfg = Debug|Any CPU
		{35BC2453-9CAD-4508-9C8C-BF06A9223761}.Debug_Lite|Any CPU.Build.0 = Debug|Any CPU
		{35BC2453-9CAD-4508-9C8C-BF06A9223761}.Debug_Lite|ARM.ActiveCfg = Debug|Any CPU
		{35BC2453-9CAD-4508-9C8C-BF06A9223761}.Debug_Lite|Mixed Platforms.ActiveCfg = Debug|Any CPU
		{35BC2453-9CAD-4508-9C8C-BF06A9223761}.Debug_Lite|Mixed Platforms.Build.0 = Debug|Any CPU
		{35BC2453-9CAD-4508-9C8C-BF06A9223761}.Debug_Lite|PHP 5.3.ActiveCfg = Debug|Any CPU
		{35BC2453-9CAD-4508-9C8C-BF06A9223761}.Debug_Lite|x86.ActiveCfg = Debug|Any CPU
		{35BC2453-9CAD-4508-9C8C-BF06A9223761}.Debug|Any CPU.ActiveCfg = Debug|Any CPU
		{35BC2453-9CAD-4508-9C8C-BF06A9223761}.Debug|Any CPU.Build.0 = Debug|Any CPU
		{35BC2453-9CAD-4508-9C8C-BF06A9223761}.Debug|ARM.ActiveCfg = Debug|Any CPU
		{35BC2453-9CAD-4508-9C8C-BF06A9223761}.Debug|Mixed Platforms.ActiveCfg = Debug|Any CPU
		{35BC2453-9CAD-4508-9C8C-BF06A9223761}.Debug|Mixed Platforms.Build.0 = Debug|Any CPU
		{35BC2453-9CAD-4508-9C8C-BF06A9223761}.Debug|PHP 5.3.ActiveCfg = Debug|Any CPU
		{35BC2453-9CAD-4508-9C8C-BF06A9223761}.Debug|x86.ActiveCfg = Debug|Any CPU
		{35BC2453-9CAD-4508-9C8C-BF06A9223761}.Local|Any CPU.ActiveCfg = Release|Any CPU
		{35BC2453-9CAD-4508-9C8C-BF06A9223761}.Local|Any CPU.Build.0 = Release|Any CPU
		{35BC2453-9CAD-4508-9C8C-BF06A9223761}.Local|ARM.ActiveCfg = Release|Any CPU
		{35BC2453-9CAD-4508-9C8C-BF06A9223761}.Local|Mixed Platforms.ActiveCfg = Release|Any CPU
		{35BC2453-9CAD-4508-9C8C-BF06A9223761}.Local|Mixed Platforms.Build.0 = Release|Any CPU
		{35BC2453-9CAD-4508-9C8C-BF06A9223761}.Local|PHP 5.3.ActiveCfg = Release|Any CPU
		{35BC2453-9CAD-4508-9C8C-BF06A9223761}.Local|x86.ActiveCfg = Release|Any CPU
		{35BC2453-9CAD-4508-9C8C-BF06A9223761}.Production|Any CPU.ActiveCfg = Release|Any CPU
		{35BC2453-9CAD-4508-9C8C-BF06A9223761}.Production|Any CPU.Build.0 = Release|Any CPU
		{35BC2453-9CAD-4508-9C8C-BF06A9223761}.Production|ARM.ActiveCfg = Release|Any CPU
		{35BC2453-9CAD-4508-9C8C-BF06A9223761}.Production|Mixed Platforms.ActiveCfg = Release|Any CPU
		{35BC2453-9CAD-4508-9C8C-BF06A9223761}.Production|Mixed Platforms.Build.0 = Release|Any CPU
		{35BC2453-9CAD-4508-9C8C-BF06A9223761}.Production|PHP 5.3.ActiveCfg = Release|Any CPU
		{35BC2453-9CAD-4508-9C8C-BF06A9223761}.Production|x86.ActiveCfg = Release|Any CPU
		{35BC2453-9CAD-4508-9C8C-BF06A9223761}.Release_Lite|Any CPU.ActiveCfg = Release|Any CPU
		{35BC2453-9CAD-4508-9C8C-BF06A9223761}.Release_Lite|Any CPU.Build.0 = Release|Any CPU
		{35BC2453-9CAD-4508-9C8C-BF06A9223761}.Release_Lite|ARM.ActiveCfg = Release|Any CPU
		{35BC2453-9CAD-4508-9C8C-BF06A9223761}.Release_Lite|Mixed Platforms.ActiveCfg = Release|Any CPU
		{35BC2453-9CAD-4508-9C8C-BF06A9223761}.Release_Lite|Mixed Platforms.Build.0 = Release|Any CPU
		{35BC2453-9CAD-4508-9C8C-BF06A9223761}.Release_Lite|PHP 5.3.ActiveCfg = Release|Any CPU
		{35BC2453-9CAD-4508-9C8C-BF06A9223761}.Release_Lite|x86.ActiveCfg = Release|Any CPU
		{35BC2453-9CAD-4508-9C8C-BF06A9223761}.Release|Any CPU.ActiveCfg = Release|Any CPU
		{35BC2453-9CAD-4508-9C8C-BF06A9223761}.Release|Any CPU.Build.0 = Release|Any CPU
		{35BC2453-9CAD-4508-9C8C-BF06A9223761}.Release|ARM.ActiveCfg = Release|Any CPU
		{35BC2453-9CAD-4508-9C8C-BF06A9223761}.Release|Mixed Platforms.ActiveCfg = Release|Any CPU
		{35BC2453-9CAD-4508-9C8C-BF06A9223761}.Release|Mixed Platforms.Build.0 = Release|Any CPU
		{35BC2453-9CAD-4508-9C8C-BF06A9223761}.Release|PHP 5.3.ActiveCfg = Release|Any CPU
		{35BC2453-9CAD-4508-9C8C-BF06A9223761}.Release|x86.ActiveCfg = Release|Any CPU
		{35BC2453-9CAD-4508-9C8C-BF06A9223761}.Staging|Any CPU.ActiveCfg = Release|Any CPU
		{35BC2453-9CAD-4508-9C8C-BF06A9223761}.Staging|Any CPU.Build.0 = Release|Any CPU
		{35BC2453-9CAD-4508-9C8C-BF06A9223761}.Staging|ARM.ActiveCfg = Release|Any CPU
		{35BC2453-9CAD-4508-9C8C-BF06A9223761}.Staging|Mixed Platforms.ActiveCfg = Release|Any CPU
		{35BC2453-9CAD-4508-9C8C-BF06A9223761}.Staging|Mixed Platforms.Build.0 = Release|Any CPU
		{35BC2453-9CAD-4508-9C8C-BF06A9223761}.Staging|PHP 5.3.ActiveCfg = Release|Any CPU
		{35BC2453-9CAD-4508-9C8C-BF06A9223761}.Staging|x86.ActiveCfg = Release|Any CPU
		{3008493B-1E7B-445A-9C3B-144B75E362DB}.ClientProfiles|Any CPU.ActiveCfg = Release|Any CPU
		{3008493B-1E7B-445A-9C3B-144B75E362DB}.ClientProfiles|Any CPU.Build.0 = Release|Any CPU
		{3008493B-1E7B-445A-9C3B-144B75E362DB}.ClientProfiles|ARM.ActiveCfg = Release|Any CPU
		{3008493B-1E7B-445A-9C3B-144B75E362DB}.ClientProfiles|Mixed Platforms.ActiveCfg = Release|Any CPU
		{3008493B-1E7B-445A-9C3B-144B75E362DB}.ClientProfiles|Mixed Platforms.Build.0 = Release|Any CPU
		{3008493B-1E7B-445A-9C3B-144B75E362DB}.ClientProfiles|PHP 5.3.ActiveCfg = Release|Any CPU
		{3008493B-1E7B-445A-9C3B-144B75E362DB}.ClientProfiles|x86.ActiveCfg = Release|Any CPU
		{3008493B-1E7B-445A-9C3B-144B75E362DB}.Debug_Lite|Any CPU.ActiveCfg = Debug|Any CPU
		{3008493B-1E7B-445A-9C3B-144B75E362DB}.Debug_Lite|Any CPU.Build.0 = Debug|Any CPU
		{3008493B-1E7B-445A-9C3B-144B75E362DB}.Debug_Lite|ARM.ActiveCfg = Debug|Any CPU
		{3008493B-1E7B-445A-9C3B-144B75E362DB}.Debug_Lite|Mixed Platforms.ActiveCfg = Debug|Any CPU
		{3008493B-1E7B-445A-9C3B-144B75E362DB}.Debug_Lite|Mixed Platforms.Build.0 = Debug|Any CPU
		{3008493B-1E7B-445A-9C3B-144B75E362DB}.Debug_Lite|PHP 5.3.ActiveCfg = Debug|Any CPU
		{3008493B-1E7B-445A-9C3B-144B75E362DB}.Debug_Lite|x86.ActiveCfg = Debug|Any CPU
		{3008493B-1E7B-445A-9C3B-144B75E362DB}.Debug|Any CPU.ActiveCfg = Debug|Any CPU
		{3008493B-1E7B-445A-9C3B-144B75E362DB}.Debug|Any CPU.Build.0 = Debug|Any CPU
		{3008493B-1E7B-445A-9C3B-144B75E362DB}.Debug|ARM.ActiveCfg = Debug|Any CPU
		{3008493B-1E7B-445A-9C3B-144B75E362DB}.Debug|Mixed Platforms.ActiveCfg = Debug|Any CPU
		{3008493B-1E7B-445A-9C3B-144B75E362DB}.Debug|Mixed Platforms.Build.0 = Debug|Any CPU
		{3008493B-1E7B-445A-9C3B-144B75E362DB}.Debug|PHP 5.3.ActiveCfg = Debug|Any CPU
		{3008493B-1E7B-445A-9C3B-144B75E362DB}.Debug|x86.ActiveCfg = Debug|Any CPU
		{3008493B-1E7B-445A-9C3B-144B75E362DB}.Local|Any CPU.ActiveCfg = Release|Any CPU
		{3008493B-1E7B-445A-9C3B-144B75E362DB}.Local|Any CPU.Build.0 = Release|Any CPU
		{3008493B-1E7B-445A-9C3B-144B75E362DB}.Local|ARM.ActiveCfg = Release|Any CPU
		{3008493B-1E7B-445A-9C3B-144B75E362DB}.Local|Mixed Platforms.ActiveCfg = Release|Any CPU
		{3008493B-1E7B-445A-9C3B-144B75E362DB}.Local|Mixed Platforms.Build.0 = Release|Any CPU
		{3008493B-1E7B-445A-9C3B-144B75E362DB}.Local|PHP 5.3.ActiveCfg = Release|Any CPU
		{3008493B-1E7B-445A-9C3B-144B75E362DB}.Local|x86.ActiveCfg = Release|Any CPU
		{3008493B-1E7B-445A-9C3B-144B75E362DB}.Production|Any CPU.ActiveCfg = Release|Any CPU
		{3008493B-1E7B-445A-9C3B-144B75E362DB}.Production|Any CPU.Build.0 = Release|Any CPU
		{3008493B-1E7B-445A-9C3B-144B75E362DB}.Production|ARM.ActiveCfg = Release|Any CPU
		{3008493B-1E7B-445A-9C3B-144B75E362DB}.Production|Mixed Platforms.ActiveCfg = Release|Any CPU
		{3008493B-1E7B-445A-9C3B-144B75E362DB}.Production|Mixed Platforms.Build.0 = Release|Any CPU
		{3008493B-1E7B-445A-9C3B-144B75E362DB}.Production|PHP 5.3.ActiveCfg = Release|Any CPU
		{3008493B-1E7B-445A-9C3B-144B75E362DB}.Production|x86.ActiveCfg = Release|Any CPU
		{3008493B-1E7B-445A-9C3B-144B75E362DB}.Release_Lite|Any CPU.ActiveCfg = Release|Any CPU
		{3008493B-1E7B-445A-9C3B-144B75E362DB}.Release_Lite|Any CPU.Build.0 = Release|Any CPU
		{3008493B-1E7B-445A-9C3B-144B75E362DB}.Release_Lite|ARM.ActiveCfg = Release|Any CPU
		{3008493B-1E7B-445A-9C3B-144B75E362DB}.Release_Lite|Mixed Platforms.ActiveCfg = Release|Any CPU
		{3008493B-1E7B-445A-9C3B-144B75E362DB}.Release_Lite|Mixed Platforms.Build.0 = Release|Any CPU
		{3008493B-1E7B-445A-9C3B-144B75E362DB}.Release_Lite|PHP 5.3.ActiveCfg = Release|Any CPU
		{3008493B-1E7B-445A-9C3B-144B75E362DB}.Release_Lite|x86.ActiveCfg = Release|Any CPU
		{3008493B-1E7B-445A-9C3B-144B75E362DB}.Release|Any CPU.ActiveCfg = Release|Any CPU
		{3008493B-1E7B-445A-9C3B-144B75E362DB}.Release|Any CPU.Build.0 = Release|Any CPU
		{3008493B-1E7B-445A-9C3B-144B75E362DB}.Release|ARM.ActiveCfg = Release|Any CPU
		{3008493B-1E7B-445A-9C3B-144B75E362DB}.Release|Mixed Platforms.ActiveCfg = Release|Any CPU
		{3008493B-1E7B-445A-9C3B-144B75E362DB}.Release|Mixed Platforms.Build.0 = Release|Any CPU
		{3008493B-1E7B-445A-9C3B-144B75E362DB}.Release|PHP 5.3.ActiveCfg = Release|Any CPU
		{3008493B-1E7B-445A-9C3B-144B75E362DB}.Release|x86.ActiveCfg = Release|Any CPU
		{3008493B-1E7B-445A-9C3B-144B75E362DB}.Staging|Any CPU.ActiveCfg = Release|Any CPU
		{3008493B-1E7B-445A-9C3B-144B75E362DB}.Staging|Any CPU.Build.0 = Release|Any CPU
		{3008493B-1E7B-445A-9C3B-144B75E362DB}.Staging|ARM.ActiveCfg = Release|Any CPU
		{3008493B-1E7B-445A-9C3B-144B75E362DB}.Staging|Mixed Platforms.ActiveCfg = Release|Any CPU
		{3008493B-1E7B-445A-9C3B-144B75E362DB}.Staging|Mixed Platforms.Build.0 = Release|Any CPU
		{3008493B-1E7B-445A-9C3B-144B75E362DB}.Staging|PHP 5.3.ActiveCfg = Release|Any CPU
		{3008493B-1E7B-445A-9C3B-144B75E362DB}.Staging|x86.ActiveCfg = Release|Any CPU
		{E74C3890-7501-44D4-82DA-403AE92F718A}.ClientProfiles|Any CPU.ActiveCfg = Release|Any CPU
		{E74C3890-7501-44D4-82DA-403AE92F718A}.ClientProfiles|Any CPU.Build.0 = Release|Any CPU
		{E74C3890-7501-44D4-82DA-403AE92F718A}.ClientProfiles|ARM.ActiveCfg = Release|Any CPU
		{E74C3890-7501-44D4-82DA-403AE92F718A}.ClientProfiles|Mixed Platforms.ActiveCfg = Release|Any CPU
		{E74C3890-7501-44D4-82DA-403AE92F718A}.ClientProfiles|Mixed Platforms.Build.0 = Release|Any CPU
		{E74C3890-7501-44D4-82DA-403AE92F718A}.ClientProfiles|PHP 5.3.ActiveCfg = Release|Any CPU
		{E74C3890-7501-44D4-82DA-403AE92F718A}.ClientProfiles|x86.ActiveCfg = Release|Any CPU
		{E74C3890-7501-44D4-82DA-403AE92F718A}.Debug_Lite|Any CPU.ActiveCfg = Debug|Any CPU
		{E74C3890-7501-44D4-82DA-403AE92F718A}.Debug_Lite|Any CPU.Build.0 = Debug|Any CPU
		{E74C3890-7501-44D4-82DA-403AE92F718A}.Debug_Lite|ARM.ActiveCfg = Debug|Any CPU
		{E74C3890-7501-44D4-82DA-403AE92F718A}.Debug_Lite|Mixed Platforms.ActiveCfg = Debug|Any CPU
		{E74C3890-7501-44D4-82DA-403AE92F718A}.Debug_Lite|Mixed Platforms.Build.0 = Debug|Any CPU
		{E74C3890-7501-44D4-82DA-403AE92F718A}.Debug_Lite|PHP 5.3.ActiveCfg = Debug|Any CPU
		{E74C3890-7501-44D4-82DA-403AE92F718A}.Debug_Lite|x86.ActiveCfg = Debug|Any CPU
		{E74C3890-7501-44D4-82DA-403AE92F718A}.Debug|Any CPU.ActiveCfg = Debug|Any CPU
		{E74C3890-7501-44D4-82DA-403AE92F718A}.Debug|Any CPU.Build.0 = Debug|Any CPU
		{E74C3890-7501-44D4-82DA-403AE92F718A}.Debug|ARM.ActiveCfg = Debug|Any CPU
		{E74C3890-7501-44D4-82DA-403AE92F718A}.Debug|Mixed Platforms.ActiveCfg = Debug|Any CPU
		{E74C3890-7501-44D4-82DA-403AE92F718A}.Debug|Mixed Platforms.Build.0 = Debug|Any CPU
		{E74C3890-7501-44D4-82DA-403AE92F718A}.Debug|PHP 5.3.ActiveCfg = Debug|Any CPU
		{E74C3890-7501-44D4-82DA-403AE92F718A}.Debug|x86.ActiveCfg = Debug|Any CPU
		{E74C3890-7501-44D4-82DA-403AE92F718A}.Local|Any CPU.ActiveCfg = Release|Any CPU
		{E74C3890-7501-44D4-82DA-403AE92F718A}.Local|Any CPU.Build.0 = Release|Any CPU
		{E74C3890-7501-44D4-82DA-403AE92F718A}.Local|ARM.ActiveCfg = Release|Any CPU
		{E74C3890-7501-44D4-82DA-403AE92F718A}.Local|Mixed Platforms.ActiveCfg = Release|Any CPU
		{E74C3890-7501-44D4-82DA-403AE92F718A}.Local|Mixed Platforms.Build.0 = Release|Any CPU
		{E74C3890-7501-44D4-82DA-403AE92F718A}.Local|PHP 5.3.ActiveCfg = Release|Any CPU
		{E74C3890-7501-44D4-82DA-403AE92F718A}.Local|x86.ActiveCfg = Release|Any CPU
		{E74C3890-7501-44D4-82DA-403AE92F718A}.Production|Any CPU.ActiveCfg = Release|Any CPU
		{E74C3890-7501-44D4-82DA-403AE92F718A}.Production|Any CPU.Build.0 = Release|Any CPU
		{E74C3890-7501-44D4-82DA-403AE92F718A}.Production|ARM.ActiveCfg = Release|Any CPU
		{E74C3890-7501-44D4-82DA-403AE92F718A}.Production|Mixed Platforms.ActiveCfg = Release|Any CPU
		{E74C3890-7501-44D4-82DA-403AE92F718A}.Production|Mixed Platforms.Build.0 = Release|Any CPU
		{E74C3890-7501-44D4-82DA-403AE92F718A}.Production|PHP 5.3.ActiveCfg = Release|Any CPU
		{E74C3890-7501-44D4-82DA-403AE92F718A}.Production|x86.ActiveCfg = Release|Any CPU
		{E74C3890-7501-44D4-82DA-403AE92F718A}.Release_Lite|Any CPU.ActiveCfg = Release|Any CPU
		{E74C3890-7501-44D4-82DA-403AE92F718A}.Release_Lite|Any CPU.Build.0 = Release|Any CPU
		{E74C3890-7501-44D4-82DA-403AE92F718A}.Release_Lite|ARM.ActiveCfg = Release|Any CPU
		{E74C3890-7501-44D4-82DA-403AE92F718A}.Release_Lite|Mixed Platforms.ActiveCfg = Release|Any CPU
		{E74C3890-7501-44D4-82DA-403AE92F718A}.Release_Lite|Mixed Platforms.Build.0 = Release|Any CPU
		{E74C3890-7501-44D4-82DA-403AE92F718A}.Release_Lite|PHP 5.3.ActiveCfg = Release|Any CPU
		{E74C3890-7501-44D4-82DA-403AE92F718A}.Release_Lite|x86.ActiveCfg = Release|Any CPU
		{E74C3890-7501-44D4-82DA-403AE92F718A}.Release|Any CPU.ActiveCfg = Release|Any CPU
		{E74C3890-7501-44D4-82DA-403AE92F718A}.Release|Any CPU.Build.0 = Release|Any CPU
		{E74C3890-7501-44D4-82DA-403AE92F718A}.Release|ARM.ActiveCfg = Release|Any CPU
		{E74C3890-7501-44D4-82DA-403AE92F718A}.Release|Mixed Platforms.ActiveCfg = Release|Any CPU
		{E74C3890-7501-44D4-82DA-403AE92F718A}.Release|Mixed Platforms.Build.0 = Release|Any CPU
		{E74C3890-7501-44D4-82DA-403AE92F718A}.Release|PHP 5.3.ActiveCfg = Release|Any CPU
		{E74C3890-7501-44D4-82DA-403AE92F718A}.Release|x86.ActiveCfg = Release|Any CPU
		{E74C3890-7501-44D4-82DA-403AE92F718A}.Staging|Any CPU.ActiveCfg = Release|Any CPU
		{E74C3890-7501-44D4-82DA-403AE92F718A}.Staging|Any CPU.Build.0 = Release|Any CPU
		{E74C3890-7501-44D4-82DA-403AE92F718A}.Staging|ARM.ActiveCfg = Release|Any CPU
		{E74C3890-7501-44D4-82DA-403AE92F718A}.Staging|Mixed Platforms.ActiveCfg = Release|Any CPU
		{E74C3890-7501-44D4-82DA-403AE92F718A}.Staging|Mixed Platforms.Build.0 = Release|Any CPU
		{E74C3890-7501-44D4-82DA-403AE92F718A}.Staging|PHP 5.3.ActiveCfg = Release|Any CPU
		{E74C3890-7501-44D4-82DA-403AE92F718A}.Staging|x86.ActiveCfg = Release|Any CPU
		{DBA3FA70-8F8F-41E7-8C4B-D9B8BF4C937B}.ClientProfiles|Any CPU.ActiveCfg = Release_Lite|Any CPU
		{DBA3FA70-8F8F-41E7-8C4B-D9B8BF4C937B}.ClientProfiles|Any CPU.Build.0 = Release_Lite|Any CPU
		{DBA3FA70-8F8F-41E7-8C4B-D9B8BF4C937B}.ClientProfiles|ARM.ActiveCfg = Release_Lite|Any CPU
		{DBA3FA70-8F8F-41E7-8C4B-D9B8BF4C937B}.ClientProfiles|Mixed Platforms.ActiveCfg = Release_Lite|Any CPU
		{DBA3FA70-8F8F-41E7-8C4B-D9B8BF4C937B}.ClientProfiles|Mixed Platforms.Build.0 = Release_Lite|Any CPU
		{DBA3FA70-8F8F-41E7-8C4B-D9B8BF4C937B}.ClientProfiles|PHP 5.3.ActiveCfg = Release_Lite|Any CPU
		{DBA3FA70-8F8F-41E7-8C4B-D9B8BF4C937B}.ClientProfiles|x86.ActiveCfg = Release_Lite|Any CPU
		{DBA3FA70-8F8F-41E7-8C4B-D9B8BF4C937B}.Debug_Lite|Any CPU.ActiveCfg = Debug|Any CPU
		{DBA3FA70-8F8F-41E7-8C4B-D9B8BF4C937B}.Debug_Lite|Any CPU.Build.0 = Debug|Any CPU
		{DBA3FA70-8F8F-41E7-8C4B-D9B8BF4C937B}.Debug_Lite|ARM.ActiveCfg = Debug|Any CPU
		{DBA3FA70-8F8F-41E7-8C4B-D9B8BF4C937B}.Debug_Lite|Mixed Platforms.ActiveCfg = Debug|Any CPU
		{DBA3FA70-8F8F-41E7-8C4B-D9B8BF4C937B}.Debug_Lite|Mixed Platforms.Build.0 = Debug|Any CPU
		{DBA3FA70-8F8F-41E7-8C4B-D9B8BF4C937B}.Debug_Lite|PHP 5.3.ActiveCfg = Debug|Any CPU
		{DBA3FA70-8F8F-41E7-8C4B-D9B8BF4C937B}.Debug_Lite|x86.ActiveCfg = Debug|Any CPU
		{DBA3FA70-8F8F-41E7-8C4B-D9B8BF4C937B}.Debug|Any CPU.ActiveCfg = Debug|Any CPU
		{DBA3FA70-8F8F-41E7-8C4B-D9B8BF4C937B}.Debug|Any CPU.Build.0 = Debug|Any CPU
		{DBA3FA70-8F8F-41E7-8C4B-D9B8BF4C937B}.Debug|ARM.ActiveCfg = Debug|Any CPU
		{DBA3FA70-8F8F-41E7-8C4B-D9B8BF4C937B}.Debug|Mixed Platforms.ActiveCfg = Debug|Any CPU
		{DBA3FA70-8F8F-41E7-8C4B-D9B8BF4C937B}.Debug|Mixed Platforms.Build.0 = Debug|Any CPU
		{DBA3FA70-8F8F-41E7-8C4B-D9B8BF4C937B}.Debug|PHP 5.3.ActiveCfg = Debug|Any CPU
		{DBA3FA70-8F8F-41E7-8C4B-D9B8BF4C937B}.Debug|x86.ActiveCfg = Debug|Any CPU
		{DBA3FA70-8F8F-41E7-8C4B-D9B8BF4C937B}.Local|Any CPU.ActiveCfg = Release_Lite|Any CPU
		{DBA3FA70-8F8F-41E7-8C4B-D9B8BF4C937B}.Local|Any CPU.Build.0 = Release_Lite|Any CPU
		{DBA3FA70-8F8F-41E7-8C4B-D9B8BF4C937B}.Local|ARM.ActiveCfg = Release_Lite|Any CPU
		{DBA3FA70-8F8F-41E7-8C4B-D9B8BF4C937B}.Local|Mixed Platforms.ActiveCfg = Release_Lite|Any CPU
		{DBA3FA70-8F8F-41E7-8C4B-D9B8BF4C937B}.Local|Mixed Platforms.Build.0 = Release_Lite|Any CPU
		{DBA3FA70-8F8F-41E7-8C4B-D9B8BF4C937B}.Local|PHP 5.3.ActiveCfg = Release_Lite|Any CPU
		{DBA3FA70-8F8F-41E7-8C4B-D9B8BF4C937B}.Local|x86.ActiveCfg = Release_Lite|Any CPU
		{DBA3FA70-8F8F-41E7-8C4B-D9B8BF4C937B}.Production|Any CPU.ActiveCfg = Release_Lite|Any CPU
		{DBA3FA70-8F8F-41E7-8C4B-D9B8BF4C937B}.Production|Any CPU.Build.0 = Release_Lite|Any CPU
		{DBA3FA70-8F8F-41E7-8C4B-D9B8BF4C937B}.Production|ARM.ActiveCfg = Release_Lite|Any CPU
		{DBA3FA70-8F8F-41E7-8C4B-D9B8BF4C937B}.Production|Mixed Platforms.ActiveCfg = Release_Lite|Any CPU
		{DBA3FA70-8F8F-41E7-8C4B-D9B8BF4C937B}.Production|Mixed Platforms.Build.0 = Release_Lite|Any CPU
		{DBA3FA70-8F8F-41E7-8C4B-D9B8BF4C937B}.Production|PHP 5.3.ActiveCfg = Release_Lite|Any CPU
		{DBA3FA70-8F8F-41E7-8C4B-D9B8BF4C937B}.Production|x86.ActiveCfg = Release_Lite|Any CPU
		{DBA3FA70-8F8F-41E7-8C4B-D9B8BF4C937B}.Release_Lite|Any CPU.ActiveCfg = Release_Lite|Any CPU
		{DBA3FA70-8F8F-41E7-8C4B-D9B8BF4C937B}.Release_Lite|Any CPU.Build.0 = Release_Lite|Any CPU
		{DBA3FA70-8F8F-41E7-8C4B-D9B8BF4C937B}.Release_Lite|ARM.ActiveCfg = Release_Lite|Any CPU
		{DBA3FA70-8F8F-41E7-8C4B-D9B8BF4C937B}.Release_Lite|Mixed Platforms.ActiveCfg = Release_Lite|Any CPU
		{DBA3FA70-8F8F-41E7-8C4B-D9B8BF4C937B}.Release_Lite|Mixed Platforms.Build.0 = Release_Lite|Any CPU
		{DBA3FA70-8F8F-41E7-8C4B-D9B8BF4C937B}.Release_Lite|PHP 5.3.ActiveCfg = Release_Lite|Any CPU
		{DBA3FA70-8F8F-41E7-8C4B-D9B8BF4C937B}.Release_Lite|x86.ActiveCfg = Release_Lite|Any CPU
		{DBA3FA70-8F8F-41E7-8C4B-D9B8BF4C937B}.Release|Any CPU.ActiveCfg = Release|Any CPU
		{DBA3FA70-8F8F-41E7-8C4B-D9B8BF4C937B}.Release|Any CPU.Build.0 = Release|Any CPU
		{DBA3FA70-8F8F-41E7-8C4B-D9B8BF4C937B}.Release|ARM.ActiveCfg = Release|Any CPU
		{DBA3FA70-8F8F-41E7-8C4B-D9B8BF4C937B}.Release|Mixed Platforms.ActiveCfg = Release|Any CPU
		{DBA3FA70-8F8F-41E7-8C4B-D9B8BF4C937B}.Release|Mixed Platforms.Build.0 = Release|Any CPU
		{DBA3FA70-8F8F-41E7-8C4B-D9B8BF4C937B}.Release|PHP 5.3.ActiveCfg = Release|Any CPU
		{DBA3FA70-8F8F-41E7-8C4B-D9B8BF4C937B}.Release|x86.ActiveCfg = Release|Any CPU
		{DBA3FA70-8F8F-41E7-8C4B-D9B8BF4C937B}.Staging|Any CPU.ActiveCfg = Release_Lite|Any CPU
		{DBA3FA70-8F8F-41E7-8C4B-D9B8BF4C937B}.Staging|Any CPU.Build.0 = Release_Lite|Any CPU
		{DBA3FA70-8F8F-41E7-8C4B-D9B8BF4C937B}.Staging|ARM.ActiveCfg = Release_Lite|Any CPU
		{DBA3FA70-8F8F-41E7-8C4B-D9B8BF4C937B}.Staging|Mixed Platforms.ActiveCfg = Release_Lite|Any CPU
		{DBA3FA70-8F8F-41E7-8C4B-D9B8BF4C937B}.Staging|Mixed Platforms.Build.0 = Release_Lite|Any CPU
		{DBA3FA70-8F8F-41E7-8C4B-D9B8BF4C937B}.Staging|PHP 5.3.ActiveCfg = Release_Lite|Any CPU
		{DBA3FA70-8F8F-41E7-8C4B-D9B8BF4C937B}.Staging|x86.ActiveCfg = Release_Lite|Any CPU
		{4186D1D2-C419-4DA2-A1D8-5F56E5AAA30D}.ClientProfiles|Any CPU.ActiveCfg = Release_Lite|Any CPU
		{4186D1D2-C419-4DA2-A1D8-5F56E5AAA30D}.ClientProfiles|Any CPU.Build.0 = Release_Lite|Any CPU
		{4186D1D2-C419-4DA2-A1D8-5F56E5AAA30D}.ClientProfiles|ARM.ActiveCfg = Release_Lite|Any CPU
		{4186D1D2-C419-4DA2-A1D8-5F56E5AAA30D}.ClientProfiles|Mixed Platforms.ActiveCfg = Release_Lite|Any CPU
		{4186D1D2-C419-4DA2-A1D8-5F56E5AAA30D}.ClientProfiles|Mixed Platforms.Build.0 = Release_Lite|Any CPU
		{4186D1D2-C419-4DA2-A1D8-5F56E5AAA30D}.ClientProfiles|PHP 5.3.ActiveCfg = Release_Lite|Any CPU
		{4186D1D2-C419-4DA2-A1D8-5F56E5AAA30D}.ClientProfiles|x86.ActiveCfg = Release_Lite|Any CPU
		{4186D1D2-C419-4DA2-A1D8-5F56E5AAA30D}.Debug_Lite|Any CPU.ActiveCfg = Debug|Any CPU
		{4186D1D2-C419-4DA2-A1D8-5F56E5AAA30D}.Debug_Lite|Any CPU.Build.0 = Debug|Any CPU
		{4186D1D2-C419-4DA2-A1D8-5F56E5AAA30D}.Debug_Lite|ARM.ActiveCfg = Debug|Any CPU
		{4186D1D2-C419-4DA2-A1D8-5F56E5AAA30D}.Debug_Lite|Mixed Platforms.ActiveCfg = Debug|Any CPU
		{4186D1D2-C419-4DA2-A1D8-5F56E5AAA30D}.Debug_Lite|Mixed Platforms.Build.0 = Debug|Any CPU
		{4186D1D2-C419-4DA2-A1D8-5F56E5AAA30D}.Debug_Lite|PHP 5.3.ActiveCfg = Debug|Any CPU
		{4186D1D2-C419-4DA2-A1D8-5F56E5AAA30D}.Debug_Lite|x86.ActiveCfg = Debug|Any CPU
		{4186D1D2-C419-4DA2-A1D8-5F56E5AAA30D}.Debug|Any CPU.ActiveCfg = Debug|Any CPU
		{4186D1D2-C419-4DA2-A1D8-5F56E5AAA30D}.Debug|Any CPU.Build.0 = Debug|Any CPU
		{4186D1D2-C419-4DA2-A1D8-5F56E5AAA30D}.Debug|ARM.ActiveCfg = Debug|Any CPU
		{4186D1D2-C419-4DA2-A1D8-5F56E5AAA30D}.Debug|Mixed Platforms.ActiveCfg = Debug|Any CPU
		{4186D1D2-C419-4DA2-A1D8-5F56E5AAA30D}.Debug|Mixed Platforms.Build.0 = Debug|Any CPU
		{4186D1D2-C419-4DA2-A1D8-5F56E5AAA30D}.Debug|PHP 5.3.ActiveCfg = Debug|Any CPU
		{4186D1D2-C419-4DA2-A1D8-5F56E5AAA30D}.Debug|x86.ActiveCfg = Debug|Any CPU
		{4186D1D2-C419-4DA2-A1D8-5F56E5AAA30D}.Local|Any CPU.ActiveCfg = Release_Lite|Any CPU
		{4186D1D2-C419-4DA2-A1D8-5F56E5AAA30D}.Local|Any CPU.Build.0 = Release_Lite|Any CPU
		{4186D1D2-C419-4DA2-A1D8-5F56E5AAA30D}.Local|ARM.ActiveCfg = Release_Lite|Any CPU
		{4186D1D2-C419-4DA2-A1D8-5F56E5AAA30D}.Local|Mixed Platforms.ActiveCfg = Release_Lite|Any CPU
		{4186D1D2-C419-4DA2-A1D8-5F56E5AAA30D}.Local|Mixed Platforms.Build.0 = Release_Lite|Any CPU
		{4186D1D2-C419-4DA2-A1D8-5F56E5AAA30D}.Local|PHP 5.3.ActiveCfg = Release_Lite|Any CPU
		{4186D1D2-C419-4DA2-A1D8-5F56E5AAA30D}.Local|x86.ActiveCfg = Release_Lite|Any CPU
		{4186D1D2-C419-4DA2-A1D8-5F56E5AAA30D}.Production|Any CPU.ActiveCfg = Release_Lite|Any CPU
		{4186D1D2-C419-4DA2-A1D8-5F56E5AAA30D}.Production|Any CPU.Build.0 = Release_Lite|Any CPU
		{4186D1D2-C419-4DA2-A1D8-5F56E5AAA30D}.Production|ARM.ActiveCfg = Release_Lite|Any CPU
		{4186D1D2-C419-4DA2-A1D8-5F56E5AAA30D}.Production|Mixed Platforms.ActiveCfg = Release_Lite|Any CPU
		{4186D1D2-C419-4DA2-A1D8-5F56E5AAA30D}.Production|Mixed Platforms.Build.0 = Release_Lite|Any CPU
		{4186D1D2-C419-4DA2-A1D8-5F56E5AAA30D}.Production|PHP 5.3.ActiveCfg = Release_Lite|Any CPU
		{4186D1D2-C419-4DA2-A1D8-5F56E5AAA30D}.Production|x86.ActiveCfg = Release_Lite|Any CPU
		{4186D1D2-C419-4DA2-A1D8-5F56E5AAA30D}.Release_Lite|Any CPU.ActiveCfg = Release_Lite|Any CPU
		{4186D1D2-C419-4DA2-A1D8-5F56E5AAA30D}.Release_Lite|Any CPU.Build.0 = Release_Lite|Any CPU
		{4186D1D2-C419-4DA2-A1D8-5F56E5AAA30D}.Release_Lite|ARM.ActiveCfg = Release_Lite|Any CPU
		{4186D1D2-C419-4DA2-A1D8-5F56E5AAA30D}.Release_Lite|Mixed Platforms.ActiveCfg = Release_Lite|Any CPU
		{4186D1D2-C419-4DA2-A1D8-5F56E5AAA30D}.Release_Lite|Mixed Platforms.Build.0 = Release_Lite|Any CPU
		{4186D1D2-C419-4DA2-A1D8-5F56E5AAA30D}.Release_Lite|PHP 5.3.ActiveCfg = Release_Lite|Any CPU
		{4186D1D2-C419-4DA2-A1D8-5F56E5AAA30D}.Release_Lite|x86.ActiveCfg = Release_Lite|Any CPU
		{4186D1D2-C419-4DA2-A1D8-5F56E5AAA30D}.Release|Any CPU.ActiveCfg = Release|Any CPU
		{4186D1D2-C419-4DA2-A1D8-5F56E5AAA30D}.Release|Any CPU.Build.0 = Release|Any CPU
		{4186D1D2-C419-4DA2-A1D8-5F56E5AAA30D}.Release|ARM.ActiveCfg = Release|Any CPU
		{4186D1D2-C419-4DA2-A1D8-5F56E5AAA30D}.Release|Mixed Platforms.ActiveCfg = Release|Any CPU
		{4186D1D2-C419-4DA2-A1D8-5F56E5AAA30D}.Release|Mixed Platforms.Build.0 = Release|Any CPU
		{4186D1D2-C419-4DA2-A1D8-5F56E5AAA30D}.Release|PHP 5.3.ActiveCfg = Release|Any CPU
		{4186D1D2-C419-4DA2-A1D8-5F56E5AAA30D}.Release|x86.ActiveCfg = Release|Any CPU
		{4186D1D2-C419-4DA2-A1D8-5F56E5AAA30D}.Staging|Any CPU.ActiveCfg = Release_Lite|Any CPU
		{4186D1D2-C419-4DA2-A1D8-5F56E5AAA30D}.Staging|Any CPU.Build.0 = Release_Lite|Any CPU
		{4186D1D2-C419-4DA2-A1D8-5F56E5AAA30D}.Staging|ARM.ActiveCfg = Release_Lite|Any CPU
		{4186D1D2-C419-4DA2-A1D8-5F56E5AAA30D}.Staging|Mixed Platforms.ActiveCfg = Release_Lite|Any CPU
		{4186D1D2-C419-4DA2-A1D8-5F56E5AAA30D}.Staging|Mixed Platforms.Build.0 = Release_Lite|Any CPU
		{4186D1D2-C419-4DA2-A1D8-5F56E5AAA30D}.Staging|PHP 5.3.ActiveCfg = Release_Lite|Any CPU
		{4186D1D2-C419-4DA2-A1D8-5F56E5AAA30D}.Staging|x86.ActiveCfg = Release_Lite|Any CPU
		{B4CA0BB9-C805-4FC2-BDF4-9F729A661EB0}.ClientProfiles|Any CPU.ActiveCfg = Release_Lite|Any CPU
		{B4CA0BB9-C805-4FC2-BDF4-9F729A661EB0}.ClientProfiles|Any CPU.Build.0 = Release_Lite|Any CPU
		{B4CA0BB9-C805-4FC2-BDF4-9F729A661EB0}.ClientProfiles|ARM.ActiveCfg = Release_Lite|Any CPU
		{B4CA0BB9-C805-4FC2-BDF4-9F729A661EB0}.ClientProfiles|Mixed Platforms.ActiveCfg = Release_Lite|Any CPU
		{B4CA0BB9-C805-4FC2-BDF4-9F729A661EB0}.ClientProfiles|Mixed Platforms.Build.0 = Release_Lite|Any CPU
		{B4CA0BB9-C805-4FC2-BDF4-9F729A661EB0}.ClientProfiles|PHP 5.3.ActiveCfg = Release_Lite|Any CPU
		{B4CA0BB9-C805-4FC2-BDF4-9F729A661EB0}.ClientProfiles|x86.ActiveCfg = Release_Lite|Any CPU
		{B4CA0BB9-C805-4FC2-BDF4-9F729A661EB0}.Debug_Lite|Any CPU.ActiveCfg = Debug|Any CPU
		{B4CA0BB9-C805-4FC2-BDF4-9F729A661EB0}.Debug_Lite|Any CPU.Build.0 = Debug|Any CPU
		{B4CA0BB9-C805-4FC2-BDF4-9F729A661EB0}.Debug_Lite|ARM.ActiveCfg = Debug|Any CPU
		{B4CA0BB9-C805-4FC2-BDF4-9F729A661EB0}.Debug_Lite|Mixed Platforms.ActiveCfg = Debug|Any CPU
		{B4CA0BB9-C805-4FC2-BDF4-9F729A661EB0}.Debug_Lite|Mixed Platforms.Build.0 = Debug|Any CPU
		{B4CA0BB9-C805-4FC2-BDF4-9F729A661EB0}.Debug_Lite|PHP 5.3.ActiveCfg = Debug|Any CPU
		{B4CA0BB9-C805-4FC2-BDF4-9F729A661EB0}.Debug_Lite|x86.ActiveCfg = Debug|Any CPU
		{B4CA0BB9-C805-4FC2-BDF4-9F729A661EB0}.Debug|Any CPU.ActiveCfg = Debug|Any CPU
		{B4CA0BB9-C805-4FC2-BDF4-9F729A661EB0}.Debug|Any CPU.Build.0 = Debug|Any CPU
		{B4CA0BB9-C805-4FC2-BDF4-9F729A661EB0}.Debug|ARM.ActiveCfg = Debug|Any CPU
		{B4CA0BB9-C805-4FC2-BDF4-9F729A661EB0}.Debug|Mixed Platforms.ActiveCfg = Debug|Any CPU
		{B4CA0BB9-C805-4FC2-BDF4-9F729A661EB0}.Debug|Mixed Platforms.Build.0 = Debug|Any CPU
		{B4CA0BB9-C805-4FC2-BDF4-9F729A661EB0}.Debug|PHP 5.3.ActiveCfg = Debug|Any CPU
		{B4CA0BB9-C805-4FC2-BDF4-9F729A661EB0}.Debug|x86.ActiveCfg = Debug|Any CPU
		{B4CA0BB9-C805-4FC2-BDF4-9F729A661EB0}.Local|Any CPU.ActiveCfg = Release_Lite|Any CPU
		{B4CA0BB9-C805-4FC2-BDF4-9F729A661EB0}.Local|Any CPU.Build.0 = Release_Lite|Any CPU
		{B4CA0BB9-C805-4FC2-BDF4-9F729A661EB0}.Local|ARM.ActiveCfg = Release_Lite|Any CPU
		{B4CA0BB9-C805-4FC2-BDF4-9F729A661EB0}.Local|Mixed Platforms.ActiveCfg = Release_Lite|Any CPU
		{B4CA0BB9-C805-4FC2-BDF4-9F729A661EB0}.Local|Mixed Platforms.Build.0 = Release_Lite|Any CPU
		{B4CA0BB9-C805-4FC2-BDF4-9F729A661EB0}.Local|PHP 5.3.ActiveCfg = Release_Lite|Any CPU
		{B4CA0BB9-C805-4FC2-BDF4-9F729A661EB0}.Local|x86.ActiveCfg = Release_Lite|Any CPU
		{B4CA0BB9-C805-4FC2-BDF4-9F729A661EB0}.Production|Any CPU.ActiveCfg = Release_Lite|Any CPU
		{B4CA0BB9-C805-4FC2-BDF4-9F729A661EB0}.Production|Any CPU.Build.0 = Release_Lite|Any CPU
		{B4CA0BB9-C805-4FC2-BDF4-9F729A661EB0}.Production|ARM.ActiveCfg = Release_Lite|Any CPU
		{B4CA0BB9-C805-4FC2-BDF4-9F729A661EB0}.Production|Mixed Platforms.ActiveCfg = Release_Lite|Any CPU
		{B4CA0BB9-C805-4FC2-BDF4-9F729A661EB0}.Production|Mixed Platforms.Build.0 = Release_Lite|Any CPU
		{B4CA0BB9-C805-4FC2-BDF4-9F729A661EB0}.Production|PHP 5.3.ActiveCfg = Release_Lite|Any CPU
		{B4CA0BB9-C805-4FC2-BDF4-9F729A661EB0}.Production|x86.ActiveCfg = Release_Lite|Any CPU
		{B4CA0BB9-C805-4FC2-BDF4-9F729A661EB0}.Release_Lite|Any CPU.ActiveCfg = Release_Lite|Any CPU
		{B4CA0BB9-C805-4FC2-BDF4-9F729A661EB0}.Release_Lite|Any CPU.Build.0 = Release_Lite|Any CPU
		{B4CA0BB9-C805-4FC2-BDF4-9F729A661EB0}.Release_Lite|ARM.ActiveCfg = Release_Lite|Any CPU
		{B4CA0BB9-C805-4FC2-BDF4-9F729A661EB0}.Release_Lite|Mixed Platforms.ActiveCfg = Release_Lite|Any CPU
		{B4CA0BB9-C805-4FC2-BDF4-9F729A661EB0}.Release_Lite|Mixed Platforms.Build.0 = Release_Lite|Any CPU
		{B4CA0BB9-C805-4FC2-BDF4-9F729A661EB0}.Release_Lite|PHP 5.3.ActiveCfg = Release_Lite|Any CPU
		{B4CA0BB9-C805-4FC2-BDF4-9F729A661EB0}.Release_Lite|x86.ActiveCfg = Release_Lite|Any CPU
		{B4CA0BB9-C805-4FC2-BDF4-9F729A661EB0}.Release|Any CPU.ActiveCfg = Release|Any CPU
		{B4CA0BB9-C805-4FC2-BDF4-9F729A661EB0}.Release|Any CPU.Build.0 = Release|Any CPU
		{B4CA0BB9-C805-4FC2-BDF4-9F729A661EB0}.Release|ARM.ActiveCfg = Release|Any CPU
		{B4CA0BB9-C805-4FC2-BDF4-9F729A661EB0}.Release|Mixed Platforms.ActiveCfg = Release|Any CPU
		{B4CA0BB9-C805-4FC2-BDF4-9F729A661EB0}.Release|Mixed Platforms.Build.0 = Release|Any CPU
		{B4CA0BB9-C805-4FC2-BDF4-9F729A661EB0}.Release|PHP 5.3.ActiveCfg = Release|Any CPU
		{B4CA0BB9-C805-4FC2-BDF4-9F729A661EB0}.Release|x86.ActiveCfg = Release|Any CPU
		{B4CA0BB9-C805-4FC2-BDF4-9F729A661EB0}.Staging|Any CPU.ActiveCfg = Release_Lite|Any CPU
		{B4CA0BB9-C805-4FC2-BDF4-9F729A661EB0}.Staging|Any CPU.Build.0 = Release_Lite|Any CPU
		{B4CA0BB9-C805-4FC2-BDF4-9F729A661EB0}.Staging|ARM.ActiveCfg = Release_Lite|Any CPU
		{B4CA0BB9-C805-4FC2-BDF4-9F729A661EB0}.Staging|Mixed Platforms.ActiveCfg = Release_Lite|Any CPU
		{B4CA0BB9-C805-4FC2-BDF4-9F729A661EB0}.Staging|Mixed Platforms.Build.0 = Release_Lite|Any CPU
		{B4CA0BB9-C805-4FC2-BDF4-9F729A661EB0}.Staging|PHP 5.3.ActiveCfg = Release_Lite|Any CPU
		{B4CA0BB9-C805-4FC2-BDF4-9F729A661EB0}.Staging|x86.ActiveCfg = Release_Lite|Any CPU
		{FAC86E98-A611-4800-B374-83E915925F6D}.ClientProfiles|Any CPU.ActiveCfg = Release_Lite|Any CPU
		{FAC86E98-A611-4800-B374-83E915925F6D}.ClientProfiles|Any CPU.Build.0 = Release_Lite|Any CPU
		{FAC86E98-A611-4800-B374-83E915925F6D}.ClientProfiles|ARM.ActiveCfg = Release_Lite|Any CPU
		{FAC86E98-A611-4800-B374-83E915925F6D}.ClientProfiles|Mixed Platforms.ActiveCfg = Release_Lite|Any CPU
		{FAC86E98-A611-4800-B374-83E915925F6D}.ClientProfiles|Mixed Platforms.Build.0 = Release_Lite|Any CPU
		{FAC86E98-A611-4800-B374-83E915925F6D}.ClientProfiles|PHP 5.3.ActiveCfg = Release_Lite|Any CPU
		{FAC86E98-A611-4800-B374-83E915925F6D}.ClientProfiles|x86.ActiveCfg = Release_Lite|Any CPU
		{FAC86E98-A611-4800-B374-83E915925F6D}.Debug_Lite|Any CPU.ActiveCfg = Debug|Any CPU
		{FAC86E98-A611-4800-B374-83E915925F6D}.Debug_Lite|Any CPU.Build.0 = Debug|Any CPU
		{FAC86E98-A611-4800-B374-83E915925F6D}.Debug_Lite|ARM.ActiveCfg = Debug|Any CPU
		{FAC86E98-A611-4800-B374-83E915925F6D}.Debug_Lite|Mixed Platforms.ActiveCfg = Debug|Any CPU
		{FAC86E98-A611-4800-B374-83E915925F6D}.Debug_Lite|Mixed Platforms.Build.0 = Debug|Any CPU
		{FAC86E98-A611-4800-B374-83E915925F6D}.Debug_Lite|PHP 5.3.ActiveCfg = Debug|Any CPU
		{FAC86E98-A611-4800-B374-83E915925F6D}.Debug_Lite|x86.ActiveCfg = Debug|Any CPU
		{FAC86E98-A611-4800-B374-83E915925F6D}.Debug|Any CPU.ActiveCfg = Debug|Any CPU
		{FAC86E98-A611-4800-B374-83E915925F6D}.Debug|Any CPU.Build.0 = Debug|Any CPU
		{FAC86E98-A611-4800-B374-83E915925F6D}.Debug|ARM.ActiveCfg = Debug|Any CPU
		{FAC86E98-A611-4800-B374-83E915925F6D}.Debug|Mixed Platforms.ActiveCfg = Debug|Any CPU
		{FAC86E98-A611-4800-B374-83E915925F6D}.Debug|Mixed Platforms.Build.0 = Debug|Any CPU
		{FAC86E98-A611-4800-B374-83E915925F6D}.Debug|PHP 5.3.ActiveCfg = Debug|Any CPU
		{FAC86E98-A611-4800-B374-83E915925F6D}.Debug|x86.ActiveCfg = Debug|Any CPU
		{FAC86E98-A611-4800-B374-83E915925F6D}.Local|Any CPU.ActiveCfg = Release_Lite|Any CPU
		{FAC86E98-A611-4800-B374-83E915925F6D}.Local|Any CPU.Build.0 = Release_Lite|Any CPU
		{FAC86E98-A611-4800-B374-83E915925F6D}.Local|ARM.ActiveCfg = Release_Lite|Any CPU
		{FAC86E98-A611-4800-B374-83E915925F6D}.Local|Mixed Platforms.ActiveCfg = Release_Lite|Any CPU
		{FAC86E98-A611-4800-B374-83E915925F6D}.Local|Mixed Platforms.Build.0 = Release_Lite|Any CPU
		{FAC86E98-A611-4800-B374-83E915925F6D}.Local|PHP 5.3.ActiveCfg = Release_Lite|Any CPU
		{FAC86E98-A611-4800-B374-83E915925F6D}.Local|x86.ActiveCfg = Release_Lite|Any CPU
		{FAC86E98-A611-4800-B374-83E915925F6D}.Production|Any CPU.ActiveCfg = Release_Lite|Any CPU
		{FAC86E98-A611-4800-B374-83E915925F6D}.Production|Any CPU.Build.0 = Release_Lite|Any CPU
		{FAC86E98-A611-4800-B374-83E915925F6D}.Production|ARM.ActiveCfg = Release_Lite|Any CPU
		{FAC86E98-A611-4800-B374-83E915925F6D}.Production|Mixed Platforms.ActiveCfg = Release_Lite|Any CPU
		{FAC86E98-A611-4800-B374-83E915925F6D}.Production|Mixed Platforms.Build.0 = Release_Lite|Any CPU
		{FAC86E98-A611-4800-B374-83E915925F6D}.Production|PHP 5.3.ActiveCfg = Release_Lite|Any CPU
		{FAC86E98-A611-4800-B374-83E915925F6D}.Production|x86.ActiveCfg = Release_Lite|Any CPU
		{FAC86E98-A611-4800-B374-83E915925F6D}.Release_Lite|Any CPU.ActiveCfg = Release_Lite|Any CPU
		{FAC86E98-A611-4800-B374-83E915925F6D}.Release_Lite|Any CPU.Build.0 = Release_Lite|Any CPU
		{FAC86E98-A611-4800-B374-83E915925F6D}.Release_Lite|ARM.ActiveCfg = Release_Lite|Any CPU
		{FAC86E98-A611-4800-B374-83E915925F6D}.Release_Lite|Mixed Platforms.ActiveCfg = Release_Lite|Any CPU
		{FAC86E98-A611-4800-B374-83E915925F6D}.Release_Lite|Mixed Platforms.Build.0 = Release_Lite|Any CPU
		{FAC86E98-A611-4800-B374-83E915925F6D}.Release_Lite|PHP 5.3.ActiveCfg = Release_Lite|Any CPU
		{FAC86E98-A611-4800-B374-83E915925F6D}.Release_Lite|x86.ActiveCfg = Release_Lite|Any CPU
		{FAC86E98-A611-4800-B374-83E915925F6D}.Release|Any CPU.ActiveCfg = Release|Any CPU
		{FAC86E98-A611-4800-B374-83E915925F6D}.Release|Any CPU.Build.0 = Release|Any CPU
		{FAC86E98-A611-4800-B374-83E915925F6D}.Release|ARM.ActiveCfg = Release|Any CPU
		{FAC86E98-A611-4800-B374-83E915925F6D}.Release|Mixed Platforms.ActiveCfg = Release|Any CPU
		{FAC86E98-A611-4800-B374-83E915925F6D}.Release|Mixed Platforms.Build.0 = Release|Any CPU
		{FAC86E98-A611-4800-B374-83E915925F6D}.Release|PHP 5.3.ActiveCfg = Release|Any CPU
		{FAC86E98-A611-4800-B374-83E915925F6D}.Release|x86.ActiveCfg = Release|Any CPU
		{FAC86E98-A611-4800-B374-83E915925F6D}.Staging|Any CPU.ActiveCfg = Release_Lite|Any CPU
		{FAC86E98-A611-4800-B374-83E915925F6D}.Staging|Any CPU.Build.0 = Release_Lite|Any CPU
		{FAC86E98-A611-4800-B374-83E915925F6D}.Staging|ARM.ActiveCfg = Release_Lite|Any CPU
		{FAC86E98-A611-4800-B374-83E915925F6D}.Staging|Mixed Platforms.ActiveCfg = Release_Lite|Any CPU
		{FAC86E98-A611-4800-B374-83E915925F6D}.Staging|Mixed Platforms.Build.0 = Release_Lite|Any CPU
		{FAC86E98-A611-4800-B374-83E915925F6D}.Staging|PHP 5.3.ActiveCfg = Release_Lite|Any CPU
		{FAC86E98-A611-4800-B374-83E915925F6D}.Staging|x86.ActiveCfg = Release_Lite|Any CPU
		{6D32BDDD-7445-4619-9474-149715C8D42E}.ClientProfiles|Any CPU.ActiveCfg = Release_Lite|Any CPU
		{6D32BDDD-7445-4619-9474-149715C8D42E}.ClientProfiles|Any CPU.Build.0 = Release_Lite|Any CPU
		{6D32BDDD-7445-4619-9474-149715C8D42E}.ClientProfiles|ARM.ActiveCfg = Release_Lite|Any CPU
		{6D32BDDD-7445-4619-9474-149715C8D42E}.ClientProfiles|Mixed Platforms.ActiveCfg = Release_Lite|Any CPU
		{6D32BDDD-7445-4619-9474-149715C8D42E}.ClientProfiles|Mixed Platforms.Build.0 = Release_Lite|Any CPU
		{6D32BDDD-7445-4619-9474-149715C8D42E}.ClientProfiles|PHP 5.3.ActiveCfg = Release_Lite|Any CPU
		{6D32BDDD-7445-4619-9474-149715C8D42E}.ClientProfiles|x86.ActiveCfg = Release_Lite|Any CPU
		{6D32BDDD-7445-4619-9474-149715C8D42E}.Debug_Lite|Any CPU.ActiveCfg = Debug|Any CPU
		{6D32BDDD-7445-4619-9474-149715C8D42E}.Debug_Lite|Any CPU.Build.0 = Debug|Any CPU
		{6D32BDDD-7445-4619-9474-149715C8D42E}.Debug_Lite|ARM.ActiveCfg = Debug|Any CPU
		{6D32BDDD-7445-4619-9474-149715C8D42E}.Debug_Lite|Mixed Platforms.ActiveCfg = Debug|Any CPU
		{6D32BDDD-7445-4619-9474-149715C8D42E}.Debug_Lite|Mixed Platforms.Build.0 = Debug|Any CPU
		{6D32BDDD-7445-4619-9474-149715C8D42E}.Debug_Lite|PHP 5.3.ActiveCfg = Debug|Any CPU
		{6D32BDDD-7445-4619-9474-149715C8D42E}.Debug_Lite|x86.ActiveCfg = Debug|Any CPU
		{6D32BDDD-7445-4619-9474-149715C8D42E}.Debug|Any CPU.ActiveCfg = Debug|Any CPU
		{6D32BDDD-7445-4619-9474-149715C8D42E}.Debug|Any CPU.Build.0 = Debug|Any CPU
		{6D32BDDD-7445-4619-9474-149715C8D42E}.Debug|ARM.ActiveCfg = Debug|Any CPU
		{6D32BDDD-7445-4619-9474-149715C8D42E}.Debug|Mixed Platforms.ActiveCfg = Debug|Any CPU
		{6D32BDDD-7445-4619-9474-149715C8D42E}.Debug|Mixed Platforms.Build.0 = Debug|Any CPU
		{6D32BDDD-7445-4619-9474-149715C8D42E}.Debug|PHP 5.3.ActiveCfg = Debug|Any CPU
		{6D32BDDD-7445-4619-9474-149715C8D42E}.Debug|x86.ActiveCfg = Debug|Any CPU
		{6D32BDDD-7445-4619-9474-149715C8D42E}.Local|Any CPU.ActiveCfg = Release_Lite|Any CPU
		{6D32BDDD-7445-4619-9474-149715C8D42E}.Local|Any CPU.Build.0 = Release_Lite|Any CPU
		{6D32BDDD-7445-4619-9474-149715C8D42E}.Local|ARM.ActiveCfg = Release_Lite|Any CPU
		{6D32BDDD-7445-4619-9474-149715C8D42E}.Local|Mixed Platforms.ActiveCfg = Release_Lite|Any CPU
		{6D32BDDD-7445-4619-9474-149715C8D42E}.Local|Mixed Platforms.Build.0 = Release_Lite|Any CPU
		{6D32BDDD-7445-4619-9474-149715C8D42E}.Local|PHP 5.3.ActiveCfg = Release_Lite|Any CPU
		{6D32BDDD-7445-4619-9474-149715C8D42E}.Local|x86.ActiveCfg = Release_Lite|Any CPU
		{6D32BDDD-7445-4619-9474-149715C8D42E}.Production|Any CPU.ActiveCfg = Release_Lite|Any CPU
		{6D32BDDD-7445-4619-9474-149715C8D42E}.Production|Any CPU.Build.0 = Release_Lite|Any CPU
		{6D32BDDD-7445-4619-9474-149715C8D42E}.Production|ARM.ActiveCfg = Release_Lite|Any CPU
		{6D32BDDD-7445-4619-9474-149715C8D42E}.Production|Mixed Platforms.ActiveCfg = Release_Lite|Any CPU
		{6D32BDDD-7445-4619-9474-149715C8D42E}.Production|Mixed Platforms.Build.0 = Release_Lite|Any CPU
		{6D32BDDD-7445-4619-9474-149715C8D42E}.Production|PHP 5.3.ActiveCfg = Release_Lite|Any CPU
		{6D32BDDD-7445-4619-9474-149715C8D42E}.Production|x86.ActiveCfg = Release_Lite|Any CPU
		{6D32BDDD-7445-4619-9474-149715C8D42E}.Release_Lite|Any CPU.ActiveCfg = Release_Lite|Any CPU
		{6D32BDDD-7445-4619-9474-149715C8D42E}.Release_Lite|Any CPU.Build.0 = Release_Lite|Any CPU
		{6D32BDDD-7445-4619-9474-149715C8D42E}.Release_Lite|ARM.ActiveCfg = Release_Lite|Any CPU
		{6D32BDDD-7445-4619-9474-149715C8D42E}.Release_Lite|Mixed Platforms.ActiveCfg = Release_Lite|Any CPU
		{6D32BDDD-7445-4619-9474-149715C8D42E}.Release_Lite|Mixed Platforms.Build.0 = Release_Lite|Any CPU
		{6D32BDDD-7445-4619-9474-149715C8D42E}.Release_Lite|PHP 5.3.ActiveCfg = Release_Lite|Any CPU
		{6D32BDDD-7445-4619-9474-149715C8D42E}.Release_Lite|x86.ActiveCfg = Release_Lite|Any CPU
		{6D32BDDD-7445-4619-9474-149715C8D42E}.Release|Any CPU.ActiveCfg = Release|Any CPU
		{6D32BDDD-7445-4619-9474-149715C8D42E}.Release|Any CPU.Build.0 = Release|Any CPU
		{6D32BDDD-7445-4619-9474-149715C8D42E}.Release|ARM.ActiveCfg = Release|Any CPU
		{6D32BDDD-7445-4619-9474-149715C8D42E}.Release|Mixed Platforms.ActiveCfg = Release|Any CPU
		{6D32BDDD-7445-4619-9474-149715C8D42E}.Release|Mixed Platforms.Build.0 = Release|Any CPU
		{6D32BDDD-7445-4619-9474-149715C8D42E}.Release|PHP 5.3.ActiveCfg = Release|Any CPU
		{6D32BDDD-7445-4619-9474-149715C8D42E}.Release|x86.ActiveCfg = Release|Any CPU
		{6D32BDDD-7445-4619-9474-149715C8D42E}.Staging|Any CPU.ActiveCfg = Release_Lite|Any CPU
		{6D32BDDD-7445-4619-9474-149715C8D42E}.Staging|Any CPU.Build.0 = Release_Lite|Any CPU
		{6D32BDDD-7445-4619-9474-149715C8D42E}.Staging|ARM.ActiveCfg = Release_Lite|Any CPU
		{6D32BDDD-7445-4619-9474-149715C8D42E}.Staging|Mixed Platforms.ActiveCfg = Release_Lite|Any CPU
		{6D32BDDD-7445-4619-9474-149715C8D42E}.Staging|Mixed Platforms.Build.0 = Release_Lite|Any CPU
		{6D32BDDD-7445-4619-9474-149715C8D42E}.Staging|PHP 5.3.ActiveCfg = Release_Lite|Any CPU
		{6D32BDDD-7445-4619-9474-149715C8D42E}.Staging|x86.ActiveCfg = Release_Lite|Any CPU
		{742DB613-45BB-4F8F-A73F-B559901F6548}.ClientProfiles|Any CPU.ActiveCfg = Release_Lite|Any CPU
		{742DB613-45BB-4F8F-A73F-B559901F6548}.ClientProfiles|Any CPU.Build.0 = Release_Lite|Any CPU
		{742DB613-45BB-4F8F-A73F-B559901F6548}.ClientProfiles|ARM.ActiveCfg = Release_Lite|Any CPU
		{742DB613-45BB-4F8F-A73F-B559901F6548}.ClientProfiles|Mixed Platforms.ActiveCfg = Release_Lite|Any CPU
		{742DB613-45BB-4F8F-A73F-B559901F6548}.ClientProfiles|Mixed Platforms.Build.0 = Release_Lite|Any CPU
		{742DB613-45BB-4F8F-A73F-B559901F6548}.ClientProfiles|PHP 5.3.ActiveCfg = Release_Lite|Any CPU
		{742DB613-45BB-4F8F-A73F-B559901F6548}.ClientProfiles|x86.ActiveCfg = Release_Lite|Any CPU
		{742DB613-45BB-4F8F-A73F-B559901F6548}.Debug_Lite|Any CPU.ActiveCfg = Debug|Any CPU
		{742DB613-45BB-4F8F-A73F-B559901F6548}.Debug_Lite|Any CPU.Build.0 = Debug|Any CPU
		{742DB613-45BB-4F8F-A73F-B559901F6548}.Debug_Lite|ARM.ActiveCfg = Debug|Any CPU
		{742DB613-45BB-4F8F-A73F-B559901F6548}.Debug_Lite|Mixed Platforms.ActiveCfg = Debug|Any CPU
		{742DB613-45BB-4F8F-A73F-B559901F6548}.Debug_Lite|Mixed Platforms.Build.0 = Debug|Any CPU
		{742DB613-45BB-4F8F-A73F-B559901F6548}.Debug_Lite|PHP 5.3.ActiveCfg = Debug|Any CPU
		{742DB613-45BB-4F8F-A73F-B559901F6548}.Debug_Lite|x86.ActiveCfg = Debug|Any CPU
		{742DB613-45BB-4F8F-A73F-B559901F6548}.Debug|Any CPU.ActiveCfg = Debug|Any CPU
		{742DB613-45BB-4F8F-A73F-B559901F6548}.Debug|Any CPU.Build.0 = Debug|Any CPU
		{742DB613-45BB-4F8F-A73F-B559901F6548}.Debug|ARM.ActiveCfg = Debug|Any CPU
		{742DB613-45BB-4F8F-A73F-B559901F6548}.Debug|Mixed Platforms.ActiveCfg = Debug|Any CPU
		{742DB613-45BB-4F8F-A73F-B559901F6548}.Debug|Mixed Platforms.Build.0 = Debug|Any CPU
		{742DB613-45BB-4F8F-A73F-B559901F6548}.Debug|PHP 5.3.ActiveCfg = Debug|Any CPU
		{742DB613-45BB-4F8F-A73F-B559901F6548}.Debug|x86.ActiveCfg = Debug|Any CPU
		{742DB613-45BB-4F8F-A73F-B559901F6548}.Local|Any CPU.ActiveCfg = Release_Lite|Any CPU
		{742DB613-45BB-4F8F-A73F-B559901F6548}.Local|Any CPU.Build.0 = Release_Lite|Any CPU
		{742DB613-45BB-4F8F-A73F-B559901F6548}.Local|ARM.ActiveCfg = Release_Lite|Any CPU
		{742DB613-45BB-4F8F-A73F-B559901F6548}.Local|Mixed Platforms.ActiveCfg = Release_Lite|Any CPU
		{742DB613-45BB-4F8F-A73F-B559901F6548}.Local|Mixed Platforms.Build.0 = Release_Lite|Any CPU
		{742DB613-45BB-4F8F-A73F-B559901F6548}.Local|PHP 5.3.ActiveCfg = Release_Lite|Any CPU
		{742DB613-45BB-4F8F-A73F-B559901F6548}.Local|x86.ActiveCfg = Release_Lite|Any CPU
		{742DB613-45BB-4F8F-A73F-B559901F6548}.Production|Any CPU.ActiveCfg = Release_Lite|Any CPU
		{742DB613-45BB-4F8F-A73F-B559901F6548}.Production|Any CPU.Build.0 = Release_Lite|Any CPU
		{742DB613-45BB-4F8F-A73F-B559901F6548}.Production|ARM.ActiveCfg = Release_Lite|Any CPU
		{742DB613-45BB-4F8F-A73F-B559901F6548}.Production|Mixed Platforms.ActiveCfg = Release_Lite|Any CPU
		{742DB613-45BB-4F8F-A73F-B559901F6548}.Production|Mixed Platforms.Build.0 = Release_Lite|Any CPU
		{742DB613-45BB-4F8F-A73F-B559901F6548}.Production|PHP 5.3.ActiveCfg = Release_Lite|Any CPU
		{742DB613-45BB-4F8F-A73F-B559901F6548}.Production|x86.ActiveCfg = Release_Lite|Any CPU
		{742DB613-45BB-4F8F-A73F-B559901F6548}.Release_Lite|Any CPU.ActiveCfg = Release_Lite|Any CPU
		{742DB613-45BB-4F8F-A73F-B559901F6548}.Release_Lite|Any CPU.Build.0 = Release_Lite|Any CPU
		{742DB613-45BB-4F8F-A73F-B559901F6548}.Release_Lite|ARM.ActiveCfg = Release_Lite|Any CPU
		{742DB613-45BB-4F8F-A73F-B559901F6548}.Release_Lite|Mixed Platforms.ActiveCfg = Release_Lite|Any CPU
		{742DB613-45BB-4F8F-A73F-B559901F6548}.Release_Lite|Mixed Platforms.Build.0 = Release_Lite|Any CPU
		{742DB613-45BB-4F8F-A73F-B559901F6548}.Release_Lite|PHP 5.3.ActiveCfg = Release_Lite|Any CPU
		{742DB613-45BB-4F8F-A73F-B559901F6548}.Release_Lite|x86.ActiveCfg = Release_Lite|Any CPU
		{742DB613-45BB-4F8F-A73F-B559901F6548}.Release|Any CPU.ActiveCfg = Release|Any CPU
		{742DB613-45BB-4F8F-A73F-B559901F6548}.Release|Any CPU.Build.0 = Release|Any CPU
		{742DB613-45BB-4F8F-A73F-B559901F6548}.Release|ARM.ActiveCfg = Release|Any CPU
		{742DB613-45BB-4F8F-A73F-B559901F6548}.Release|Mixed Platforms.ActiveCfg = Release|Any CPU
		{742DB613-45BB-4F8F-A73F-B559901F6548}.Release|Mixed Platforms.Build.0 = Release|Any CPU
		{742DB613-45BB-4F8F-A73F-B559901F6548}.Release|PHP 5.3.ActiveCfg = Release|Any CPU
		{742DB613-45BB-4F8F-A73F-B559901F6548}.Release|x86.ActiveCfg = Release|Any CPU
		{742DB613-45BB-4F8F-A73F-B559901F6548}.Staging|Any CPU.ActiveCfg = Release_Lite|Any CPU
		{742DB613-45BB-4F8F-A73F-B559901F6548}.Staging|Any CPU.Build.0 = Release_Lite|Any CPU
		{742DB613-45BB-4F8F-A73F-B559901F6548}.Staging|ARM.ActiveCfg = Release_Lite|Any CPU
		{742DB613-45BB-4F8F-A73F-B559901F6548}.Staging|Mixed Platforms.ActiveCfg = Release_Lite|Any CPU
		{742DB613-45BB-4F8F-A73F-B559901F6548}.Staging|Mixed Platforms.Build.0 = Release_Lite|Any CPU
		{742DB613-45BB-4F8F-A73F-B559901F6548}.Staging|PHP 5.3.ActiveCfg = Release_Lite|Any CPU
		{742DB613-45BB-4F8F-A73F-B559901F6548}.Staging|x86.ActiveCfg = Release_Lite|Any CPU
		{1FF8200D-1E01-4ABA-A876-C313E286E1FC}.ClientProfiles|Any CPU.ActiveCfg = Release_Lite|Any CPU
		{1FF8200D-1E01-4ABA-A876-C313E286E1FC}.ClientProfiles|Any CPU.Build.0 = Release_Lite|Any CPU
		{1FF8200D-1E01-4ABA-A876-C313E286E1FC}.ClientProfiles|ARM.ActiveCfg = Release_Lite|Any CPU
		{1FF8200D-1E01-4ABA-A876-C313E286E1FC}.ClientProfiles|Mixed Platforms.ActiveCfg = Release_Lite|Any CPU
		{1FF8200D-1E01-4ABA-A876-C313E286E1FC}.ClientProfiles|Mixed Platforms.Build.0 = Release_Lite|Any CPU
		{1FF8200D-1E01-4ABA-A876-C313E286E1FC}.ClientProfiles|PHP 5.3.ActiveCfg = Release_Lite|Any CPU
		{1FF8200D-1E01-4ABA-A876-C313E286E1FC}.ClientProfiles|x86.ActiveCfg = Release_Lite|Any CPU
		{1FF8200D-1E01-4ABA-A876-C313E286E1FC}.Debug_Lite|Any CPU.ActiveCfg = Debug|Any CPU
		{1FF8200D-1E01-4ABA-A876-C313E286E1FC}.Debug_Lite|Any CPU.Build.0 = Debug|Any CPU
		{1FF8200D-1E01-4ABA-A876-C313E286E1FC}.Debug_Lite|ARM.ActiveCfg = Debug|Any CPU
		{1FF8200D-1E01-4ABA-A876-C313E286E1FC}.Debug_Lite|Mixed Platforms.ActiveCfg = Debug|Any CPU
		{1FF8200D-1E01-4ABA-A876-C313E286E1FC}.Debug_Lite|Mixed Platforms.Build.0 = Debug|Any CPU
		{1FF8200D-1E01-4ABA-A876-C313E286E1FC}.Debug_Lite|PHP 5.3.ActiveCfg = Debug|Any CPU
		{1FF8200D-1E01-4ABA-A876-C313E286E1FC}.Debug_Lite|x86.ActiveCfg = Debug|Any CPU
		{1FF8200D-1E01-4ABA-A876-C313E286E1FC}.Debug|Any CPU.ActiveCfg = Debug|Any CPU
		{1FF8200D-1E01-4ABA-A876-C313E286E1FC}.Debug|Any CPU.Build.0 = Debug|Any CPU
		{1FF8200D-1E01-4ABA-A876-C313E286E1FC}.Debug|ARM.ActiveCfg = Debug|Any CPU
		{1FF8200D-1E01-4ABA-A876-C313E286E1FC}.Debug|Mixed Platforms.ActiveCfg = Debug|Any CPU
		{1FF8200D-1E01-4ABA-A876-C313E286E1FC}.Debug|Mixed Platforms.Build.0 = Debug|Any CPU
		{1FF8200D-1E01-4ABA-A876-C313E286E1FC}.Debug|PHP 5.3.ActiveCfg = Debug|Any CPU
		{1FF8200D-1E01-4ABA-A876-C313E286E1FC}.Debug|x86.ActiveCfg = Debug|Any CPU
		{1FF8200D-1E01-4ABA-A876-C313E286E1FC}.Local|Any CPU.ActiveCfg = Release_Lite|Any CPU
		{1FF8200D-1E01-4ABA-A876-C313E286E1FC}.Local|Any CPU.Build.0 = Release_Lite|Any CPU
		{1FF8200D-1E01-4ABA-A876-C313E286E1FC}.Local|ARM.ActiveCfg = Release_Lite|Any CPU
		{1FF8200D-1E01-4ABA-A876-C313E286E1FC}.Local|Mixed Platforms.ActiveCfg = Release_Lite|Any CPU
		{1FF8200D-1E01-4ABA-A876-C313E286E1FC}.Local|Mixed Platforms.Build.0 = Release_Lite|Any CPU
		{1FF8200D-1E01-4ABA-A876-C313E286E1FC}.Local|PHP 5.3.ActiveCfg = Release_Lite|Any CPU
		{1FF8200D-1E01-4ABA-A876-C313E286E1FC}.Local|x86.ActiveCfg = Release_Lite|Any CPU
		{1FF8200D-1E01-4ABA-A876-C313E286E1FC}.Production|Any CPU.ActiveCfg = Release_Lite|Any CPU
		{1FF8200D-1E01-4ABA-A876-C313E286E1FC}.Production|Any CPU.Build.0 = Release_Lite|Any CPU
		{1FF8200D-1E01-4ABA-A876-C313E286E1FC}.Production|ARM.ActiveCfg = Release_Lite|Any CPU
		{1FF8200D-1E01-4ABA-A876-C313E286E1FC}.Production|Mixed Platforms.ActiveCfg = Release_Lite|Any CPU
		{1FF8200D-1E01-4ABA-A876-C313E286E1FC}.Production|Mixed Platforms.Build.0 = Release_Lite|Any CPU
		{1FF8200D-1E01-4ABA-A876-C313E286E1FC}.Production|PHP 5.3.ActiveCfg = Release_Lite|Any CPU
		{1FF8200D-1E01-4ABA-A876-C313E286E1FC}.Production|x86.ActiveCfg = Release_Lite|Any CPU
		{1FF8200D-1E01-4ABA-A876-C313E286E1FC}.Release_Lite|Any CPU.ActiveCfg = Release_Lite|Any CPU
		{1FF8200D-1E01-4ABA-A876-C313E286E1FC}.Release_Lite|Any CPU.Build.0 = Release_Lite|Any CPU
		{1FF8200D-1E01-4ABA-A876-C313E286E1FC}.Release_Lite|ARM.ActiveCfg = Release_Lite|Any CPU
		{1FF8200D-1E01-4ABA-A876-C313E286E1FC}.Release_Lite|Mixed Platforms.ActiveCfg = Release_Lite|Any CPU
		{1FF8200D-1E01-4ABA-A876-C313E286E1FC}.Release_Lite|Mixed Platforms.Build.0 = Release_Lite|Any CPU
		{1FF8200D-1E01-4ABA-A876-C313E286E1FC}.Release_Lite|PHP 5.3.ActiveCfg = Release_Lite|Any CPU
		{1FF8200D-1E01-4ABA-A876-C313E286E1FC}.Release_Lite|x86.ActiveCfg = Release_Lite|Any CPU
		{1FF8200D-1E01-4ABA-A876-C313E286E1FC}.Release|Any CPU.ActiveCfg = Release|Any CPU
		{1FF8200D-1E01-4ABA-A876-C313E286E1FC}.Release|Any CPU.Build.0 = Release|Any CPU
		{1FF8200D-1E01-4ABA-A876-C313E286E1FC}.Release|ARM.ActiveCfg = Release|Any CPU
		{1FF8200D-1E01-4ABA-A876-C313E286E1FC}.Release|Mixed Platforms.ActiveCfg = Release|Any CPU
		{1FF8200D-1E01-4ABA-A876-C313E286E1FC}.Release|Mixed Platforms.Build.0 = Release|Any CPU
		{1FF8200D-1E01-4ABA-A876-C313E286E1FC}.Release|PHP 5.3.ActiveCfg = Release|Any CPU
		{1FF8200D-1E01-4ABA-A876-C313E286E1FC}.Release|x86.ActiveCfg = Release|Any CPU
		{1FF8200D-1E01-4ABA-A876-C313E286E1FC}.Staging|Any CPU.ActiveCfg = Release_Lite|Any CPU
		{1FF8200D-1E01-4ABA-A876-C313E286E1FC}.Staging|Any CPU.Build.0 = Release_Lite|Any CPU
		{1FF8200D-1E01-4ABA-A876-C313E286E1FC}.Staging|ARM.ActiveCfg = Release_Lite|Any CPU
		{1FF8200D-1E01-4ABA-A876-C313E286E1FC}.Staging|Mixed Platforms.ActiveCfg = Release_Lite|Any CPU
		{1FF8200D-1E01-4ABA-A876-C313E286E1FC}.Staging|Mixed Platforms.Build.0 = Release_Lite|Any CPU
		{1FF8200D-1E01-4ABA-A876-C313E286E1FC}.Staging|PHP 5.3.ActiveCfg = Release_Lite|Any CPU
		{1FF8200D-1E01-4ABA-A876-C313E286E1FC}.Staging|x86.ActiveCfg = Release_Lite|Any CPU
		{D23E7947-6771-402D-A3D9-384CF40A8824}.ClientProfiles|Any CPU.ActiveCfg = Debug_Lite|Any CPU
		{D23E7947-6771-402D-A3D9-384CF40A8824}.ClientProfiles|Any CPU.Build.0 = Debug_Lite|Any CPU
		{D23E7947-6771-402D-A3D9-384CF40A8824}.ClientProfiles|Any CPU.Deploy.0 = Debug_Lite|Any CPU
		{D23E7947-6771-402D-A3D9-384CF40A8824}.ClientProfiles|ARM.ActiveCfg = Debug_Lite|ARM
		{D23E7947-6771-402D-A3D9-384CF40A8824}.ClientProfiles|ARM.Build.0 = Debug_Lite|ARM
		{D23E7947-6771-402D-A3D9-384CF40A8824}.ClientProfiles|ARM.Deploy.0 = Debug_Lite|ARM
		{D23E7947-6771-402D-A3D9-384CF40A8824}.ClientProfiles|Mixed Platforms.ActiveCfg = Debug_Lite|x86
		{D23E7947-6771-402D-A3D9-384CF40A8824}.ClientProfiles|Mixed Platforms.Build.0 = Debug_Lite|x86
		{D23E7947-6771-402D-A3D9-384CF40A8824}.ClientProfiles|Mixed Platforms.Deploy.0 = Debug_Lite|x86
		{D23E7947-6771-402D-A3D9-384CF40A8824}.ClientProfiles|PHP 5.3.ActiveCfg = Debug_Lite|Any CPU
		{D23E7947-6771-402D-A3D9-384CF40A8824}.ClientProfiles|x86.ActiveCfg = Debug_Lite|x86
		{D23E7947-6771-402D-A3D9-384CF40A8824}.ClientProfiles|x86.Build.0 = Debug_Lite|x86
		{D23E7947-6771-402D-A3D9-384CF40A8824}.ClientProfiles|x86.Deploy.0 = Debug_Lite|x86
		{D23E7947-6771-402D-A3D9-384CF40A8824}.Debug_Lite|Any CPU.ActiveCfg = Debug_Lite|Any CPU
		{D23E7947-6771-402D-A3D9-384CF40A8824}.Debug_Lite|Any CPU.Build.0 = Debug_Lite|Any CPU
		{D23E7947-6771-402D-A3D9-384CF40A8824}.Debug_Lite|Any CPU.Deploy.0 = Debug_Lite|Any CPU
		{D23E7947-6771-402D-A3D9-384CF40A8824}.Debug_Lite|ARM.ActiveCfg = Debug_Lite|ARM
		{D23E7947-6771-402D-A3D9-384CF40A8824}.Debug_Lite|ARM.Build.0 = Debug_Lite|ARM
		{D23E7947-6771-402D-A3D9-384CF40A8824}.Debug_Lite|ARM.Deploy.0 = Debug_Lite|ARM
		{D23E7947-6771-402D-A3D9-384CF40A8824}.Debug_Lite|Mixed Platforms.ActiveCfg = Debug_Lite|Any CPU
		{D23E7947-6771-402D-A3D9-384CF40A8824}.Debug_Lite|Mixed Platforms.Build.0 = Debug_Lite|Any CPU
		{D23E7947-6771-402D-A3D9-384CF40A8824}.Debug_Lite|Mixed Platforms.Deploy.0 = Debug_Lite|Any CPU
		{D23E7947-6771-402D-A3D9-384CF40A8824}.Debug_Lite|PHP 5.3.ActiveCfg = Debug_Lite|Any CPU
		{D23E7947-6771-402D-A3D9-384CF40A8824}.Debug_Lite|x86.ActiveCfg = Debug_Lite|x86
		{D23E7947-6771-402D-A3D9-384CF40A8824}.Debug_Lite|x86.Build.0 = Debug_Lite|x86
		{D23E7947-6771-402D-A3D9-384CF40A8824}.Debug_Lite|x86.Deploy.0 = Debug_Lite|x86
		{D23E7947-6771-402D-A3D9-384CF40A8824}.Debug|Any CPU.ActiveCfg = Debug|Any CPU
		{D23E7947-6771-402D-A3D9-384CF40A8824}.Debug|Any CPU.Build.0 = Debug|Any CPU
		{D23E7947-6771-402D-A3D9-384CF40A8824}.Debug|Any CPU.Deploy.0 = Debug|Any CPU
		{D23E7947-6771-402D-A3D9-384CF40A8824}.Debug|ARM.ActiveCfg = Debug|ARM
		{D23E7947-6771-402D-A3D9-384CF40A8824}.Debug|ARM.Build.0 = Debug|ARM
		{D23E7947-6771-402D-A3D9-384CF40A8824}.Debug|ARM.Deploy.0 = Debug|ARM
		{D23E7947-6771-402D-A3D9-384CF40A8824}.Debug|Mixed Platforms.ActiveCfg = Debug|Any CPU
		{D23E7947-6771-402D-A3D9-384CF40A8824}.Debug|Mixed Platforms.Build.0 = Debug|Any CPU
		{D23E7947-6771-402D-A3D9-384CF40A8824}.Debug|Mixed Platforms.Deploy.0 = Debug|Any CPU
		{D23E7947-6771-402D-A3D9-384CF40A8824}.Debug|PHP 5.3.ActiveCfg = Debug|Any CPU
		{D23E7947-6771-402D-A3D9-384CF40A8824}.Debug|x86.ActiveCfg = Debug|x86
		{D23E7947-6771-402D-A3D9-384CF40A8824}.Debug|x86.Build.0 = Debug|x86
		{D23E7947-6771-402D-A3D9-384CF40A8824}.Debug|x86.Deploy.0 = Debug|x86
		{D23E7947-6771-402D-A3D9-384CF40A8824}.Local|Any CPU.ActiveCfg = Debug_Lite|Any CPU
		{D23E7947-6771-402D-A3D9-384CF40A8824}.Local|Any CPU.Build.0 = Debug_Lite|Any CPU
		{D23E7947-6771-402D-A3D9-384CF40A8824}.Local|Any CPU.Deploy.0 = Debug_Lite|Any CPU
		{D23E7947-6771-402D-A3D9-384CF40A8824}.Local|ARM.ActiveCfg = Debug_Lite|ARM
		{D23E7947-6771-402D-A3D9-384CF40A8824}.Local|ARM.Build.0 = Debug_Lite|ARM
		{D23E7947-6771-402D-A3D9-384CF40A8824}.Local|ARM.Deploy.0 = Debug_Lite|ARM
		{D23E7947-6771-402D-A3D9-384CF40A8824}.Local|Mixed Platforms.ActiveCfg = Debug_Lite|Any CPU
		{D23E7947-6771-402D-A3D9-384CF40A8824}.Local|Mixed Platforms.Build.0 = Debug_Lite|Any CPU
		{D23E7947-6771-402D-A3D9-384CF40A8824}.Local|Mixed Platforms.Deploy.0 = Debug_Lite|Any CPU
		{D23E7947-6771-402D-A3D9-384CF40A8824}.Local|PHP 5.3.ActiveCfg = Debug_Lite|Any CPU
		{D23E7947-6771-402D-A3D9-384CF40A8824}.Local|x86.ActiveCfg = Debug_Lite|x86
		{D23E7947-6771-402D-A3D9-384CF40A8824}.Local|x86.Build.0 = Debug_Lite|x86
		{D23E7947-6771-402D-A3D9-384CF40A8824}.Local|x86.Deploy.0 = Debug_Lite|x86
		{D23E7947-6771-402D-A3D9-384CF40A8824}.Production|Any CPU.ActiveCfg = Debug_Lite|Any CPU
		{D23E7947-6771-402D-A3D9-384CF40A8824}.Production|Any CPU.Build.0 = Debug_Lite|Any CPU
		{D23E7947-6771-402D-A3D9-384CF40A8824}.Production|Any CPU.Deploy.0 = Debug_Lite|Any CPU
		{D23E7947-6771-402D-A3D9-384CF40A8824}.Production|ARM.ActiveCfg = Debug_Lite|ARM
		{D23E7947-6771-402D-A3D9-384CF40A8824}.Production|ARM.Build.0 = Debug_Lite|ARM
		{D23E7947-6771-402D-A3D9-384CF40A8824}.Production|ARM.Deploy.0 = Debug_Lite|ARM
		{D23E7947-6771-402D-A3D9-384CF40A8824}.Production|Mixed Platforms.ActiveCfg = Debug_Lite|x86
		{D23E7947-6771-402D-A3D9-384CF40A8824}.Production|Mixed Platforms.Build.0 = Debug_Lite|x86
		{D23E7947-6771-402D-A3D9-384CF40A8824}.Production|Mixed Platforms.Deploy.0 = Debug_Lite|x86
		{D23E7947-6771-402D-A3D9-384CF40A8824}.Production|PHP 5.3.ActiveCfg = Debug_Lite|Any CPU
		{D23E7947-6771-402D-A3D9-384CF40A8824}.Production|x86.ActiveCfg = Debug_Lite|x86
		{D23E7947-6771-402D-A3D9-384CF40A8824}.Production|x86.Build.0 = Debug_Lite|x86
		{D23E7947-6771-402D-A3D9-384CF40A8824}.Production|x86.Deploy.0 = Debug_Lite|x86
		{D23E7947-6771-402D-A3D9-384CF40A8824}.Release_Lite|Any CPU.ActiveCfg = Release_Lite|Any CPU
		{D23E7947-6771-402D-A3D9-384CF40A8824}.Release_Lite|Any CPU.Build.0 = Release_Lite|Any CPU
		{D23E7947-6771-402D-A3D9-384CF40A8824}.Release_Lite|Any CPU.Deploy.0 = Release_Lite|Any CPU
		{D23E7947-6771-402D-A3D9-384CF40A8824}.Release_Lite|ARM.ActiveCfg = Release_Lite|ARM
		{D23E7947-6771-402D-A3D9-384CF40A8824}.Release_Lite|ARM.Build.0 = Release_Lite|ARM
		{D23E7947-6771-402D-A3D9-384CF40A8824}.Release_Lite|ARM.Deploy.0 = Release_Lite|ARM
		{D23E7947-6771-402D-A3D9-384CF40A8824}.Release_Lite|Mixed Platforms.ActiveCfg = Release_Lite|Any CPU
		{D23E7947-6771-402D-A3D9-384CF40A8824}.Release_Lite|Mixed Platforms.Build.0 = Release_Lite|Any CPU
		{D23E7947-6771-402D-A3D9-384CF40A8824}.Release_Lite|Mixed Platforms.Deploy.0 = Release_Lite|Any CPU
		{D23E7947-6771-402D-A3D9-384CF40A8824}.Release_Lite|PHP 5.3.ActiveCfg = Release_Lite|Any CPU
		{D23E7947-6771-402D-A3D9-384CF40A8824}.Release_Lite|x86.ActiveCfg = Release_Lite|x86
		{D23E7947-6771-402D-A3D9-384CF40A8824}.Release_Lite|x86.Build.0 = Release_Lite|x86
		{D23E7947-6771-402D-A3D9-384CF40A8824}.Release_Lite|x86.Deploy.0 = Release_Lite|x86
		{D23E7947-6771-402D-A3D9-384CF40A8824}.Release|Any CPU.ActiveCfg = Release|Any CPU
		{D23E7947-6771-402D-A3D9-384CF40A8824}.Release|Any CPU.Build.0 = Release|Any CPU
		{D23E7947-6771-402D-A3D9-384CF40A8824}.Release|Any CPU.Deploy.0 = Release|Any CPU
		{D23E7947-6771-402D-A3D9-384CF40A8824}.Release|ARM.ActiveCfg = Release|ARM
		{D23E7947-6771-402D-A3D9-384CF40A8824}.Release|ARM.Build.0 = Release|ARM
		{D23E7947-6771-402D-A3D9-384CF40A8824}.Release|ARM.Deploy.0 = Release|ARM
		{D23E7947-6771-402D-A3D9-384CF40A8824}.Release|Mixed Platforms.ActiveCfg = Release|Any CPU
		{D23E7947-6771-402D-A3D9-384CF40A8824}.Release|Mixed Platforms.Build.0 = Release|Any CPU
		{D23E7947-6771-402D-A3D9-384CF40A8824}.Release|Mixed Platforms.Deploy.0 = Release|Any CPU
		{D23E7947-6771-402D-A3D9-384CF40A8824}.Release|PHP 5.3.ActiveCfg = Release|Any CPU
		{D23E7947-6771-402D-A3D9-384CF40A8824}.Release|x86.ActiveCfg = Release|x86
		{D23E7947-6771-402D-A3D9-384CF40A8824}.Release|x86.Build.0 = Release|x86
		{D23E7947-6771-402D-A3D9-384CF40A8824}.Release|x86.Deploy.0 = Release|x86
		{D23E7947-6771-402D-A3D9-384CF40A8824}.Staging|Any CPU.ActiveCfg = Debug_Lite|Any CPU
		{D23E7947-6771-402D-A3D9-384CF40A8824}.Staging|Any CPU.Build.0 = Debug_Lite|Any CPU
		{D23E7947-6771-402D-A3D9-384CF40A8824}.Staging|Any CPU.Deploy.0 = Debug_Lite|Any CPU
		{D23E7947-6771-402D-A3D9-384CF40A8824}.Staging|ARM.ActiveCfg = Debug_Lite|ARM
		{D23E7947-6771-402D-A3D9-384CF40A8824}.Staging|ARM.Build.0 = Debug_Lite|ARM
		{D23E7947-6771-402D-A3D9-384CF40A8824}.Staging|ARM.Deploy.0 = Debug_Lite|ARM
		{D23E7947-6771-402D-A3D9-384CF40A8824}.Staging|Mixed Platforms.ActiveCfg = Debug_Lite|x86
		{D23E7947-6771-402D-A3D9-384CF40A8824}.Staging|Mixed Platforms.Build.0 = Debug_Lite|x86
		{D23E7947-6771-402D-A3D9-384CF40A8824}.Staging|Mixed Platforms.Deploy.0 = Debug_Lite|x86
		{D23E7947-6771-402D-A3D9-384CF40A8824}.Staging|PHP 5.3.ActiveCfg = Debug_Lite|Any CPU
		{D23E7947-6771-402D-A3D9-384CF40A8824}.Staging|x86.ActiveCfg = Debug_Lite|x86
		{D23E7947-6771-402D-A3D9-384CF40A8824}.Staging|x86.Build.0 = Debug_Lite|x86
		{D23E7947-6771-402D-A3D9-384CF40A8824}.Staging|x86.Deploy.0 = Debug_Lite|x86
		{A0F91E66-0795-4592-A0D2-2FAAFC839557}.ClientProfiles|Any CPU.ActiveCfg = Release|Any CPU
		{A0F91E66-0795-4592-A0D2-2FAAFC839557}.ClientProfiles|Any CPU.Build.0 = Release|Any CPU
		{A0F91E66-0795-4592-A0D2-2FAAFC839557}.ClientProfiles|ARM.ActiveCfg = Release|Any CPU
		{A0F91E66-0795-4592-A0D2-2FAAFC839557}.ClientProfiles|Mixed Platforms.ActiveCfg = Release|Any CPU
		{A0F91E66-0795-4592-A0D2-2FAAFC839557}.ClientProfiles|Mixed Platforms.Build.0 = Release|Any CPU
		{A0F91E66-0795-4592-A0D2-2FAAFC839557}.ClientProfiles|PHP 5.3.ActiveCfg = Release|Any CPU
		{A0F91E66-0795-4592-A0D2-2FAAFC839557}.ClientProfiles|x86.ActiveCfg = Release|Any CPU
		{A0F91E66-0795-4592-A0D2-2FAAFC839557}.Debug_Lite|Any CPU.ActiveCfg = Debug|Any CPU
		{A0F91E66-0795-4592-A0D2-2FAAFC839557}.Debug_Lite|Any CPU.Build.0 = Debug|Any CPU
		{A0F91E66-0795-4592-A0D2-2FAAFC839557}.Debug_Lite|ARM.ActiveCfg = Debug|Any CPU
		{A0F91E66-0795-4592-A0D2-2FAAFC839557}.Debug_Lite|Mixed Platforms.ActiveCfg = Debug|Any CPU
		{A0F91E66-0795-4592-A0D2-2FAAFC839557}.Debug_Lite|Mixed Platforms.Build.0 = Debug|Any CPU
		{A0F91E66-0795-4592-A0D2-2FAAFC839557}.Debug_Lite|PHP 5.3.ActiveCfg = Debug|Any CPU
		{A0F91E66-0795-4592-A0D2-2FAAFC839557}.Debug_Lite|x86.ActiveCfg = Debug|Any CPU
		{A0F91E66-0795-4592-A0D2-2FAAFC839557}.Debug|Any CPU.ActiveCfg = Debug|Any CPU
		{A0F91E66-0795-4592-A0D2-2FAAFC839557}.Debug|Any CPU.Build.0 = Debug|Any CPU
		{A0F91E66-0795-4592-A0D2-2FAAFC839557}.Debug|ARM.ActiveCfg = Debug|Any CPU
		{A0F91E66-0795-4592-A0D2-2FAAFC839557}.Debug|Mixed Platforms.ActiveCfg = Debug|Any CPU
		{A0F91E66-0795-4592-A0D2-2FAAFC839557}.Debug|Mixed Platforms.Build.0 = Debug|Any CPU
		{A0F91E66-0795-4592-A0D2-2FAAFC839557}.Debug|PHP 5.3.ActiveCfg = Debug|Any CPU
		{A0F91E66-0795-4592-A0D2-2FAAFC839557}.Debug|x86.ActiveCfg = Debug|Any CPU
		{A0F91E66-0795-4592-A0D2-2FAAFC839557}.Local|Any CPU.ActiveCfg = Release|Any CPU
		{A0F91E66-0795-4592-A0D2-2FAAFC839557}.Local|Any CPU.Build.0 = Release|Any CPU
		{A0F91E66-0795-4592-A0D2-2FAAFC839557}.Local|ARM.ActiveCfg = Release|Any CPU
		{A0F91E66-0795-4592-A0D2-2FAAFC839557}.Local|Mixed Platforms.ActiveCfg = Release|Any CPU
		{A0F91E66-0795-4592-A0D2-2FAAFC839557}.Local|Mixed Platforms.Build.0 = Release|Any CPU
		{A0F91E66-0795-4592-A0D2-2FAAFC839557}.Local|PHP 5.3.ActiveCfg = Release|Any CPU
		{A0F91E66-0795-4592-A0D2-2FAAFC839557}.Local|x86.ActiveCfg = Release|Any CPU
		{A0F91E66-0795-4592-A0D2-2FAAFC839557}.Production|Any CPU.ActiveCfg = Release|Any CPU
		{A0F91E66-0795-4592-A0D2-2FAAFC839557}.Production|Any CPU.Build.0 = Release|Any CPU
		{A0F91E66-0795-4592-A0D2-2FAAFC839557}.Production|ARM.ActiveCfg = Release|Any CPU
		{A0F91E66-0795-4592-A0D2-2FAAFC839557}.Production|Mixed Platforms.ActiveCfg = Release|Any CPU
		{A0F91E66-0795-4592-A0D2-2FAAFC839557}.Production|Mixed Platforms.Build.0 = Release|Any CPU
		{A0F91E66-0795-4592-A0D2-2FAAFC839557}.Production|PHP 5.3.ActiveCfg = Release|Any CPU
		{A0F91E66-0795-4592-A0D2-2FAAFC839557}.Production|x86.ActiveCfg = Release|Any CPU
		{A0F91E66-0795-4592-A0D2-2FAAFC839557}.Release_Lite|Any CPU.ActiveCfg = Release|Any CPU
		{A0F91E66-0795-4592-A0D2-2FAAFC839557}.Release_Lite|Any CPU.Build.0 = Release|Any CPU
		{A0F91E66-0795-4592-A0D2-2FAAFC839557}.Release_Lite|ARM.ActiveCfg = Release|Any CPU
		{A0F91E66-0795-4592-A0D2-2FAAFC839557}.Release_Lite|Mixed Platforms.ActiveCfg = Release|Any CPU
		{A0F91E66-0795-4592-A0D2-2FAAFC839557}.Release_Lite|Mixed Platforms.Build.0 = Release|Any CPU
		{A0F91E66-0795-4592-A0D2-2FAAFC839557}.Release_Lite|PHP 5.3.ActiveCfg = Release|Any CPU
		{A0F91E66-0795-4592-A0D2-2FAAFC839557}.Release_Lite|x86.ActiveCfg = Release|Any CPU
		{A0F91E66-0795-4592-A0D2-2FAAFC839557}.Release|Any CPU.ActiveCfg = Release|Any CPU
		{A0F91E66-0795-4592-A0D2-2FAAFC839557}.Release|Any CPU.Build.0 = Release|Any CPU
		{A0F91E66-0795-4592-A0D2-2FAAFC839557}.Release|ARM.ActiveCfg = Release|Any CPU
		{A0F91E66-0795-4592-A0D2-2FAAFC839557}.Release|Mixed Platforms.ActiveCfg = Release|Any CPU
		{A0F91E66-0795-4592-A0D2-2FAAFC839557}.Release|Mixed Platforms.Build.0 = Release|Any CPU
		{A0F91E66-0795-4592-A0D2-2FAAFC839557}.Release|PHP 5.3.ActiveCfg = Release|Any CPU
		{A0F91E66-0795-4592-A0D2-2FAAFC839557}.Release|x86.ActiveCfg = Release|Any CPU
		{A0F91E66-0795-4592-A0D2-2FAAFC839557}.Staging|Any CPU.ActiveCfg = Release|Any CPU
		{A0F91E66-0795-4592-A0D2-2FAAFC839557}.Staging|Any CPU.Build.0 = Release|Any CPU
		{A0F91E66-0795-4592-A0D2-2FAAFC839557}.Staging|ARM.ActiveCfg = Release|Any CPU
		{A0F91E66-0795-4592-A0D2-2FAAFC839557}.Staging|Mixed Platforms.ActiveCfg = Release|Any CPU
		{A0F91E66-0795-4592-A0D2-2FAAFC839557}.Staging|Mixed Platforms.Build.0 = Release|Any CPU
		{A0F91E66-0795-4592-A0D2-2FAAFC839557}.Staging|PHP 5.3.ActiveCfg = Release|Any CPU
		{A0F91E66-0795-4592-A0D2-2FAAFC839557}.Staging|x86.ActiveCfg = Release|Any CPU
		{1D77B761-F1A7-43B5-914E-16AC51218972}.ClientProfiles|Any CPU.ActiveCfg = Release|Any CPU
		{1D77B761-F1A7-43B5-914E-16AC51218972}.ClientProfiles|Any CPU.Build.0 = Release|Any CPU
		{1D77B761-F1A7-43B5-914E-16AC51218972}.ClientProfiles|ARM.ActiveCfg = Release|ARM
		{1D77B761-F1A7-43B5-914E-16AC51218972}.ClientProfiles|ARM.Build.0 = Release|ARM
		{1D77B761-F1A7-43B5-914E-16AC51218972}.ClientProfiles|Mixed Platforms.ActiveCfg = Release|x86
		{1D77B761-F1A7-43B5-914E-16AC51218972}.ClientProfiles|Mixed Platforms.Build.0 = Release|x86
		{1D77B761-F1A7-43B5-914E-16AC51218972}.ClientProfiles|PHP 5.3.ActiveCfg = Release|Any CPU
		{1D77B761-F1A7-43B5-914E-16AC51218972}.ClientProfiles|x86.ActiveCfg = Release|x86
		{1D77B761-F1A7-43B5-914E-16AC51218972}.ClientProfiles|x86.Build.0 = Release|x86
		{1D77B761-F1A7-43B5-914E-16AC51218972}.Debug_Lite|Any CPU.ActiveCfg = Debug|Any CPU
		{1D77B761-F1A7-43B5-914E-16AC51218972}.Debug_Lite|Any CPU.Build.0 = Debug|Any CPU
		{1D77B761-F1A7-43B5-914E-16AC51218972}.Debug_Lite|ARM.ActiveCfg = Debug|ARM
		{1D77B761-F1A7-43B5-914E-16AC51218972}.Debug_Lite|ARM.Build.0 = Debug|ARM
		{1D77B761-F1A7-43B5-914E-16AC51218972}.Debug_Lite|Mixed Platforms.ActiveCfg = Debug|Any CPU
		{1D77B761-F1A7-43B5-914E-16AC51218972}.Debug_Lite|Mixed Platforms.Build.0 = Debug|Any CPU
		{1D77B761-F1A7-43B5-914E-16AC51218972}.Debug_Lite|PHP 5.3.ActiveCfg = Debug|Any CPU
		{1D77B761-F1A7-43B5-914E-16AC51218972}.Debug_Lite|x86.ActiveCfg = Debug|x86
		{1D77B761-F1A7-43B5-914E-16AC51218972}.Debug_Lite|x86.Build.0 = Debug|x86
		{1D77B761-F1A7-43B5-914E-16AC51218972}.Debug|Any CPU.ActiveCfg = Debug|Any CPU
		{1D77B761-F1A7-43B5-914E-16AC51218972}.Debug|Any CPU.Build.0 = Debug|Any CPU
		{1D77B761-F1A7-43B5-914E-16AC51218972}.Debug|ARM.ActiveCfg = Debug|ARM
		{1D77B761-F1A7-43B5-914E-16AC51218972}.Debug|ARM.Build.0 = Debug|ARM
		{1D77B761-F1A7-43B5-914E-16AC51218972}.Debug|Mixed Platforms.ActiveCfg = Debug|Any CPU
		{1D77B761-F1A7-43B5-914E-16AC51218972}.Debug|Mixed Platforms.Build.0 = Debug|Any CPU
		{1D77B761-F1A7-43B5-914E-16AC51218972}.Debug|PHP 5.3.ActiveCfg = Debug|Any CPU
		{1D77B761-F1A7-43B5-914E-16AC51218972}.Debug|x86.ActiveCfg = Debug|x86
		{1D77B761-F1A7-43B5-914E-16AC51218972}.Debug|x86.Build.0 = Debug|x86
		{1D77B761-F1A7-43B5-914E-16AC51218972}.Local|Any CPU.ActiveCfg = Release|Any CPU
		{1D77B761-F1A7-43B5-914E-16AC51218972}.Local|Any CPU.Build.0 = Release|Any CPU
		{1D77B761-F1A7-43B5-914E-16AC51218972}.Local|ARM.ActiveCfg = Release|ARM
		{1D77B761-F1A7-43B5-914E-16AC51218972}.Local|ARM.Build.0 = Release|ARM
		{1D77B761-F1A7-43B5-914E-16AC51218972}.Local|Mixed Platforms.ActiveCfg = Release|x86
		{1D77B761-F1A7-43B5-914E-16AC51218972}.Local|Mixed Platforms.Build.0 = Release|x86
		{1D77B761-F1A7-43B5-914E-16AC51218972}.Local|PHP 5.3.ActiveCfg = Release|Any CPU
		{1D77B761-F1A7-43B5-914E-16AC51218972}.Local|x86.ActiveCfg = Release|x86
		{1D77B761-F1A7-43B5-914E-16AC51218972}.Local|x86.Build.0 = Release|x86
		{1D77B761-F1A7-43B5-914E-16AC51218972}.Production|Any CPU.ActiveCfg = Release|Any CPU
		{1D77B761-F1A7-43B5-914E-16AC51218972}.Production|Any CPU.Build.0 = Release|Any CPU
		{1D77B761-F1A7-43B5-914E-16AC51218972}.Production|ARM.ActiveCfg = Release|ARM
		{1D77B761-F1A7-43B5-914E-16AC51218972}.Production|ARM.Build.0 = Release|ARM
		{1D77B761-F1A7-43B5-914E-16AC51218972}.Production|Mixed Platforms.ActiveCfg = Release|x86
		{1D77B761-F1A7-43B5-914E-16AC51218972}.Production|Mixed Platforms.Build.0 = Release|x86
		{1D77B761-F1A7-43B5-914E-16AC51218972}.Production|PHP 5.3.ActiveCfg = Release|Any CPU
		{1D77B761-F1A7-43B5-914E-16AC51218972}.Production|x86.ActiveCfg = Release|x86
		{1D77B761-F1A7-43B5-914E-16AC51218972}.Production|x86.Build.0 = Release|x86
		{1D77B761-F1A7-43B5-914E-16AC51218972}.Release_Lite|Any CPU.ActiveCfg = Release|Any CPU
		{1D77B761-F1A7-43B5-914E-16AC51218972}.Release_Lite|Any CPU.Build.0 = Release|Any CPU
		{1D77B761-F1A7-43B5-914E-16AC51218972}.Release_Lite|ARM.ActiveCfg = Release|ARM
		{1D77B761-F1A7-43B5-914E-16AC51218972}.Release_Lite|ARM.Build.0 = Release|ARM
		{1D77B761-F1A7-43B5-914E-16AC51218972}.Release_Lite|Mixed Platforms.ActiveCfg = Release|Any CPU
		{1D77B761-F1A7-43B5-914E-16AC51218972}.Release_Lite|Mixed Platforms.Build.0 = Release|Any CPU
		{1D77B761-F1A7-43B5-914E-16AC51218972}.Release_Lite|PHP 5.3.ActiveCfg = Release|Any CPU
		{1D77B761-F1A7-43B5-914E-16AC51218972}.Release_Lite|x86.ActiveCfg = Release|x86
		{1D77B761-F1A7-43B5-914E-16AC51218972}.Release_Lite|x86.Build.0 = Release|x86
		{1D77B761-F1A7-43B5-914E-16AC51218972}.Release|Any CPU.ActiveCfg = Release|Any CPU
		{1D77B761-F1A7-43B5-914E-16AC51218972}.Release|Any CPU.Build.0 = Release|Any CPU
		{1D77B761-F1A7-43B5-914E-16AC51218972}.Release|ARM.ActiveCfg = Release|ARM
		{1D77B761-F1A7-43B5-914E-16AC51218972}.Release|ARM.Build.0 = Release|ARM
		{1D77B761-F1A7-43B5-914E-16AC51218972}.Release|Mixed Platforms.ActiveCfg = Release|Any CPU
		{1D77B761-F1A7-43B5-914E-16AC51218972}.Release|Mixed Platforms.Build.0 = Release|Any CPU
		{1D77B761-F1A7-43B5-914E-16AC51218972}.Release|PHP 5.3.ActiveCfg = Release|Any CPU
		{1D77B761-F1A7-43B5-914E-16AC51218972}.Release|x86.ActiveCfg = Release|x86
		{1D77B761-F1A7-43B5-914E-16AC51218972}.Release|x86.Build.0 = Release|x86
		{1D77B761-F1A7-43B5-914E-16AC51218972}.Staging|Any CPU.ActiveCfg = Release|Any CPU
		{1D77B761-F1A7-43B5-914E-16AC51218972}.Staging|Any CPU.Build.0 = Release|Any CPU
		{1D77B761-F1A7-43B5-914E-16AC51218972}.Staging|ARM.ActiveCfg = Release|ARM
		{1D77B761-F1A7-43B5-914E-16AC51218972}.Staging|ARM.Build.0 = Release|ARM
		{1D77B761-F1A7-43B5-914E-16AC51218972}.Staging|Mixed Platforms.ActiveCfg = Release|x86
		{1D77B761-F1A7-43B5-914E-16AC51218972}.Staging|Mixed Platforms.Build.0 = Release|x86
		{1D77B761-F1A7-43B5-914E-16AC51218972}.Staging|PHP 5.3.ActiveCfg = Release|Any CPU
		{1D77B761-F1A7-43B5-914E-16AC51218972}.Staging|x86.ActiveCfg = Release|x86
		{1D77B761-F1A7-43B5-914E-16AC51218972}.Staging|x86.Build.0 = Release|x86
	EndGlobalSection
	GlobalSection(SolutionProperties) = preSolution
		HideSolutionNode = FALSE
	EndGlobalSection
	GlobalSection(NestedProjects) = preSolution
		{E74C3890-7501-44D4-82DA-403AE92F718A} = {6AD81ED6-3EBA-4ABD-AC73-08FB0CBFA29B}
		{DBA3FA70-8F8F-41E7-8C4B-D9B8BF4C937B} = {6AD81ED6-3EBA-4ABD-AC73-08FB0CBFA29B}
		{4186D1D2-C419-4DA2-A1D8-5F56E5AAA30D} = {6AD81ED6-3EBA-4ABD-AC73-08FB0CBFA29B}
		{A0F91E66-0795-4592-A0D2-2FAAFC839557} = {6AD81ED6-3EBA-4ABD-AC73-08FB0CBFA29B}
		{B4CA0BB9-C805-4FC2-BDF4-9F729A661EB0} = {AE47EC9D-1750-4329-B929-11CEA7DBB69F}
		{FAC86E98-A611-4800-B374-83E915925F6D} = {AE47EC9D-1750-4329-B929-11CEA7DBB69F}
		{6D32BDDD-7445-4619-9474-149715C8D42E} = {AE47EC9D-1750-4329-B929-11CEA7DBB69F}
		{1FF8200D-1E01-4ABA-A876-C313E286E1FC} = {AE47EC9D-1750-4329-B929-11CEA7DBB69F}
		{D23E7947-6771-402D-A3D9-384CF40A8824} = {29334B7B-5C43-4C89-B4D8-DDFB94666CDC}
		{1D77B761-F1A7-43B5-914E-16AC51218972} = {29334B7B-5C43-4C89-B4D8-DDFB94666CDC}
		{CD029D13-5037-43A6-8CD9-5F12B00A7DE0} = {251BFB7A-4180-46DF-ADA3-2FF57B1FA108}
		{35BC2453-9CAD-4508-9C8C-BF06A9223761} = {251BFB7A-4180-46DF-ADA3-2FF57B1FA108}
		{3008493B-1E7B-445A-9C3B-144B75E362DB} = {251BFB7A-4180-46DF-ADA3-2FF57B1FA108}
		{742DB613-45BB-4F8F-A73F-B559901F6548} = {7F901A34-ABEA-4AED-B9EB-523C9C1BBD8B}
	EndGlobalSection
EndGlobal
