
Microsoft Visual Studio Solution File, Format Version 11.00
# Visual Studio 2010
Project("{FAE04EC0-301F-11D3-BF4B-00C04F79EFBC}") = "Ocell", "Ocell\Ocell.csproj", "{F3B6A65D-237D-4E5E-B4A9-F9E098730119}"
EndProject
Global
	GlobalSection(SolutionConfigurationPlatforms) = preSolution
		Debug|Any CPU = Debug|Any CPU
		Debug|Mixed Platforms = Debug|Mixed Platforms
		Debug|PHP 5.3 = Debug|PHP 5.3
		Debug|x86 = Debug|x86
		Local|Any CPU = Local|Any CPU
		Local|Mixed Platforms = Local|Mixed Platforms
		Local|PHP 5.3 = Local|PHP 5.3
		Local|x86 = Local|x86
		Production|Any CPU = Production|Any CPU
		Production|Mixed Platforms = Production|Mixed Platforms
		Production|PHP 5.3 = Production|PHP 5.3
		Production|x86 = Production|x86
		Release|Any CPU = Release|Any CPU
		Release|Mixed Platforms = Release|Mixed Platforms
		Release|PHP 5.3 = Release|PHP 5.3
		Release|x86 = Release|x86
		Staging|Any CPU = Staging|Any CPU
		Staging|Mixed Platforms = Staging|Mixed Platforms
		Staging|PHP 5.3 = Staging|PHP 5.3
		Staging|x86 = Staging|x86
	EndGlobalSection
	GlobalSection(ProjectConfigurationPlatforms) = postSolution
		{F3B6A65D-237D-4E5E-B4A9-F9E098730119}.Debug|Any CPU.ActiveCfg = Debug|Any CPU
		{F3B6A65D-237D-4E5E-B4A9-F9E098730119}.Debug|Any CPU.Build.0 = Debug|Any CPU
		{F3B6A65D-237D-4E5E-B4A9-F9E098730119}.Debug|Any CPU.Deploy.0 = Debug|Any CPU
		{F3B6A65D-237D-4E5E-B4A9-F9E098730119}.Debug|Mixed Platforms.ActiveCfg = Debug|Any CPU
		{F3B6A65D-237D-4E5E-B4A9-F9E098730119}.Debug|Mixed Platforms.Build.0 = Debug|Any CPU
		{F3B6A65D-237D-4E5E-B4A9-F9E098730119}.Debug|Mixed Platforms.Deploy.0 = Debug|Any CPU
		{F3B6A65D-237D-4E5E-B4A9-F9E098730119}.Debug|PHP 5.3.ActiveCfg = Debug|Any CPU
		{F3B6A65D-237D-4E5E-B4A9-F9E098730119}.Debug|x86.ActiveCfg = Debug|Any CPU
		{F3B6A65D-237D-4E5E-B4A9-F9E098730119}.Local|Any CPU.ActiveCfg = Release|Any CPU
		{F3B6A65D-237D-4E5E-B4A9-F9E098730119}.Local|Any CPU.Build.0 = Release|Any CPU
		{F3B6A65D-237D-4E5E-B4A9-F9E098730119}.Local|Any CPU.Deploy.0 = Release|Any CPU
		{F3B6A65D-237D-4E5E-B4A9-F9E098730119}.Local|Mixed Platforms.ActiveCfg = Release|Any CPU
		{F3B6A65D-237D-4E5E-B4A9-F9E098730119}.Local|Mixed Platforms.Build.0 = Release|Any CPU
		{F3B6A65D-237D-4E5E-B4A9-F9E098730119}.Local|Mixed Platforms.Deploy.0 = Release|Any CPU
		{F3B6A65D-237D-4E5E-B4A9-F9E098730119}.Local|PHP 5.3.ActiveCfg = Release|Any CPU
		{F3B6A65D-237D-4E5E-B4A9-F9E098730119}.Local|x86.ActiveCfg = Release|Any CPU
		{F3B6A65D-237D-4E5E-B4A9-F9E098730119}.Production|Any CPU.ActiveCfg = Release|Any CPU
		{F3B6A65D-237D-4E5E-B4A9-F9E098730119}.Production|Any CPU.Build.0 = Release|Any CPU
		{F3B6A65D-237D-4E5E-B4A9-F9E098730119}.Production|Any CPU.Deploy.0 = Release|Any CPU
		{F3B6A65D-237D-4E5E-B4A9-F9E098730119}.Production|Mixed Platforms.ActiveCfg = Release|Any CPU
		{F3B6A65D-237D-4E5E-B4A9-F9E098730119}.Production|Mixed Platforms.Build.0 = Release|Any CPU
		{F3B6A65D-237D-4E5E-B4A9-F9E098730119}.Production|Mixed Platforms.Deploy.0 = Release|Any CPU
		{F3B6A65D-237D-4E5E-B4A9-F9E098730119}.Production|PHP 5.3.ActiveCfg = Release|Any CPU
		{F3B6A65D-237D-4E5E-B4A9-F9E098730119}.Production|x86.ActiveCfg = Release|Any CPU
		{F3B6A65D-237D-4E5E-B4A9-F9E098730119}.Release|Any CPU.ActiveCfg = Release|Any CPU
		{F3B6A65D-237D-4E5E-B4A9-F9E098730119}.Release|Any CPU.Build.0 = Release|Any CPU
		{F3B6A65D-237D-4E5E-B4A9-F9E098730119}.Release|Any CPU.Deploy.0 = Release|Any CPU
		{F3B6A65D-237D-4E5E-B4A9-F9E098730119}.Release|Mixed Platforms.ActiveCfg = Release|Any CPU
		{F3B6A65D-237D-4E5E-B4A9-F9E098730119}.Release|Mixed Platforms.Build.0 = Release|Any CPU
		{F3B6A65D-237D-4E5E-B4A9-F9E098730119}.Release|Mixed Platforms.Deploy.0 = Release|Any CPU
		{F3B6A65D-237D-4E5E-B4A9-F9E098730119}.Release|PHP 5.3.ActiveCfg = Release|Any CPU
		{F3B6A65D-237D-4E5E-B4A9-F9E098730119}.Release|x86.ActiveCfg = Release|Any CPU
		{F3B6A65D-237D-4E5E-B4A9-F9E098730119}.Staging|Any CPU.ActiveCfg = Release|Any CPU
		{F3B6A65D-237D-4E5E-B4A9-F9E098730119}.Staging|Any CPU.Build.0 = Release|Any CPU
		{F3B6A65D-237D-4E5E-B4A9-F9E098730119}.Staging|Any CPU.Deploy.0 = Release|Any CPU
		{F3B6A65D-237D-4E5E-B4A9-F9E098730119}.Staging|Mixed Platforms.ActiveCfg = Release|Any CPU
		{F3B6A65D-237D-4E5E-B4A9-F9E098730119}.Staging|Mixed Platforms.Build.0 = Release|Any CPU
		{F3B6A65D-237D-4E5E-B4A9-F9E098730119}.Staging|Mixed Platforms.Deploy.0 = Release|Any CPU
		{F3B6A65D-237D-4E5E-B4A9-F9E098730119}.Staging|PHP 5.3.ActiveCfg = Release|Any CPU
		{F3B6A65D-237D-4E5E-B4A9-F9E098730119}.Staging|x86.ActiveCfg = Release|Any CPU
	EndGlobalSection
	GlobalSection(SolutionProperties) = preSolution
		HideSolutionNode = FALSE
	EndGlobalSection
EndGlobal
