
Microsoft Visual Studio Solution File, Format Version 11.00
# Visual Studio 2010
Project("{FAE04EC0-301F-11D3-BF4B-00C04F79EFBC}") = "Ocell", "Ocell\Ocell.csproj", "{F3B6A65D-237D-4E5E-B4A9-F9E098730119}"
EndProject
Global
	GlobalSection(SolutionConfigurationPlatforms) = preSolution
		Debug|Any CPU = Debug|Any CPU
		Debug|Mixed Platforms = Debug|Mixed Platforms
		Debug|x86 = Debug|x86
		Release|Any CPU = Release|Any CPU
		Release|Mixed Platforms = Release|Mixed Platforms
		Release|x86 = Release|x86
	EndGlobalSection
	GlobalSection(ProjectConfigurationPlatforms) = postSolution
		{F3B6A65D-237D-4E5E-B4A9-F9E098730119}.Debug|Any CPU.ActiveCfg = Debug|Any CPU
		{F3B6A65D-237D-4E5E-B4A9-F9E098730119}.Debug|Any CPU.Build.0 = Debug|Any CPU
		{F3B6A65D-237D-4E5E-B4A9-F9E098730119}.Debug|Any CPU.Deploy.0 = Debug|Any CPU
		{F3B6A65D-237D-4E5E-B4A9-F9E098730119}.Debug|Mixed Platforms.ActiveCfg = Debug|Any CPU
		{F3B6A65D-237D-4E5E-B4A9-F9E098730119}.Debug|Mixed Platforms.Build.0 = Debug|Any CPU
		{F3B6A65D-237D-4E5E-B4A9-F9E098730119}.Debug|Mixed Platforms.Deploy.0 = Debug|Any CPU
		{F3B6A65D-237D-4E5E-B4A9-F9E098730119}.Debug|x86.ActiveCfg = Debug|Any CPU
		{F3B6A65D-237D-4E5E-B4A9-F9E098730119}.Release|Any CPU.ActiveCfg = Release|Any CPU
		{F3B6A65D-237D-4E5E-B4A9-F9E098730119}.Release|Any CPU.Build.0 = Release|Any CPU
		{F3B6A65D-237D-4E5E-B4A9-F9E098730119}.Release|Any CPU.Deploy.0 = Release|Any CPU
		{F3B6A65D-237D-4E5E-B4A9-F9E098730119}.Release|Mixed Platforms.ActiveCfg = Release|Any CPU
		{F3B6A65D-237D-4E5E-B4A9-F9E098730119}.Release|Mixed Platforms.Build.0 = Release|Any CPU
		{F3B6A65D-237D-4E5E-B4A9-F9E098730119}.Release|Mixed Platforms.Deploy.0 = Release|Any CPU
		{F3B6A65D-237D-4E5E-B4A9-F9E098730119}.Release|x86.ActiveCfg = Release|Any CPU
	EndGlobalSection
	GlobalSection(SolutionProperties) = preSolution
		HideSolutionNode = FALSE
	EndGlobalSection
EndGlobal
