
Microsoft Visual Studio Solution File, Format Version 12.00
# Visual Studio 2012
Project("{2150E333-8FDC-42A3-9474-1A3956D46DE8}") = "API Libraries", "API Libraries", "{6AD81ED6-3EBA-4ABD-AC73-08FB0CBFA29B}"
EndProject
Project("{2150E333-8FDC-42A3-9474-1A3956D46DE8}") = "Library", "Library", "{AE47EC9D-1750-4329-B929-11CEA7DBB69F}"
EndProject
Project("{2150E333-8FDC-42A3-9474-1A3956D46DE8}") = "Windows Phone 8", "Windows Phone 8", "{29334B7B-5C43-4C89-B4D8-DDFB94666CDC}"
EndProject
Project("{2150E333-8FDC-42A3-9474-1A3956D46DE8}") = "Background Agent", "Background Agent", "{7F901A34-ABEA-4AED-B9EB-523C9C1BBD8B}"
EndProject
Project("{FAE04EC0-301F-11D3-BF4B-00C04F79EFBC}") = "Ocell.ReadLater", "Ocell.APIs\Ocell.ReadLater\Ocell.ReadLater.csproj", "{DBA3FA70-8F8F-41E7-8C4B-D9B8BF4C937B}"
EndProject
Project("{FAE04EC0-301F-11D3-BF4B-00C04F79EFBC}") = "Ocell.Library.CoreTypes", "Ocell.Library\Ocell.Library.CoreTypes\Ocell.Library.CoreTypes.csproj", "{B4CA0BB9-C805-4FC2-BDF4-9F729A661EB0}"
EndProject
Project("{FAE04EC0-301F-11D3-BF4B-00C04F79EFBC}") = "Ocell.Localization", "Ocell.Library\Ocell.Localization\Ocell.Localization.csproj", "{FAC86E98-A611-4800-B374-83E915925F6D}"
EndProject
Project("{FAE04EC0-301F-11D3-BF4B-00C04F79EFBC}") = "Ocell.BackgroundAgent.Library", "Ocell.Library\Ocell.BackgroundAgent.Library\Ocell.BackgroundAgent.Library.csproj", "{742DB613-45BB-4F8F-A73F-B559901F6548}"
EndProject
Project("{FAE04EC0-301F-11D3-BF4B-00C04F79EFBC}") = "Ocell.Library", "Ocell.Library\Ocell.Library\Ocell.Library.csproj", "{1FF8200D-1E01-4ABA-A876-C313E286E1FC}"
EndProject
Project("{FAE04EC0-301F-11D3-BF4B-00C04F79EFBC}") = "Ocell.Phone8", "Ocell.UI\Ocell.Phone8\Ocell.Phone8.csproj", "{D23E7947-6771-402D-A3D9-384CF40A8824}"
EndProject
Project("{FAE04EC0-301F-11D3-BF4B-00C04F79EFBC}") = "Ocell.BackgroundAgent.Phone8", "Ocell.BackgroundAgent.Phone8\Ocell.BackgroundAgent.Phone8.csproj", "{1D77B761-F1A7-43B5-914E-16AC51218972}"
EndProject
Project("{2150E333-8FDC-42A3-9474-1A3956D46DE8}") = "Tests", "Tests", "{C86EAC59-8F69-491B-A984-46BF9018242E}"
EndProject
Project("{FAE04EC0-301F-11D3-BF4B-00C04F79EFBC}") = "Ocell.ReadLater.Tests", "Ocell.ReadLater.Tests\Ocell.ReadLater.Tests.csproj", "{BE5CB76C-F1D1-415F-A4E5-FC6EF6EE6914}"
EndProject
Project("{FAE04EC0-301F-11D3-BF4B-00C04F79EFBC}") = "Ocell.Tests", "Ocell.Tests\Ocell.Tests.csproj", "{B059A6CE-90FC-4480-BE05-E46C978152D2}"
EndProject
Global
	GlobalSection(SolutionConfigurationPlatforms) = preSolution
		ClientProfiles|Any CPU = ClientProfiles|Any CPU
		ClientProfiles|ARM = ClientProfiles|ARM
		ClientProfiles|Mixed Platforms = ClientProfiles|Mixed Platforms
		ClientProfiles|PHP 5.3 = ClientProfiles|PHP 5.3
		ClientProfiles|x86 = ClientProfiles|x86
		Debug_Lite|Any CPU = Debug_Lite|Any CPU
		Debug_Lite|ARM = Debug_Lite|ARM
		Debug_Lite|Mixed Platforms = Debug_Lite|Mixed Platforms
		Debug_Lite|PHP 5.3 = Debug_Lite|PHP 5.3
		Debug_Lite|x86 = Debug_Lite|x86
		Debug|Any CPU = Debug|Any CPU
		Debug|ARM = Debug|ARM
		Debug|Mixed Platforms = Debug|Mixed Platforms
		Debug|PHP 5.3 = Debug|PHP 5.3
		Debug|x86 = Debug|x86
		Local|Any CPU = Local|Any CPU
		Local|ARM = Local|ARM
		Local|Mixed Platforms = Local|Mixed Platforms
		Local|PHP 5.3 = Local|PHP 5.3
		Local|x86 = Local|x86
		Production|Any CPU = Production|Any CPU
		Production|ARM = Production|ARM
		Production|Mixed Platforms = Production|Mixed Platforms
		Production|PHP 5.3 = Production|PHP 5.3
		Production|x86 = Production|x86
		Release_Lite|Any CPU = Release_Lite|Any CPU
		Release_Lite|ARM = Release_Lite|ARM
		Release_Lite|Mixed Platforms = Release_Lite|Mixed Platforms
		Release_Lite|PHP 5.3 = Release_Lite|PHP 5.3
		Release_Lite|x86 = Release_Lite|x86
		Release|Any CPU = Release|Any CPU
		Release|ARM = Release|ARM
		Release|Mixed Platforms = Release|Mixed Platforms
		Release|PHP 5.3 = Release|PHP 5.3
		Release|x86 = Release|x86
		Staging|Any CPU = Staging|Any CPU
		Staging|ARM = Staging|ARM
		Staging|Mixed Platforms = Staging|Mixed Platforms
		Staging|PHP 5.3 = Staging|PHP 5.3
		Staging|x86 = Staging|x86
	EndGlobalSection
	GlobalSection(ProjectConfigurationPlatforms) = postSolution
		{DBA3FA70-8F8F-41E7-8C4B-D9B8BF4C937B}.ClientProfiles|Any CPU.ActiveCfg = Release|Any CPU
		{DBA3FA70-8F8F-41E7-8C4B-D9B8BF4C937B}.ClientProfiles|Any CPU.Build.0 = Release|Any CPU
		{DBA3FA70-8F8F-41E7-8C4B-D9B8BF4C937B}.ClientProfiles|ARM.ActiveCfg = Release|Any CPU
		{DBA3FA70-8F8F-41E7-8C4B-D9B8BF4C937B}.ClientProfiles|Mixed Platforms.ActiveCfg = Release|Any CPU
		{DBA3FA70-8F8F-41E7-8C4B-D9B8BF4C937B}.ClientProfiles|Mixed Platforms.Build.0 = Release|Any CPU
		{DBA3FA70-8F8F-41E7-8C4B-D9B8BF4C937B}.ClientProfiles|PHP 5.3.ActiveCfg = Release|Any CPU
		{DBA3FA70-8F8F-41E7-8C4B-D9B8BF4C937B}.ClientProfiles|x86.ActiveCfg = Release|Any CPU
		{DBA3FA70-8F8F-41E7-8C4B-D9B8BF4C937B}.Debug_Lite|Any CPU.ActiveCfg = Debug|Any CPU
		{DBA3FA70-8F8F-41E7-8C4B-D9B8BF4C937B}.Debug_Lite|Any CPU.Build.0 = Debug|Any CPU
		{DBA3FA70-8F8F-41E7-8C4B-D9B8BF4C937B}.Debug_Lite|ARM.ActiveCfg = Debug|Any CPU
		{DBA3FA70-8F8F-41E7-8C4B-D9B8BF4C937B}.Debug_Lite|Mixed Platforms.ActiveCfg = Debug|Any CPU
		{DBA3FA70-8F8F-41E7-8C4B-D9B8BF4C937B}.Debug_Lite|Mixed Platforms.Build.0 = Debug|Any CPU
		{DBA3FA70-8F8F-41E7-8C4B-D9B8BF4C937B}.Debug_Lite|PHP 5.3.ActiveCfg = Debug|Any CPU
		{DBA3FA70-8F8F-41E7-8C4B-D9B8BF4C937B}.Debug_Lite|x86.ActiveCfg = Debug|Any CPU
		{DBA3FA70-8F8F-41E7-8C4B-D9B8BF4C937B}.Debug|Any CPU.ActiveCfg = Debug|Any CPU
		{DBA3FA70-8F8F-41E7-8C4B-D9B8BF4C937B}.Debug|Any CPU.Build.0 = Debug|Any CPU
		{DBA3FA70-8F8F-41E7-8C4B-D9B8BF4C937B}.Debug|ARM.ActiveCfg = Debug|Any CPU
		{DBA3FA70-8F8F-41E7-8C4B-D9B8BF4C937B}.Debug|Mixed Platforms.ActiveCfg = Debug|Any CPU
		{DBA3FA70-8F8F-41E7-8C4B-D9B8BF4C937B}.Debug|Mixed Platforms.Build.0 = Debug|Any CPU
		{DBA3FA70-8F8F-41E7-8C4B-D9B8BF4C937B}.Debug|PHP 5.3.ActiveCfg = Debug|Any CPU
		{DBA3FA70-8F8F-41E7-8C4B-D9B8BF4C937B}.Debug|x86.ActiveCfg = Debug|Any CPU
		{DBA3FA70-8F8F-41E7-8C4B-D9B8BF4C937B}.Local|Any CPU.ActiveCfg = Release|Any CPU
		{DBA3FA70-8F8F-41E7-8C4B-D9B8BF4C937B}.Local|Any CPU.Build.0 = Release|Any CPU
		{DBA3FA70-8F8F-41E7-8C4B-D9B8BF4C937B}.Local|ARM.ActiveCfg = Release|Any CPU
		{DBA3FA70-8F8F-41E7-8C4B-D9B8BF4C937B}.Local|Mixed Platforms.ActiveCfg = Release|Any CPU
		{DBA3FA70-8F8F-41E7-8C4B-D9B8BF4C937B}.Local|Mixed Platforms.Build.0 = Release|Any CPU
		{DBA3FA70-8F8F-41E7-8C4B-D9B8BF4C937B}.Local|PHP 5.3.ActiveCfg = Release|Any CPU
		{DBA3FA70-8F8F-41E7-8C4B-D9B8BF4C937B}.Local|x86.ActiveCfg = Release|Any CPU
		{DBA3FA70-8F8F-41E7-8C4B-D9B8BF4C937B}.Production|Any CPU.ActiveCfg = Release|Any CPU
		{DBA3FA70-8F8F-41E7-8C4B-D9B8BF4C937B}.Production|Any CPU.Build.0 = Release|Any CPU
		{DBA3FA70-8F8F-41E7-8C4B-D9B8BF4C937B}.Production|ARM.ActiveCfg = Release|Any CPU
		{DBA3FA70-8F8F-41E7-8C4B-D9B8BF4C937B}.Production|Mixed Platforms.ActiveCfg = Release|Any CPU
		{DBA3FA70-8F8F-41E7-8C4B-D9B8BF4C937B}.Production|Mixed Platforms.Build.0 = Release|Any CPU
		{DBA3FA70-8F8F-41E7-8C4B-D9B8BF4C937B}.Production|PHP 5.3.ActiveCfg = Release|Any CPU
		{DBA3FA70-8F8F-41E7-8C4B-D9B8BF4C937B}.Production|x86.ActiveCfg = Release|Any CPU
		{DBA3FA70-8F8F-41E7-8C4B-D9B8BF4C937B}.Release_Lite|Any CPU.ActiveCfg = Release|Any CPU
		{DBA3FA70-8F8F-41E7-8C4B-D9B8BF4C937B}.Release_Lite|Any CPU.Build.0 = Release|Any CPU
		{DBA3FA70-8F8F-41E7-8C4B-D9B8BF4C937B}.Release_Lite|ARM.ActiveCfg = Release|Any CPU
		{DBA3FA70-8F8F-41E7-8C4B-D9B8BF4C937B}.Release_Lite|Mixed Platforms.ActiveCfg = Release|Any CPU
		{DBA3FA70-8F8F-41E7-8C4B-D9B8BF4C937B}.Release_Lite|Mixed Platforms.Build.0 = Release|Any CPU
		{DBA3FA70-8F8F-41E7-8C4B-D9B8BF4C937B}.Release_Lite|PHP 5.3.ActiveCfg = Release|Any CPU
		{DBA3FA70-8F8F-41E7-8C4B-D9B8BF4C937B}.Release_Lite|x86.ActiveCfg = Release|Any CPU
		{DBA3FA70-8F8F-41E7-8C4B-D9B8BF4C937B}.Release|Any CPU.ActiveCfg = Release|Any CPU
		{DBA3FA70-8F8F-41E7-8C4B-D9B8BF4C937B}.Release|Any CPU.Build.0 = Release|Any CPU
		{DBA3FA70-8F8F-41E7-8C4B-D9B8BF4C937B}.Release|ARM.ActiveCfg = Release|Any CPU
		{DBA3FA70-8F8F-41E7-8C4B-D9B8BF4C937B}.Release|Mixed Platforms.ActiveCfg = Release|Any CPU
		{DBA3FA70-8F8F-41E7-8C4B-D9B8BF4C937B}.Release|Mixed Platforms.Build.0 = Release|Any CPU
		{DBA3FA70-8F8F-41E7-8C4B-D9B8BF4C937B}.Release|PHP 5.3.ActiveCfg = Release|Any CPU
		{DBA3FA70-8F8F-41E7-8C4B-D9B8BF4C937B}.Release|x86.ActiveCfg = Release|Any CPU
		{DBA3FA70-8F8F-41E7-8C4B-D9B8BF4C937B}.Staging|Any CPU.ActiveCfg = Release|Any CPU
		{DBA3FA70-8F8F-41E7-8C4B-D9B8BF4C937B}.Staging|Any CPU.Build.0 = Release|Any CPU
		{DBA3FA70-8F8F-41E7-8C4B-D9B8BF4C937B}.Staging|ARM.ActiveCfg = Release|Any CPU
		{DBA3FA70-8F8F-41E7-8C4B-D9B8BF4C937B}.Staging|Mixed Platforms.ActiveCfg = Release|Any CPU
		{DBA3FA70-8F8F-41E7-8C4B-D9B8BF4C937B}.Staging|Mixed Platforms.Build.0 = Release|Any CPU
		{DBA3FA70-8F8F-41E7-8C4B-D9B8BF4C937B}.Staging|PHP 5.3.ActiveCfg = Release|Any CPU
		{DBA3FA70-8F8F-41E7-8C4B-D9B8BF4C937B}.Staging|x86.ActiveCfg = Release|Any CPU
		{B4CA0BB9-C805-4FC2-BDF4-9F729A661EB0}.ClientProfiles|Any CPU.ActiveCfg = Release_Lite|Any CPU
		{B4CA0BB9-C805-4FC2-BDF4-9F729A661EB0}.ClientProfiles|Any CPU.Build.0 = Release_Lite|Any CPU
		{B4CA0BB9-C805-4FC2-BDF4-9F729A661EB0}.ClientProfiles|ARM.ActiveCfg = Release_Lite|Any CPU
		{B4CA0BB9-C805-4FC2-BDF4-9F729A661EB0}.ClientProfiles|Mixed Platforms.ActiveCfg = Release_Lite|Any CPU
		{B4CA0BB9-C805-4FC2-BDF4-9F729A661EB0}.ClientProfiles|Mixed Platforms.Build.0 = Release_Lite|Any CPU
		{B4CA0BB9-C805-4FC2-BDF4-9F729A661EB0}.ClientProfiles|PHP 5.3.ActiveCfg = Release_Lite|Any CPU
		{B4CA0BB9-C805-4FC2-BDF4-9F729A661EB0}.ClientProfiles|x86.ActiveCfg = Release_Lite|Any CPU
		{B4CA0BB9-C805-4FC2-BDF4-9F729A661EB0}.Debug_Lite|Any CPU.ActiveCfg = Debug|Any CPU
		{B4CA0BB9-C805-4FC2-BDF4-9F729A661EB0}.Debug_Lite|Any CPU.Build.0 = Debug|Any CPU
		{B4CA0BB9-C805-4FC2-BDF4-9F729A661EB0}.Debug_Lite|ARM.ActiveCfg = Debug|Any CPU
		{B4CA0BB9-C805-4FC2-BDF4-9F729A661EB0}.Debug_Lite|Mixed Platforms.ActiveCfg = Debug|Any CPU
		{B4CA0BB9-C805-4FC2-BDF4-9F729A661EB0}.Debug_Lite|Mixed Platforms.Build.0 = Debug|Any CPU
		{B4CA0BB9-C805-4FC2-BDF4-9F729A661EB0}.Debug_Lite|PHP 5.3.ActiveCfg = Debug|Any CPU
		{B4CA0BB9-C805-4FC2-BDF4-9F729A661EB0}.Debug_Lite|x86.ActiveCfg = Debug|Any CPU
		{B4CA0BB9-C805-4FC2-BDF4-9F729A661EB0}.Debug|Any CPU.ActiveCfg = Debug|Any CPU
		{B4CA0BB9-C805-4FC2-BDF4-9F729A661EB0}.Debug|Any CPU.Build.0 = Debug|Any CPU
		{B4CA0BB9-C805-4FC2-BDF4-9F729A661EB0}.Debug|ARM.ActiveCfg = Debug|Any CPU
		{B4CA0BB9-C805-4FC2-BDF4-9F729A661EB0}.Debug|Mixed Platforms.ActiveCfg = Debug|Any CPU
		{B4CA0BB9-C805-4FC2-BDF4-9F729A661EB0}.Debug|Mixed Platforms.Build.0 = Debug|Any CPU
		{B4CA0BB9-C805-4FC2-BDF4-9F729A661EB0}.Debug|PHP 5.3.ActiveCfg = Debug|Any CPU
		{B4CA0BB9-C805-4FC2-BDF4-9F729A661EB0}.Debug|x86.ActiveCfg = Debug|Any CPU
		{B4CA0BB9-C805-4FC2-BDF4-9F729A661EB0}.Local|Any CPU.ActiveCfg = Release_Lite|Any CPU
		{B4CA0BB9-C805-4FC2-BDF4-9F729A661EB0}.Local|Any CPU.Build.0 = Release_Lite|Any CPU
		{B4CA0BB9-C805-4FC2-BDF4-9F729A661EB0}.Local|ARM.ActiveCfg = Release_Lite|Any CPU
		{B4CA0BB9-C805-4FC2-BDF4-9F729A661EB0}.Local|Mixed Platforms.ActiveCfg = Release_Lite|Any CPU
		{B4CA0BB9-C805-4FC2-BDF4-9F729A661EB0}.Local|Mixed Platforms.Build.0 = Release_Lite|Any CPU
		{B4CA0BB9-C805-4FC2-BDF4-9F729A661EB0}.Local|PHP 5.3.ActiveCfg = Release_Lite|Any CPU
		{B4CA0BB9-C805-4FC2-BDF4-9F729A661EB0}.Local|x86.ActiveCfg = Release_Lite|Any CPU
		{B4CA0BB9-C805-4FC2-BDF4-9F729A661EB0}.Production|Any CPU.ActiveCfg = Release_Lite|Any CPU
		{B4CA0BB9-C805-4FC2-BDF4-9F729A661EB0}.Production|Any CPU.Build.0 = Release_Lite|Any CPU
		{B4CA0BB9-C805-4FC2-BDF4-9F729A661EB0}.Production|ARM.ActiveCfg = Release_Lite|Any CPU
		{B4CA0BB9-C805-4FC2-BDF4-9F729A661EB0}.Production|Mixed Platforms.ActiveCfg = Release_Lite|Any CPU
		{B4CA0BB9-C805-4FC2-BDF4-9F729A661EB0}.Production|Mixed Platforms.Build.0 = Release_Lite|Any CPU
		{B4CA0BB9-C805-4FC2-BDF4-9F729A661EB0}.Production|PHP 5.3.ActiveCfg = Release_Lite|Any CPU
		{B4CA0BB9-C805-4FC2-BDF4-9F729A661EB0}.Production|x86.ActiveCfg = Release_Lite|Any CPU
		{B4CA0BB9-C805-4FC2-BDF4-9F729A661EB0}.Release_Lite|Any CPU.ActiveCfg = Release_Lite|Any CPU
		{B4CA0BB9-C805-4FC2-BDF4-9F729A661EB0}.Release_Lite|Any CPU.Build.0 = Release_Lite|Any CPU
		{B4CA0BB9-C805-4FC2-BDF4-9F729A661EB0}.Release_Lite|ARM.ActiveCfg = Release_Lite|Any CPU
		{B4CA0BB9-C805-4FC2-BDF4-9F729A661EB0}.Release_Lite|Mixed Platforms.ActiveCfg = Release_Lite|Any CPU
		{B4CA0BB9-C805-4FC2-BDF4-9F729A661EB0}.Release_Lite|Mixed Platforms.Build.0 = Release_Lite|Any CPU
		{B4CA0BB9-C805-4FC2-BDF4-9F729A661EB0}.Release_Lite|PHP 5.3.ActiveCfg = Release_Lite|Any CPU
		{B4CA0BB9-C805-4FC2-BDF4-9F729A661EB0}.Release_Lite|x86.ActiveCfg = Release_Lite|Any CPU
		{B4CA0BB9-C805-4FC2-BDF4-9F729A661EB0}.Release|Any CPU.ActiveCfg = Release|Any CPU
		{B4CA0BB9-C805-4FC2-BDF4-9F729A661EB0}.Release|Any CPU.Build.0 = Release|Any CPU
		{B4CA0BB9-C805-4FC2-BDF4-9F729A661EB0}.Release|ARM.ActiveCfg = Release|Any CPU
		{B4CA0BB9-C805-4FC2-BDF4-9F729A661EB0}.Release|Mixed Platforms.ActiveCfg = Release|Any CPU
		{B4CA0BB9-C805-4FC2-BDF4-9F729A661EB0}.Release|Mixed Platforms.Build.0 = Release|Any CPU
		{B4CA0BB9-C805-4FC2-BDF4-9F729A661EB0}.Release|PHP 5.3.ActiveCfg = Release|Any CPU
		{B4CA0BB9-C805-4FC2-BDF4-9F729A661EB0}.Release|x86.ActiveCfg = Release|Any CPU
		{B4CA0BB9-C805-4FC2-BDF4-9F729A661EB0}.Staging|Any CPU.ActiveCfg = Release_Lite|Any CPU
		{B4CA0BB9-C805-4FC2-BDF4-9F729A661EB0}.Staging|Any CPU.Build.0 = Release_Lite|Any CPU
		{B4CA0BB9-C805-4FC2-BDF4-9F729A661EB0}.Staging|ARM.ActiveCfg = Release_Lite|Any CPU
		{B4CA0BB9-C805-4FC2-BDF4-9F729A661EB0}.Staging|Mixed Platforms.ActiveCfg = Release_Lite|Any CPU
		{B4CA0BB9-C805-4FC2-BDF4-9F729A661EB0}.Staging|Mixed Platforms.Build.0 = Release_Lite|Any CPU
		{B4CA0BB9-C805-4FC2-BDF4-9F729A661EB0}.Staging|PHP 5.3.ActiveCfg = Release_Lite|Any CPU
		{B4CA0BB9-C805-4FC2-BDF4-9F729A661EB0}.Staging|x86.ActiveCfg = Release_Lite|Any CPU
		{FAC86E98-A611-4800-B374-83E915925F6D}.ClientProfiles|Any CPU.ActiveCfg = Release_Lite|Any CPU
		{FAC86E98-A611-4800-B374-83E915925F6D}.ClientProfiles|Any CPU.Build.0 = Release_Lite|Any CPU
		{FAC86E98-A611-4800-B374-83E915925F6D}.ClientProfiles|ARM.ActiveCfg = Release_Lite|Any CPU
		{FAC86E98-A611-4800-B374-83E915925F6D}.ClientProfiles|Mixed Platforms.ActiveCfg = Release_Lite|Any CPU
		{FAC86E98-A611-4800-B374-83E915925F6D}.ClientProfiles|Mixed Platforms.Build.0 = Release_Lite|Any CPU
		{FAC86E98-A611-4800-B374-83E915925F6D}.ClientProfiles|PHP 5.3.ActiveCfg = Release_Lite|Any CPU
		{FAC86E98-A611-4800-B374-83E915925F6D}.ClientProfiles|x86.ActiveCfg = Release_Lite|Any CPU
		{FAC86E98-A611-4800-B374-83E915925F6D}.Debug_Lite|Any CPU.ActiveCfg = Debug|Any CPU
		{FAC86E98-A611-4800-B374-83E915925F6D}.Debug_Lite|Any CPU.Build.0 = Debug|Any CPU
		{FAC86E98-A611-4800-B374-83E915925F6D}.Debug_Lite|ARM.ActiveCfg = Debug|Any CPU
		{FAC86E98-A611-4800-B374-83E915925F6D}.Debug_Lite|Mixed Platforms.ActiveCfg = Debug|Any CPU
		{FAC86E98-A611-4800-B374-83E915925F6D}.Debug_Lite|Mixed Platforms.Build.0 = Debug|Any CPU
		{FAC86E98-A611-4800-B374-83E915925F6D}.Debug_Lite|PHP 5.3.ActiveCfg = Debug|Any CPU
		{FAC86E98-A611-4800-B374-83E915925F6D}.Debug_Lite|x86.ActiveCfg = Debug|Any CPU
		{FAC86E98-A611-4800-B374-83E915925F6D}.Debug|Any CPU.ActiveCfg = Debug|Any CPU
		{FAC86E98-A611-4800-B374-83E915925F6D}.Debug|Any CPU.Build.0 = Debug|Any CPU
		{FAC86E98-A611-4800-B374-83E915925F6D}.Debug|ARM.ActiveCfg = Debug|Any CPU
		{FAC86E98-A611-4800-B374-83E915925F6D}.Debug|Mixed Platforms.ActiveCfg = Debug|Any CPU
		{FAC86E98-A611-4800-B374-83E915925F6D}.Debug|Mixed Platforms.Build.0 = Debug|Any CPU
		{FAC86E98-A611-4800-B374-83E915925F6D}.Debug|PHP 5.3.ActiveCfg = Debug|Any CPU
		{FAC86E98-A611-4800-B374-83E915925F6D}.Debug|x86.ActiveCfg = Debug|Any CPU
		{FAC86E98-A611-4800-B374-83E915925F6D}.Local|Any CPU.ActiveCfg = Release_Lite|Any CPU
		{FAC86E98-A611-4800-B374-83E915925F6D}.Local|Any CPU.Build.0 = Release_Lite|Any CPU
		{FAC86E98-A611-4800-B374-83E915925F6D}.Local|ARM.ActiveCfg = Release_Lite|Any CPU
		{FAC86E98-A611-4800-B374-83E915925F6D}.Local|Mixed Platforms.ActiveCfg = Release_Lite|Any CPU
		{FAC86E98-A611-4800-B374-83E915925F6D}.Local|Mixed Platforms.Build.0 = Release_Lite|Any CPU
		{FAC86E98-A611-4800-B374-83E915925F6D}.Local|PHP 5.3.ActiveCfg = Release_Lite|Any CPU
		{FAC86E98-A611-4800-B374-83E915925F6D}.Local|x86.ActiveCfg = Release_Lite|Any CPU
		{FAC86E98-A611-4800-B374-83E915925F6D}.Production|Any CPU.ActiveCfg = Release_Lite|Any CPU
		{FAC86E98-A611-4800-B374-83E915925F6D}.Production|Any CPU.Build.0 = Release_Lite|Any CPU
		{FAC86E98-A611-4800-B374-83E915925F6D}.Production|ARM.ActiveCfg = Release_Lite|Any CPU
		{FAC86E98-A611-4800-B374-83E915925F6D}.Production|Mixed Platforms.ActiveCfg = Release_Lite|Any CPU
		{FAC86E98-A611-4800-B374-83E915925F6D}.Production|Mixed Platforms.Build.0 = Release_Lite|Any CPU
		{FAC86E98-A611-4800-B374-83E915925F6D}.Production|PHP 5.3.ActiveCfg = Release_Lite|Any CPU
		{FAC86E98-A611-4800-B374-83E915925F6D}.Production|x86.ActiveCfg = Release_Lite|Any CPU
		{FAC86E98-A611-4800-B374-83E915925F6D}.Release_Lite|Any CPU.ActiveCfg = Release_Lite|Any CPU
		{FAC86E98-A611-4800-B374-83E915925F6D}.Release_Lite|Any CPU.Build.0 = Release_Lite|Any CPU
		{FAC86E98-A611-4800-B374-83E915925F6D}.Release_Lite|ARM.ActiveCfg = Release_Lite|Any CPU
		{FAC86E98-A611-4800-B374-83E915925F6D}.Release_Lite|Mixed Platforms.ActiveCfg = Release_Lite|Any CPU
		{FAC86E98-A611-4800-B374-83E915925F6D}.Release_Lite|Mixed Platforms.Build.0 = Release_Lite|Any CPU
		{FAC86E98-A611-4800-B374-83E915925F6D}.Release_Lite|PHP 5.3.ActiveCfg = Release_Lite|Any CPU
		{FAC86E98-A611-4800-B374-83E915925F6D}.Release_Lite|x86.ActiveCfg = Release_Lite|Any CPU
		{FAC86E98-A611-4800-B374-83E915925F6D}.Release|Any CPU.ActiveCfg = Release|Any CPU
		{FAC86E98-A611-4800-B374-83E915925F6D}.Release|Any CPU.Build.0 = Release|Any CPU
		{FAC86E98-A611-4800-B374-83E915925F6D}.Release|ARM.ActiveCfg = Release|Any CPU
		{FAC86E98-A611-4800-B374-83E915925F6D}.Release|Mixed Platforms.ActiveCfg = Release|Any CPU
		{FAC86E98-A611-4800-B374-83E915925F6D}.Release|Mixed Platforms.Build.0 = Release|Any CPU
		{FAC86E98-A611-4800-B374-83E915925F6D}.Release|PHP 5.3.ActiveCfg = Release|Any CPU
		{FAC86E98-A611-4800-B374-83E915925F6D}.Release|x86.ActiveCfg = Release|Any CPU
		{FAC86E98-A611-4800-B374-83E915925F6D}.Staging|Any CPU.ActiveCfg = Release_Lite|Any CPU
		{FAC86E98-A611-4800-B374-83E915925F6D}.Staging|Any CPU.Build.0 = Release_Lite|Any CPU
		{FAC86E98-A611-4800-B374-83E915925F6D}.Staging|ARM.ActiveCfg = Release_Lite|Any CPU
		{FAC86E98-A611-4800-B374-83E915925F6D}.Staging|Mixed Platforms.ActiveCfg = Release_Lite|Any CPU
		{FAC86E98-A611-4800-B374-83E915925F6D}.Staging|Mixed Platforms.Build.0 = Release_Lite|Any CPU
		{FAC86E98-A611-4800-B374-83E915925F6D}.Staging|PHP 5.3.ActiveCfg = Release_Lite|Any CPU
		{FAC86E98-A611-4800-B374-83E915925F6D}.Staging|x86.ActiveCfg = Release_Lite|Any CPU
		{742DB613-45BB-4F8F-A73F-B559901F6548}.ClientProfiles|Any CPU.ActiveCfg = Release_Lite|Any CPU
		{742DB613-45BB-4F8F-A73F-B559901F6548}.ClientProfiles|Any CPU.Build.0 = Release_Lite|Any CPU
		{742DB613-45BB-4F8F-A73F-B559901F6548}.ClientProfiles|ARM.ActiveCfg = Release_Lite|Any CPU
		{742DB613-45BB-4F8F-A73F-B559901F6548}.ClientProfiles|Mixed Platforms.ActiveCfg = Release_Lite|Any CPU
		{742DB613-45BB-4F8F-A73F-B559901F6548}.ClientProfiles|Mixed Platforms.Build.0 = Release_Lite|Any CPU
		{742DB613-45BB-4F8F-A73F-B559901F6548}.ClientProfiles|PHP 5.3.ActiveCfg = Release_Lite|Any CPU
		{742DB613-45BB-4F8F-A73F-B559901F6548}.ClientProfiles|x86.ActiveCfg = Release_Lite|Any CPU
		{742DB613-45BB-4F8F-A73F-B559901F6548}.Debug_Lite|Any CPU.ActiveCfg = Debug|Any CPU
		{742DB613-45BB-4F8F-A73F-B559901F6548}.Debug_Lite|Any CPU.Build.0 = Debug|Any CPU
		{742DB613-45BB-4F8F-A73F-B559901F6548}.Debug_Lite|ARM.ActiveCfg = Debug|Any CPU
		{742DB613-45BB-4F8F-A73F-B559901F6548}.Debug_Lite|Mixed Platforms.ActiveCfg = Debug|Any CPU
		{742DB613-45BB-4F8F-A73F-B559901F6548}.Debug_Lite|Mixed Platforms.Build.0 = Debug|Any CPU
		{742DB613-45BB-4F8F-A73F-B559901F6548}.Debug_Lite|PHP 5.3.ActiveCfg = Debug|Any CPU
		{742DB613-45BB-4F8F-A73F-B559901F6548}.Debug_Lite|x86.ActiveCfg = Debug|Any CPU
		{742DB613-45BB-4F8F-A73F-B559901F6548}.Debug|Any CPU.ActiveCfg = Debug|Any CPU
		{742DB613-45BB-4F8F-A73F-B559901F6548}.Debug|Any CPU.Build.0 = Debug|Any CPU
		{742DB613-45BB-4F8F-A73F-B559901F6548}.Debug|ARM.ActiveCfg = Debug|Any CPU
		{742DB613-45BB-4F8F-A73F-B559901F6548}.Debug|Mixed Platforms.ActiveCfg = Debug|Any CPU
		{742DB613-45BB-4F8F-A73F-B559901F6548}.Debug|Mixed Platforms.Build.0 = Debug|Any CPU
		{742DB613-45BB-4F8F-A73F-B559901F6548}.Debug|PHP 5.3.ActiveCfg = Debug|Any CPU
		{742DB613-45BB-4F8F-A73F-B559901F6548}.Debug|x86.ActiveCfg = Debug|Any CPU
		{742DB613-45BB-4F8F-A73F-B559901F6548}.Local|Any CPU.ActiveCfg = Release_Lite|Any CPU
		{742DB613-45BB-4F8F-A73F-B559901F6548}.Local|Any CPU.Build.0 = Release_Lite|Any CPU
		{742DB613-45BB-4F8F-A73F-B559901F6548}.Local|ARM.ActiveCfg = Release_Lite|Any CPU
		{742DB613-45BB-4F8F-A73F-B559901F6548}.Local|Mixed Platforms.ActiveCfg = Release_Lite|Any CPU
		{742DB613-45BB-4F8F-A73F-B559901F6548}.Local|Mixed Platforms.Build.0 = Release_Lite|Any CPU
		{742DB613-45BB-4F8F-A73F-B559901F6548}.Local|PHP 5.3.ActiveCfg = Release_Lite|Any CPU
		{742DB613-45BB-4F8F-A73F-B559901F6548}.Local|x86.ActiveCfg = Release_Lite|Any CPU
		{742DB613-45BB-4F8F-A73F-B559901F6548}.Production|Any CPU.ActiveCfg = Release_Lite|Any CPU
		{742DB613-45BB-4F8F-A73F-B559901F6548}.Production|Any CPU.Build.0 = Release_Lite|Any CPU
		{742DB613-45BB-4F8F-A73F-B559901F6548}.Production|ARM.ActiveCfg = Release_Lite|Any CPU
		{742DB613-45BB-4F8F-A73F-B559901F6548}.Production|Mixed Platforms.ActiveCfg = Release_Lite|Any CPU
		{742DB613-45BB-4F8F-A73F-B559901F6548}.Production|Mixed Platforms.Build.0 = Release_Lite|Any CPU
		{742DB613-45BB-4F8F-A73F-B559901F6548}.Production|PHP 5.3.ActiveCfg = Release_Lite|Any CPU
		{742DB613-45BB-4F8F-A73F-B559901F6548}.Production|x86.ActiveCfg = Release_Lite|Any CPU
		{742DB613-45BB-4F8F-A73F-B559901F6548}.Release_Lite|Any CPU.ActiveCfg = Release_Lite|Any CPU
		{742DB613-45BB-4F8F-A73F-B559901F6548}.Release_Lite|Any CPU.Build.0 = Release_Lite|Any CPU
		{742DB613-45BB-4F8F-A73F-B559901F6548}.Release_Lite|ARM.ActiveCfg = Release_Lite|Any CPU
		{742DB613-45BB-4F8F-A73F-B559901F6548}.Release_Lite|Mixed Platforms.ActiveCfg = Release_Lite|Any CPU
		{742DB613-45BB-4F8F-A73F-B559901F6548}.Release_Lite|Mixed Platforms.Build.0 = Release_Lite|Any CPU
		{742DB613-45BB-4F8F-A73F-B559901F6548}.Release_Lite|PHP 5.3.ActiveCfg = Release_Lite|Any CPU
		{742DB613-45BB-4F8F-A73F-B559901F6548}.Release_Lite|x86.ActiveCfg = Release_Lite|Any CPU
		{742DB613-45BB-4F8F-A73F-B559901F6548}.Release|Any CPU.ActiveCfg = Release|Any CPU
		{742DB613-45BB-4F8F-A73F-B559901F6548}.Release|Any CPU.Build.0 = Release|Any CPU
		{742DB613-45BB-4F8F-A73F-B559901F6548}.Release|ARM.ActiveCfg = Release|Any CPU
		{742DB613-45BB-4F8F-A73F-B559901F6548}.Release|Mixed Platforms.ActiveCfg = Release|Any CPU
		{742DB613-45BB-4F8F-A73F-B559901F6548}.Release|Mixed Platforms.Build.0 = Release|Any CPU
		{742DB613-45BB-4F8F-A73F-B559901F6548}.Release|PHP 5.3.ActiveCfg = Release|Any CPU
		{742DB613-45BB-4F8F-A73F-B559901F6548}.Release|x86.ActiveCfg = Release|Any CPU
		{742DB613-45BB-4F8F-A73F-B559901F6548}.Staging|Any CPU.ActiveCfg = Release_Lite|Any CPU
		{742DB613-45BB-4F8F-A73F-B559901F6548}.Staging|Any CPU.Build.0 = Release_Lite|Any CPU
		{742DB613-45BB-4F8F-A73F-B559901F6548}.Staging|ARM.ActiveCfg = Release_Lite|Any CPU
		{742DB613-45BB-4F8F-A73F-B559901F6548}.Staging|Mixed Platforms.ActiveCfg = Release_Lite|Any CPU
		{742DB613-45BB-4F8F-A73F-B559901F6548}.Staging|Mixed Platforms.Build.0 = Release_Lite|Any CPU
		{742DB613-45BB-4F8F-A73F-B559901F6548}.Staging|PHP 5.3.ActiveCfg = Release_Lite|Any CPU
		{742DB613-45BB-4F8F-A73F-B559901F6548}.Staging|x86.ActiveCfg = Release_Lite|Any CPU
		{1FF8200D-1E01-4ABA-A876-C313E286E1FC}.ClientProfiles|Any CPU.ActiveCfg = Release_Lite|Any CPU
		{1FF8200D-1E01-4ABA-A876-C313E286E1FC}.ClientProfiles|Any CPU.Build.0 = Release_Lite|Any CPU
		{1FF8200D-1E01-4ABA-A876-C313E286E1FC}.ClientProfiles|ARM.ActiveCfg = Release_Lite|Any CPU
		{1FF8200D-1E01-4ABA-A876-C313E286E1FC}.ClientProfiles|Mixed Platforms.ActiveCfg = Release_Lite|Any CPU
		{1FF8200D-1E01-4ABA-A876-C313E286E1FC}.ClientProfiles|Mixed Platforms.Build.0 = Release_Lite|Any CPU
		{1FF8200D-1E01-4ABA-A876-C313E286E1FC}.ClientProfiles|PHP 5.3.ActiveCfg = Release_Lite|Any CPU
		{1FF8200D-1E01-4ABA-A876-C313E286E1FC}.ClientProfiles|x86.ActiveCfg = Release_Lite|Any CPU
		{1FF8200D-1E01-4ABA-A876-C313E286E1FC}.Debug_Lite|Any CPU.ActiveCfg = Debug|Any CPU
		{1FF8200D-1E01-4ABA-A876-C313E286E1FC}.Debug_Lite|Any CPU.Build.0 = Debug|Any CPU
		{1FF8200D-1E01-4ABA-A876-C313E286E1FC}.Debug_Lite|ARM.ActiveCfg = Debug|Any CPU
		{1FF8200D-1E01-4ABA-A876-C313E286E1FC}.Debug_Lite|Mixed Platforms.ActiveCfg = Debug|Any CPU
		{1FF8200D-1E01-4ABA-A876-C313E286E1FC}.Debug_Lite|Mixed Platforms.Build.0 = Debug|Any CPU
		{1FF8200D-1E01-4ABA-A876-C313E286E1FC}.Debug_Lite|PHP 5.3.ActiveCfg = Debug|Any CPU
		{1FF8200D-1E01-4ABA-A876-C313E286E1FC}.Debug_Lite|x86.ActiveCfg = Debug|Any CPU
		{1FF8200D-1E01-4ABA-A876-C313E286E1FC}.Debug|Any CPU.ActiveCfg = Debug|Any CPU
		{1FF8200D-1E01-4ABA-A876-C313E286E1FC}.Debug|Any CPU.Build.0 = Debug|Any CPU
		{1FF8200D-1E01-4ABA-A876-C313E286E1FC}.Debug|ARM.ActiveCfg = Debug|Any CPU
		{1FF8200D-1E01-4ABA-A876-C313E286E1FC}.Debug|Mixed Platforms.ActiveCfg = Debug|Any CPU
		{1FF8200D-1E01-4ABA-A876-C313E286E1FC}.Debug|Mixed Platforms.Build.0 = Debug|Any CPU
		{1FF8200D-1E01-4ABA-A876-C313E286E1FC}.Debug|PHP 5.3.ActiveCfg = Debug|Any CPU
		{1FF8200D-1E01-4ABA-A876-C313E286E1FC}.Debug|x86.ActiveCfg = Debug|Any CPU
		{1FF8200D-1E01-4ABA-A876-C313E286E1FC}.Local|Any CPU.ActiveCfg = Release_Lite|Any CPU
		{1FF8200D-1E01-4ABA-A876-C313E286E1FC}.Local|Any CPU.Build.0 = Release_Lite|Any CPU
		{1FF8200D-1E01-4ABA-A876-C313E286E1FC}.Local|ARM.ActiveCfg = Release_Lite|Any CPU
		{1FF8200D-1E01-4ABA-A876-C313E286E1FC}.Local|Mixed Platforms.ActiveCfg = Release_Lite|Any CPU
		{1FF8200D-1E01-4ABA-A876-C313E286E1FC}.Local|Mixed Platforms.Build.0 = Release_Lite|Any CPU
		{1FF8200D-1E01-4ABA-A876-C313E286E1FC}.Local|PHP 5.3.ActiveCfg = Release_Lite|Any CPU
		{1FF8200D-1E01-4ABA-A876-C313E286E1FC}.Local|x86.ActiveCfg = Release_Lite|Any CPU
		{1FF8200D-1E01-4ABA-A876-C313E286E1FC}.Production|Any CPU.ActiveCfg = Release_Lite|Any CPU
		{1FF8200D-1E01-4ABA-A876-C313E286E1FC}.Production|Any CPU.Build.0 = Release_Lite|Any CPU
		{1FF8200D-1E01-4ABA-A876-C313E286E1FC}.Production|ARM.ActiveCfg = Release_Lite|Any CPU
		{1FF8200D-1E01-4ABA-A876-C313E286E1FC}.Production|Mixed Platforms.ActiveCfg = Release_Lite|Any CPU
		{1FF8200D-1E01-4ABA-A876-C313E286E1FC}.Production|Mixed Platforms.Build.0 = Release_Lite|Any CPU
		{1FF8200D-1E01-4ABA-A876-C313E286E1FC}.Production|PHP 5.3.ActiveCfg = Release_Lite|Any CPU
		{1FF8200D-1E01-4ABA-A876-C313E286E1FC}.Production|x86.ActiveCfg = Release_Lite|Any CPU
		{1FF8200D-1E01-4ABA-A876-C313E286E1FC}.Release_Lite|Any CPU.ActiveCfg = Release_Lite|Any CPU
		{1FF8200D-1E01-4ABA-A876-C313E286E1FC}.Release_Lite|Any CPU.Build.0 = Release_Lite|Any CPU
		{1FF8200D-1E01-4ABA-A876-C313E286E1FC}.Release_Lite|ARM.ActiveCfg = Release_Lite|Any CPU
		{1FF8200D-1E01-4ABA-A876-C313E286E1FC}.Release_Lite|Mixed Platforms.ActiveCfg = Release_Lite|Any CPU
		{1FF8200D-1E01-4ABA-A876-C313E286E1FC}.Release_Lite|Mixed Platforms.Build.0 = Release_Lite|Any CPU
		{1FF8200D-1E01-4ABA-A876-C313E286E1FC}.Release_Lite|PHP 5.3.ActiveCfg = Release_Lite|Any CPU
		{1FF8200D-1E01-4ABA-A876-C313E286E1FC}.Release_Lite|x86.ActiveCfg = Release_Lite|Any CPU
		{1FF8200D-1E01-4ABA-A876-C313E286E1FC}.Release|Any CPU.ActiveCfg = Release|Any CPU
		{1FF8200D-1E01-4ABA-A876-C313E286E1FC}.Release|Any CPU.Build.0 = Release|Any CPU
		{1FF8200D-1E01-4ABA-A876-C313E286E1FC}.Release|ARM.ActiveCfg = Release|Any CPU
		{1FF8200D-1E01-4ABA-A876-C313E286E1FC}.Release|Mixed Platforms.ActiveCfg = Release|Any CPU
		{1FF8200D-1E01-4ABA-A876-C313E286E1FC}.Release|Mixed Platforms.Build.0 = Release|Any CPU
		{1FF8200D-1E01-4ABA-A876-C313E286E1FC}.Release|PHP 5.3.ActiveCfg = Release|Any CPU
		{1FF8200D-1E01-4ABA-A876-C313E286E1FC}.Release|x86.ActiveCfg = Release|Any CPU
		{1FF8200D-1E01-4ABA-A876-C313E286E1FC}.Staging|Any CPU.ActiveCfg = Release_Lite|Any CPU
		{1FF8200D-1E01-4ABA-A876-C313E286E1FC}.Staging|Any CPU.Build.0 = Release_Lite|Any CPU
		{1FF8200D-1E01-4ABA-A876-C313E286E1FC}.Staging|ARM.ActiveCfg = Release_Lite|Any CPU
		{1FF8200D-1E01-4ABA-A876-C313E286E1FC}.Staging|Mixed Platforms.ActiveCfg = Release_Lite|Any CPU
		{1FF8200D-1E01-4ABA-A876-C313E286E1FC}.Staging|Mixed Platforms.Build.0 = Release_Lite|Any CPU
		{1FF8200D-1E01-4ABA-A876-C313E286E1FC}.Staging|PHP 5.3.ActiveCfg = Release_Lite|Any CPU
		{1FF8200D-1E01-4ABA-A876-C313E286E1FC}.Staging|x86.ActiveCfg = Release_Lite|Any CPU
		{D23E7947-6771-402D-A3D9-384CF40A8824}.ClientProfiles|Any CPU.ActiveCfg = Debug_Lite|Any CPU
		{D23E7947-6771-402D-A3D9-384CF40A8824}.ClientProfiles|Any CPU.Build.0 = Debug_Lite|Any CPU
		{D23E7947-6771-402D-A3D9-384CF40A8824}.ClientProfiles|Any CPU.Deploy.0 = Debug_Lite|Any CPU
		{D23E7947-6771-402D-A3D9-384CF40A8824}.ClientProfiles|ARM.ActiveCfg = Debug_Lite|ARM
		{D23E7947-6771-402D-A3D9-384CF40A8824}.ClientProfiles|ARM.Build.0 = Debug_Lite|ARM
		{D23E7947-6771-402D-A3D9-384CF40A8824}.ClientProfiles|ARM.Deploy.0 = Debug_Lite|ARM
		{D23E7947-6771-402D-A3D9-384CF40A8824}.ClientProfiles|Mixed Platforms.ActiveCfg = Debug_Lite|x86
		{D23E7947-6771-402D-A3D9-384CF40A8824}.ClientProfiles|Mixed Platforms.Build.0 = Debug_Lite|x86
		{D23E7947-6771-402D-A3D9-384CF40A8824}.ClientProfiles|Mixed Platforms.Deploy.0 = Debug_Lite|x86
		{D23E7947-6771-402D-A3D9-384CF40A8824}.ClientProfiles|PHP 5.3.ActiveCfg = Debug_Lite|Any CPU
		{D23E7947-6771-402D-A3D9-384CF40A8824}.ClientProfiles|x86.ActiveCfg = Debug_Lite|x86
		{D23E7947-6771-402D-A3D9-384CF40A8824}.ClientProfiles|x86.Build.0 = Debug_Lite|x86
		{D23E7947-6771-402D-A3D9-384CF40A8824}.ClientProfiles|x86.Deploy.0 = Debug_Lite|x86
		{D23E7947-6771-402D-A3D9-384CF40A8824}.Debug_Lite|Any CPU.ActiveCfg = Debug_Lite|Any CPU
		{D23E7947-6771-402D-A3D9-384CF40A8824}.Debug_Lite|Any CPU.Build.0 = Debug_Lite|Any CPU
		{D23E7947-6771-402D-A3D9-384CF40A8824}.Debug_Lite|Any CPU.Deploy.0 = Debug_Lite|Any CPU
		{D23E7947-6771-402D-A3D9-384CF40A8824}.Debug_Lite|ARM.ActiveCfg = Debug_Lite|ARM
		{D23E7947-6771-402D-A3D9-384CF40A8824}.Debug_Lite|ARM.Build.0 = Debug_Lite|ARM
		{D23E7947-6771-402D-A3D9-384CF40A8824}.Debug_Lite|ARM.Deploy.0 = Debug_Lite|ARM
		{D23E7947-6771-402D-A3D9-384CF40A8824}.Debug_Lite|Mixed Platforms.ActiveCfg = Debug_Lite|Any CPU
		{D23E7947-6771-402D-A3D9-384CF40A8824}.Debug_Lite|Mixed Platforms.Build.0 = Debug_Lite|Any CPU
		{D23E7947-6771-402D-A3D9-384CF40A8824}.Debug_Lite|Mixed Platforms.Deploy.0 = Debug_Lite|Any CPU
		{D23E7947-6771-402D-A3D9-384CF40A8824}.Debug_Lite|PHP 5.3.ActiveCfg = Debug_Lite|Any CPU
		{D23E7947-6771-402D-A3D9-384CF40A8824}.Debug_Lite|x86.ActiveCfg = Debug_Lite|x86
		{D23E7947-6771-402D-A3D9-384CF40A8824}.Debug_Lite|x86.Build.0 = Debug_Lite|x86
		{D23E7947-6771-402D-A3D9-384CF40A8824}.Debug_Lite|x86.Deploy.0 = Debug_Lite|x86
		{D23E7947-6771-402D-A3D9-384CF40A8824}.Debug|Any CPU.ActiveCfg = Debug|Any CPU
		{D23E7947-6771-402D-A3D9-384CF40A8824}.Debug|Any CPU.Build.0 = Debug|Any CPU
		{D23E7947-6771-402D-A3D9-384CF40A8824}.Debug|Any CPU.Deploy.0 = Debug|Any CPU
		{D23E7947-6771-402D-A3D9-384CF40A8824}.Debug|ARM.ActiveCfg = Debug|ARM
		{D23E7947-6771-402D-A3D9-384CF40A8824}.Debug|ARM.Build.0 = Debug|ARM
		{D23E7947-6771-402D-A3D9-384CF40A8824}.Debug|ARM.Deploy.0 = Debug|ARM
		{D23E7947-6771-402D-A3D9-384CF40A8824}.Debug|Mixed Platforms.ActiveCfg = Debug|Any CPU
		{D23E7947-6771-402D-A3D9-384CF40A8824}.Debug|Mixed Platforms.Build.0 = Debug|Any CPU
		{D23E7947-6771-402D-A3D9-384CF40A8824}.Debug|Mixed Platforms.Deploy.0 = Debug|Any CPU
		{D23E7947-6771-402D-A3D9-384CF40A8824}.Debug|PHP 5.3.ActiveCfg = Debug|Any CPU
		{D23E7947-6771-402D-A3D9-384CF40A8824}.Debug|x86.ActiveCfg = Debug|x86
		{D23E7947-6771-402D-A3D9-384CF40A8824}.Debug|x86.Build.0 = Debug|x86
		{D23E7947-6771-402D-A3D9-384CF40A8824}.Debug|x86.Deploy.0 = Debug|x86
		{D23E7947-6771-402D-A3D9-384CF40A8824}.Local|Any CPU.ActiveCfg = Debug_Lite|Any CPU
		{D23E7947-6771-402D-A3D9-384CF40A8824}.Local|Any CPU.Build.0 = Debug_Lite|Any CPU
		{D23E7947-6771-402D-A3D9-384CF40A8824}.Local|Any CPU.Deploy.0 = Debug_Lite|Any CPU
		{D23E7947-6771-402D-A3D9-384CF40A8824}.Local|ARM.ActiveCfg = Debug_Lite|ARM
		{D23E7947-6771-402D-A3D9-384CF40A8824}.Local|ARM.Build.0 = Debug_Lite|ARM
		{D23E7947-6771-402D-A3D9-384CF40A8824}.Local|ARM.Deploy.0 = Debug_Lite|ARM
		{D23E7947-6771-402D-A3D9-384CF40A8824}.Local|Mixed Platforms.ActiveCfg = Debug_Lite|Any CPU
		{D23E7947-6771-402D-A3D9-384CF40A8824}.Local|Mixed Platforms.Build.0 = Debug_Lite|Any CPU
		{D23E7947-6771-402D-A3D9-384CF40A8824}.Local|Mixed Platforms.Deploy.0 = Debug_Lite|Any CPU
		{D23E7947-6771-402D-A3D9-384CF40A8824}.Local|PHP 5.3.ActiveCfg = Debug_Lite|Any CPU
		{D23E7947-6771-402D-A3D9-384CF40A8824}.Local|x86.ActiveCfg = Debug_Lite|x86
		{D23E7947-6771-402D-A3D9-384CF40A8824}.Local|x86.Build.0 = Debug_Lite|x86
		{D23E7947-6771-402D-A3D9-384CF40A8824}.Local|x86.Deploy.0 = Debug_Lite|x86
		{D23E7947-6771-402D-A3D9-384CF40A8824}.Production|Any CPU.ActiveCfg = Debug_Lite|Any CPU
		{D23E7947-6771-402D-A3D9-384CF40A8824}.Production|Any CPU.Build.0 = Debug_Lite|Any CPU
		{D23E7947-6771-402D-A3D9-384CF40A8824}.Production|Any CPU.Deploy.0 = Debug_Lite|Any CPU
		{D23E7947-6771-402D-A3D9-384CF40A8824}.Production|ARM.ActiveCfg = Debug_Lite|ARM
		{D23E7947-6771-402D-A3D9-384CF40A8824}.Production|ARM.Build.0 = Debug_Lite|ARM
		{D23E7947-6771-402D-A3D9-384CF40A8824}.Production|ARM.Deploy.0 = Debug_Lite|ARM
		{D23E7947-6771-402D-A3D9-384CF40A8824}.Production|Mixed Platforms.ActiveCfg = Debug_Lite|x86
		{D23E7947-6771-402D-A3D9-384CF40A8824}.Production|Mixed Platforms.Build.0 = Debug_Lite|x86
		{D23E7947-6771-402D-A3D9-384CF40A8824}.Production|Mixed Platforms.Deploy.0 = Debug_Lite|x86
		{D23E7947-6771-402D-A3D9-384CF40A8824}.Production|PHP 5.3.ActiveCfg = Debug_Lite|Any CPU
		{D23E7947-6771-402D-A3D9-384CF40A8824}.Production|x86.ActiveCfg = Debug_Lite|x86
		{D23E7947-6771-402D-A3D9-384CF40A8824}.Production|x86.Build.0 = Debug_Lite|x86
		{D23E7947-6771-402D-A3D9-384CF40A8824}.Production|x86.Deploy.0 = Debug_Lite|x86
		{D23E7947-6771-402D-A3D9-384CF40A8824}.Release_Lite|Any CPU.ActiveCfg = Release_Lite|Any CPU
		{D23E7947-6771-402D-A3D9-384CF40A8824}.Release_Lite|Any CPU.Build.0 = Release_Lite|Any CPU
		{D23E7947-6771-402D-A3D9-384CF40A8824}.Release_Lite|Any CPU.Deploy.0 = Release_Lite|Any CPU
		{D23E7947-6771-402D-A3D9-384CF40A8824}.Release_Lite|ARM.ActiveCfg = Release_Lite|ARM
		{D23E7947-6771-402D-A3D9-384CF40A8824}.Release_Lite|ARM.Build.0 = Release_Lite|ARM
		{D23E7947-6771-402D-A3D9-384CF40A8824}.Release_Lite|ARM.Deploy.0 = Release_Lite|ARM
		{D23E7947-6771-402D-A3D9-384CF40A8824}.Release_Lite|Mixed Platforms.ActiveCfg = Release_Lite|Any CPU
		{D23E7947-6771-402D-A3D9-384CF40A8824}.Release_Lite|Mixed Platforms.Build.0 = Release_Lite|Any CPU
		{D23E7947-6771-402D-A3D9-384CF40A8824}.Release_Lite|Mixed Platforms.Deploy.0 = Release_Lite|Any CPU
		{D23E7947-6771-402D-A3D9-384CF40A8824}.Release_Lite|PHP 5.3.ActiveCfg = Release_Lite|Any CPU
		{D23E7947-6771-402D-A3D9-384CF40A8824}.Release_Lite|x86.ActiveCfg = Release_Lite|x86
		{D23E7947-6771-402D-A3D9-384CF40A8824}.Release_Lite|x86.Build.0 = Release_Lite|x86
		{D23E7947-6771-402D-A3D9-384CF40A8824}.Release_Lite|x86.Deploy.0 = Release_Lite|x86
		{D23E7947-6771-402D-A3D9-384CF40A8824}.Release|Any CPU.ActiveCfg = Release|Any CPU
		{D23E7947-6771-402D-A3D9-384CF40A8824}.Release|Any CPU.Build.0 = Release|Any CPU
		{D23E7947-6771-402D-A3D9-384CF40A8824}.Release|Any CPU.Deploy.0 = Release|Any CPU
		{D23E7947-6771-402D-A3D9-384CF40A8824}.Release|ARM.ActiveCfg = Release|ARM
		{D23E7947-6771-402D-A3D9-384CF40A8824}.Release|ARM.Build.0 = Release|ARM
		{D23E7947-6771-402D-A3D9-384CF40A8824}.Release|ARM.Deploy.0 = Release|ARM
		{D23E7947-6771-402D-A3D9-384CF40A8824}.Release|Mixed Platforms.ActiveCfg = Release|Any CPU
		{D23E7947-6771-402D-A3D9-384CF40A8824}.Release|Mixed Platforms.Build.0 = Release|Any CPU
		{D23E7947-6771-402D-A3D9-384CF40A8824}.Release|Mixed Platforms.Deploy.0 = Release|Any CPU
		{D23E7947-6771-402D-A3D9-384CF40A8824}.Release|PHP 5.3.ActiveCfg = Release|Any CPU
		{D23E7947-6771-402D-A3D9-384CF40A8824}.Release|x86.ActiveCfg = Release|x86
		{D23E7947-6771-402D-A3D9-384CF40A8824}.Release|x86.Build.0 = Release|x86
		{D23E7947-6771-402D-A3D9-384CF40A8824}.Release|x86.Deploy.0 = Release|x86
		{D23E7947-6771-402D-A3D9-384CF40A8824}.Staging|Any CPU.ActiveCfg = Debug_Lite|Any CPU
		{D23E7947-6771-402D-A3D9-384CF40A8824}.Staging|Any CPU.Build.0 = Debug_Lite|Any CPU
		{D23E7947-6771-402D-A3D9-384CF40A8824}.Staging|Any CPU.Deploy.0 = Debug_Lite|Any CPU
		{D23E7947-6771-402D-A3D9-384CF40A8824}.Staging|ARM.ActiveCfg = Debug_Lite|ARM
		{D23E7947-6771-402D-A3D9-384CF40A8824}.Staging|ARM.Build.0 = Debug_Lite|ARM
		{D23E7947-6771-402D-A3D9-384CF40A8824}.Staging|ARM.Deploy.0 = Debug_Lite|ARM
		{D23E7947-6771-402D-A3D9-384CF40A8824}.Staging|Mixed Platforms.ActiveCfg = Debug_Lite|x86
		{D23E7947-6771-402D-A3D9-384CF40A8824}.Staging|Mixed Platforms.Build.0 = Debug_Lite|x86
		{D23E7947-6771-402D-A3D9-384CF40A8824}.Staging|Mixed Platforms.Deploy.0 = Debug_Lite|x86
		{D23E7947-6771-402D-A3D9-384CF40A8824}.Staging|PHP 5.3.ActiveCfg = Debug_Lite|Any CPU
		{D23E7947-6771-402D-A3D9-384CF40A8824}.Staging|x86.ActiveCfg = Debug_Lite|x86
		{D23E7947-6771-402D-A3D9-384CF40A8824}.Staging|x86.Build.0 = Debug_Lite|x86
		{D23E7947-6771-402D-A3D9-384CF40A8824}.Staging|x86.Deploy.0 = Debug_Lite|x86
		{1D77B761-F1A7-43B5-914E-16AC51218972}.ClientProfiles|Any CPU.ActiveCfg = Release|Any CPU
		{1D77B761-F1A7-43B5-914E-16AC51218972}.ClientProfiles|Any CPU.Build.0 = Release|Any CPU
		{1D77B761-F1A7-43B5-914E-16AC51218972}.ClientProfiles|ARM.ActiveCfg = Release|ARM
		{1D77B761-F1A7-43B5-914E-16AC51218972}.ClientProfiles|ARM.Build.0 = Release|ARM
		{1D77B761-F1A7-43B5-914E-16AC51218972}.ClientProfiles|Mixed Platforms.ActiveCfg = Release|x86
		{1D77B761-F1A7-43B5-914E-16AC51218972}.ClientProfiles|Mixed Platforms.Build.0 = Release|x86
		{1D77B761-F1A7-43B5-914E-16AC51218972}.ClientProfiles|PHP 5.3.ActiveCfg = Release|Any CPU
		{1D77B761-F1A7-43B5-914E-16AC51218972}.ClientProfiles|x86.ActiveCfg = Release|x86
		{1D77B761-F1A7-43B5-914E-16AC51218972}.ClientProfiles|x86.Build.0 = Release|x86
		{1D77B761-F1A7-43B5-914E-16AC51218972}.Debug_Lite|Any CPU.ActiveCfg = Debug|Any CPU
		{1D77B761-F1A7-43B5-914E-16AC51218972}.Debug_Lite|Any CPU.Build.0 = Debug|Any CPU
		{1D77B761-F1A7-43B5-914E-16AC51218972}.Debug_Lite|ARM.ActiveCfg = Debug|ARM
		{1D77B761-F1A7-43B5-914E-16AC51218972}.Debug_Lite|ARM.Build.0 = Debug|ARM
		{1D77B761-F1A7-43B5-914E-16AC51218972}.Debug_Lite|Mixed Platforms.ActiveCfg = Debug|Any CPU
		{1D77B761-F1A7-43B5-914E-16AC51218972}.Debug_Lite|Mixed Platforms.Build.0 = Debug|Any CPU
		{1D77B761-F1A7-43B5-914E-16AC51218972}.Debug_Lite|PHP 5.3.ActiveCfg = Debug|Any CPU
		{1D77B761-F1A7-43B5-914E-16AC51218972}.Debug_Lite|x86.ActiveCfg = Debug|x86
		{1D77B761-F1A7-43B5-914E-16AC51218972}.Debug_Lite|x86.Build.0 = Debug|x86
		{1D77B761-F1A7-43B5-914E-16AC51218972}.Debug|Any CPU.ActiveCfg = Debug|Any CPU
		{1D77B761-F1A7-43B5-914E-16AC51218972}.Debug|Any CPU.Build.0 = Debug|Any CPU
		{1D77B761-F1A7-43B5-914E-16AC51218972}.Debug|ARM.ActiveCfg = Debug|ARM
		{1D77B761-F1A7-43B5-914E-16AC51218972}.Debug|ARM.Build.0 = Debug|ARM
		{1D77B761-F1A7-43B5-914E-16AC51218972}.Debug|Mixed Platforms.ActiveCfg = Debug|Any CPU
		{1D77B761-F1A7-43B5-914E-16AC51218972}.Debug|Mixed Platforms.Build.0 = Debug|Any CPU
		{1D77B761-F1A7-43B5-914E-16AC51218972}.Debug|PHP 5.3.ActiveCfg = Debug|Any CPU
		{1D77B761-F1A7-43B5-914E-16AC51218972}.Debug|x86.ActiveCfg = Debug|x86
		{1D77B761-F1A7-43B5-914E-16AC51218972}.Debug|x86.Build.0 = Debug|x86
		{1D77B761-F1A7-43B5-914E-16AC51218972}.Local|Any CPU.ActiveCfg = Release|Any CPU
		{1D77B761-F1A7-43B5-914E-16AC51218972}.Local|Any CPU.Build.0 = Release|Any CPU
		{1D77B761-F1A7-43B5-914E-16AC51218972}.Local|ARM.ActiveCfg = Release|ARM
		{1D77B761-F1A7-43B5-914E-16AC51218972}.Local|ARM.Build.0 = Release|ARM
		{1D77B761-F1A7-43B5-914E-16AC51218972}.Local|Mixed Platforms.ActiveCfg = Release|x86
		{1D77B761-F1A7-43B5-914E-16AC51218972}.Local|Mixed Platforms.Build.0 = Release|x86
		{1D77B761-F1A7-43B5-914E-16AC51218972}.Local|PHP 5.3.ActiveCfg = Release|Any CPU
		{1D77B761-F1A7-43B5-914E-16AC51218972}.Local|x86.ActiveCfg = Release|x86
		{1D77B761-F1A7-43B5-914E-16AC51218972}.Local|x86.Build.0 = Release|x86
		{1D77B761-F1A7-43B5-914E-16AC51218972}.Production|Any CPU.ActiveCfg = Release|Any CPU
		{1D77B761-F1A7-43B5-914E-16AC51218972}.Production|Any CPU.Build.0 = Release|Any CPU
		{1D77B761-F1A7-43B5-914E-16AC51218972}.Production|ARM.ActiveCfg = Release|ARM
		{1D77B761-F1A7-43B5-914E-16AC51218972}.Production|ARM.Build.0 = Release|ARM
		{1D77B761-F1A7-43B5-914E-16AC51218972}.Production|Mixed Platforms.ActiveCfg = Release|x86
		{1D77B761-F1A7-43B5-914E-16AC51218972}.Production|Mixed Platforms.Build.0 = Release|x86
		{1D77B761-F1A7-43B5-914E-16AC51218972}.Production|PHP 5.3.ActiveCfg = Release|Any CPU
		{1D77B761-F1A7-43B5-914E-16AC51218972}.Production|x86.ActiveCfg = Release|x86
		{1D77B761-F1A7-43B5-914E-16AC51218972}.Production|x86.Build.0 = Release|x86
		{1D77B761-F1A7-43B5-914E-16AC51218972}.Release_Lite|Any CPU.ActiveCfg = Release|Any CPU
		{1D77B761-F1A7-43B5-914E-16AC51218972}.Release_Lite|Any CPU.Build.0 = Release|Any CPU
		{1D77B761-F1A7-43B5-914E-16AC51218972}.Release_Lite|ARM.ActiveCfg = Release|ARM
		{1D77B761-F1A7-43B5-914E-16AC51218972}.Release_Lite|ARM.Build.0 = Release|ARM
		{1D77B761-F1A7-43B5-914E-16AC51218972}.Release_Lite|Mixed Platforms.ActiveCfg = Release|Any CPU
		{1D77B761-F1A7-43B5-914E-16AC51218972}.Release_Lite|Mixed Platforms.Build.0 = Release|Any CPU
		{1D77B761-F1A7-43B5-914E-16AC51218972}.Release_Lite|PHP 5.3.ActiveCfg = Release|Any CPU
		{1D77B761-F1A7-43B5-914E-16AC51218972}.Release_Lite|x86.ActiveCfg = Release|x86
		{1D77B761-F1A7-43B5-914E-16AC51218972}.Release_Lite|x86.Build.0 = Release|x86
		{1D77B761-F1A7-43B5-914E-16AC51218972}.Release|Any CPU.ActiveCfg = Release|Any CPU
		{1D77B761-F1A7-43B5-914E-16AC51218972}.Release|Any CPU.Build.0 = Release|Any CPU
		{1D77B761-F1A7-43B5-914E-16AC51218972}.Release|ARM.ActiveCfg = Release|ARM
		{1D77B761-F1A7-43B5-914E-16AC51218972}.Release|ARM.Build.0 = Release|ARM
		{1D77B761-F1A7-43B5-914E-16AC51218972}.Release|Mixed Platforms.ActiveCfg = Release|Any CPU
		{1D77B761-F1A7-43B5-914E-16AC51218972}.Release|Mixed Platforms.Build.0 = Release|Any CPU
		{1D77B761-F1A7-43B5-914E-16AC51218972}.Release|PHP 5.3.ActiveCfg = Release|Any CPU
		{1D77B761-F1A7-43B5-914E-16AC51218972}.Release|x86.ActiveCfg = Release|x86
		{1D77B761-F1A7-43B5-914E-16AC51218972}.Release|x86.Build.0 = Release|x86
		{1D77B761-F1A7-43B5-914E-16AC51218972}.Staging|Any CPU.ActiveCfg = Release|Any CPU
		{1D77B761-F1A7-43B5-914E-16AC51218972}.Staging|Any CPU.Build.0 = Release|Any CPU
		{1D77B761-F1A7-43B5-914E-16AC51218972}.Staging|ARM.ActiveCfg = Release|ARM
		{1D77B761-F1A7-43B5-914E-16AC51218972}.Staging|ARM.Build.0 = Release|ARM
		{1D77B761-F1A7-43B5-914E-16AC51218972}.Staging|Mixed Platforms.ActiveCfg = Release|x86
		{1D77B761-F1A7-43B5-914E-16AC51218972}.Staging|Mixed Platforms.Build.0 = Release|x86
		{1D77B761-F1A7-43B5-914E-16AC51218972}.Staging|PHP 5.3.ActiveCfg = Release|Any CPU
		{1D77B761-F1A7-43B5-914E-16AC51218972}.Staging|x86.ActiveCfg = Release|x86
		{1D77B761-F1A7-43B5-914E-16AC51218972}.Staging|x86.Build.0 = Release|x86
		{BE5CB76C-F1D1-415F-A4E5-FC6EF6EE6914}.ClientProfiles|Any CPU.ActiveCfg = Release|Any CPU
		{BE5CB76C-F1D1-415F-A4E5-FC6EF6EE6914}.ClientProfiles|Any CPU.Build.0 = Release|Any CPU
		{BE5CB76C-F1D1-415F-A4E5-FC6EF6EE6914}.ClientProfiles|ARM.ActiveCfg = Release|Any CPU
		{BE5CB76C-F1D1-415F-A4E5-FC6EF6EE6914}.ClientProfiles|Mixed Platforms.ActiveCfg = Release|Any CPU
		{BE5CB76C-F1D1-415F-A4E5-FC6EF6EE6914}.ClientProfiles|Mixed Platforms.Build.0 = Release|Any CPU
		{BE5CB76C-F1D1-415F-A4E5-FC6EF6EE6914}.ClientProfiles|PHP 5.3.ActiveCfg = Release|Any CPU
		{BE5CB76C-F1D1-415F-A4E5-FC6EF6EE6914}.ClientProfiles|x86.ActiveCfg = Release|Any CPU
		{BE5CB76C-F1D1-415F-A4E5-FC6EF6EE6914}.Debug_Lite|Any CPU.ActiveCfg = Debug|Any CPU
		{BE5CB76C-F1D1-415F-A4E5-FC6EF6EE6914}.Debug_Lite|Any CPU.Build.0 = Debug|Any CPU
		{BE5CB76C-F1D1-415F-A4E5-FC6EF6EE6914}.Debug_Lite|ARM.ActiveCfg = Debug|Any CPU
		{BE5CB76C-F1D1-415F-A4E5-FC6EF6EE6914}.Debug_Lite|Mixed Platforms.ActiveCfg = Debug|Any CPU
		{BE5CB76C-F1D1-415F-A4E5-FC6EF6EE6914}.Debug_Lite|Mixed Platforms.Build.0 = Debug|Any CPU
		{BE5CB76C-F1D1-415F-A4E5-FC6EF6EE6914}.Debug_Lite|PHP 5.3.ActiveCfg = Debug|Any CPU
		{BE5CB76C-F1D1-415F-A4E5-FC6EF6EE6914}.Debug_Lite|x86.ActiveCfg = Debug|Any CPU
		{BE5CB76C-F1D1-415F-A4E5-FC6EF6EE6914}.Debug|Any CPU.ActiveCfg = Debug|Any CPU
		{BE5CB76C-F1D1-415F-A4E5-FC6EF6EE6914}.Debug|Any CPU.Build.0 = Debug|Any CPU
		{BE5CB76C-F1D1-415F-A4E5-FC6EF6EE6914}.Debug|ARM.ActiveCfg = Debug|Any CPU
		{BE5CB76C-F1D1-415F-A4E5-FC6EF6EE6914}.Debug|Mixed Platforms.ActiveCfg = Debug|Any CPU
		{BE5CB76C-F1D1-415F-A4E5-FC6EF6EE6914}.Debug|Mixed Platforms.Build.0 = Debug|Any CPU
		{BE5CB76C-F1D1-415F-A4E5-FC6EF6EE6914}.Debug|PHP 5.3.ActiveCfg = Debug|Any CPU
		{BE5CB76C-F1D1-415F-A4E5-FC6EF6EE6914}.Debug|x86.ActiveCfg = Debug|Any CPU
		{BE5CB76C-F1D1-415F-A4E5-FC6EF6EE6914}.Local|Any CPU.ActiveCfg = Release|Any CPU
		{BE5CB76C-F1D1-415F-A4E5-FC6EF6EE6914}.Local|Any CPU.Build.0 = Release|Any CPU
		{BE5CB76C-F1D1-415F-A4E5-FC6EF6EE6914}.Local|ARM.ActiveCfg = Release|Any CPU
		{BE5CB76C-F1D1-415F-A4E5-FC6EF6EE6914}.Local|Mixed Platforms.ActiveCfg = Release|Any CPU
		{BE5CB76C-F1D1-415F-A4E5-FC6EF6EE6914}.Local|Mixed Platforms.Build.0 = Release|Any CPU
		{BE5CB76C-F1D1-415F-A4E5-FC6EF6EE6914}.Local|PHP 5.3.ActiveCfg = Release|Any CPU
		{BE5CB76C-F1D1-415F-A4E5-FC6EF6EE6914}.Local|x86.ActiveCfg = Release|Any CPU
		{BE5CB76C-F1D1-415F-A4E5-FC6EF6EE6914}.Production|Any CPU.ActiveCfg = Release|Any CPU
		{BE5CB76C-F1D1-415F-A4E5-FC6EF6EE6914}.Production|Any CPU.Build.0 = Release|Any CPU
		{BE5CB76C-F1D1-415F-A4E5-FC6EF6EE6914}.Production|ARM.ActiveCfg = Release|Any CPU
		{BE5CB76C-F1D1-415F-A4E5-FC6EF6EE6914}.Production|Mixed Platforms.ActiveCfg = Release|Any CPU
		{BE5CB76C-F1D1-415F-A4E5-FC6EF6EE6914}.Production|Mixed Platforms.Build.0 = Release|Any CPU
		{BE5CB76C-F1D1-415F-A4E5-FC6EF6EE6914}.Production|PHP 5.3.ActiveCfg = Release|Any CPU
		{BE5CB76C-F1D1-415F-A4E5-FC6EF6EE6914}.Production|x86.ActiveCfg = Release|Any CPU
		{BE5CB76C-F1D1-415F-A4E5-FC6EF6EE6914}.Release_Lite|Any CPU.ActiveCfg = Release|Any CPU
		{BE5CB76C-F1D1-415F-A4E5-FC6EF6EE6914}.Release_Lite|Any CPU.Build.0 = Release|Any CPU
		{BE5CB76C-F1D1-415F-A4E5-FC6EF6EE6914}.Release_Lite|ARM.ActiveCfg = Release|Any CPU
		{BE5CB76C-F1D1-415F-A4E5-FC6EF6EE6914}.Release_Lite|Mixed Platforms.ActiveCfg = Release|Any CPU
		{BE5CB76C-F1D1-415F-A4E5-FC6EF6EE6914}.Release_Lite|Mixed Platforms.Build.0 = Release|Any CPU
		{BE5CB76C-F1D1-415F-A4E5-FC6EF6EE6914}.Release_Lite|PHP 5.3.ActiveCfg = Release|Any CPU
		{BE5CB76C-F1D1-415F-A4E5-FC6EF6EE6914}.Release_Lite|x86.ActiveCfg = Release|Any CPU
		{BE5CB76C-F1D1-415F-A4E5-FC6EF6EE6914}.Release|Any CPU.ActiveCfg = Release|Any CPU
		{BE5CB76C-F1D1-415F-A4E5-FC6EF6EE6914}.Release|Any CPU.Build.0 = Release|Any CPU
		{BE5CB76C-F1D1-415F-A4E5-FC6EF6EE6914}.Release|ARM.ActiveCfg = Release|Any CPU
		{BE5CB76C-F1D1-415F-A4E5-FC6EF6EE6914}.Release|Mixed Platforms.ActiveCfg = Release|Any CPU
		{BE5CB76C-F1D1-415F-A4E5-FC6EF6EE6914}.Release|Mixed Platforms.Build.0 = Release|Any CPU
		{BE5CB76C-F1D1-415F-A4E5-FC6EF6EE6914}.Release|PHP 5.3.ActiveCfg = Release|Any CPU
		{BE5CB76C-F1D1-415F-A4E5-FC6EF6EE6914}.Release|x86.ActiveCfg = Release|Any CPU
		{BE5CB76C-F1D1-415F-A4E5-FC6EF6EE6914}.Staging|Any CPU.ActiveCfg = Release|Any CPU
		{BE5CB76C-F1D1-415F-A4E5-FC6EF6EE6914}.Staging|Any CPU.Build.0 = Release|Any CPU
		{BE5CB76C-F1D1-415F-A4E5-FC6EF6EE6914}.Staging|ARM.ActiveCfg = Release|Any CPU
		{BE5CB76C-F1D1-415F-A4E5-FC6EF6EE6914}.Staging|Mixed Platforms.ActiveCfg = Release|Any CPU
		{BE5CB76C-F1D1-415F-A4E5-FC6EF6EE6914}.Staging|Mixed Platforms.Build.0 = Release|Any CPU
		{BE5CB76C-F1D1-415F-A4E5-FC6EF6EE6914}.Staging|PHP 5.3.ActiveCfg = Release|Any CPU
		{BE5CB76C-F1D1-415F-A4E5-FC6EF6EE6914}.Staging|x86.ActiveCfg = Release|Any CPU
		{B059A6CE-90FC-4480-BE05-E46C978152D2}.ClientProfiles|Any CPU.ActiveCfg = Release|Any CPU
		{B059A6CE-90FC-4480-BE05-E46C978152D2}.ClientProfiles|Any CPU.Build.0 = Release|Any CPU
		{B059A6CE-90FC-4480-BE05-E46C978152D2}.ClientProfiles|ARM.ActiveCfg = Release|Any CPU
		{B059A6CE-90FC-4480-BE05-E46C978152D2}.ClientProfiles|Mixed Platforms.ActiveCfg = Release|Any CPU
		{B059A6CE-90FC-4480-BE05-E46C978152D2}.ClientProfiles|Mixed Platforms.Build.0 = Release|Any CPU
		{B059A6CE-90FC-4480-BE05-E46C978152D2}.ClientProfiles|PHP 5.3.ActiveCfg = Release|Any CPU
		{B059A6CE-90FC-4480-BE05-E46C978152D2}.ClientProfiles|x86.ActiveCfg = Release|Any CPU
		{B059A6CE-90FC-4480-BE05-E46C978152D2}.Debug_Lite|Any CPU.ActiveCfg = Debug|Any CPU
		{B059A6CE-90FC-4480-BE05-E46C978152D2}.Debug_Lite|Any CPU.Build.0 = Debug|Any CPU
		{B059A6CE-90FC-4480-BE05-E46C978152D2}.Debug_Lite|ARM.ActiveCfg = Debug|Any CPU
		{B059A6CE-90FC-4480-BE05-E46C978152D2}.Debug_Lite|Mixed Platforms.ActiveCfg = Debug|Any CPU
		{B059A6CE-90FC-4480-BE05-E46C978152D2}.Debug_Lite|Mixed Platforms.Build.0 = Debug|Any CPU
		{B059A6CE-90FC-4480-BE05-E46C978152D2}.Debug_Lite|PHP 5.3.ActiveCfg = Debug|Any CPU
		{B059A6CE-90FC-4480-BE05-E46C978152D2}.Debug_Lite|x86.ActiveCfg = Debug|Any CPU
		{B059A6CE-90FC-4480-BE05-E46C978152D2}.Debug|Any CPU.ActiveCfg = Debug|Any CPU
		{B059A6CE-90FC-4480-BE05-E46C978152D2}.Debug|Any CPU.Build.0 = Debug|Any CPU
		{B059A6CE-90FC-4480-BE05-E46C978152D2}.Debug|ARM.ActiveCfg = Debug|Any CPU
		{B059A6CE-90FC-4480-BE05-E46C978152D2}.Debug|Mixed Platforms.ActiveCfg = Debug|Any CPU
		{B059A6CE-90FC-4480-BE05-E46C978152D2}.Debug|Mixed Platforms.Build.0 = Debug|Any CPU
		{B059A6CE-90FC-4480-BE05-E46C978152D2}.Debug|PHP 5.3.ActiveCfg = Debug|Any CPU
		{B059A6CE-90FC-4480-BE05-E46C978152D2}.Debug|x86.ActiveCfg = Debug|Any CPU
		{B059A6CE-90FC-4480-BE05-E46C978152D2}.Local|Any CPU.ActiveCfg = Release|Any CPU
		{B059A6CE-90FC-4480-BE05-E46C978152D2}.Local|Any CPU.Build.0 = Release|Any CPU
		{B059A6CE-90FC-4480-BE05-E46C978152D2}.Local|ARM.ActiveCfg = Release|Any CPU
		{B059A6CE-90FC-4480-BE05-E46C978152D2}.Local|Mixed Platforms.ActiveCfg = Release|Any CPU
		{B059A6CE-90FC-4480-BE05-E46C978152D2}.Local|Mixed Platforms.Build.0 = Release|Any CPU
		{B059A6CE-90FC-4480-BE05-E46C978152D2}.Local|PHP 5.3.ActiveCfg = Release|Any CPU
		{B059A6CE-90FC-4480-BE05-E46C978152D2}.Local|x86.ActiveCfg = Release|Any CPU
		{B059A6CE-90FC-4480-BE05-E46C978152D2}.Production|Any CPU.ActiveCfg = Release|Any CPU
		{B059A6CE-90FC-4480-BE05-E46C978152D2}.Production|Any CPU.Build.0 = Release|Any CPU
		{B059A6CE-90FC-4480-BE05-E46C978152D2}.Production|ARM.ActiveCfg = Release|Any CPU
		{B059A6CE-90FC-4480-BE05-E46C978152D2}.Production|Mixed Platforms.ActiveCfg = Release|Any CPU
		{B059A6CE-90FC-4480-BE05-E46C978152D2}.Production|Mixed Platforms.Build.0 = Release|Any CPU
		{B059A6CE-90FC-4480-BE05-E46C978152D2}.Production|PHP 5.3.ActiveCfg = Release|Any CPU
		{B059A6CE-90FC-4480-BE05-E46C978152D2}.Production|x86.ActiveCfg = Release|Any CPU
		{B059A6CE-90FC-4480-BE05-E46C978152D2}.Release_Lite|Any CPU.ActiveCfg = Release|Any CPU
		{B059A6CE-90FC-4480-BE05-E46C978152D2}.Release_Lite|Any CPU.Build.0 = Release|Any CPU
		{B059A6CE-90FC-4480-BE05-E46C978152D2}.Release_Lite|ARM.ActiveCfg = Release|Any CPU
		{B059A6CE-90FC-4480-BE05-E46C978152D2}.Release_Lite|Mixed Platforms.ActiveCfg = Release|Any CPU
		{B059A6CE-90FC-4480-BE05-E46C978152D2}.Release_Lite|Mixed Platforms.Build.0 = Release|Any CPU
		{B059A6CE-90FC-4480-BE05-E46C978152D2}.Release_Lite|PHP 5.3.ActiveCfg = Release|Any CPU
		{B059A6CE-90FC-4480-BE05-E46C978152D2}.Release_Lite|x86.ActiveCfg = Release|Any CPU
		{B059A6CE-90FC-4480-BE05-E46C978152D2}.Release|Any CPU.ActiveCfg = Release|Any CPU
		{B059A6CE-90FC-4480-BE05-E46C978152D2}.Release|Any CPU.Build.0 = Release|Any CPU
		{B059A6CE-90FC-4480-BE05-E46C978152D2}.Release|ARM.ActiveCfg = Release|Any CPU
		{B059A6CE-90FC-4480-BE05-E46C978152D2}.Release|Mixed Platforms.ActiveCfg = Release|Any CPU
		{B059A6CE-90FC-4480-BE05-E46C978152D2}.Release|Mixed Platforms.Build.0 = Release|Any CPU
		{B059A6CE-90FC-4480-BE05-E46C978152D2}.Release|PHP 5.3.ActiveCfg = Release|Any CPU
		{B059A6CE-90FC-4480-BE05-E46C978152D2}.Release|x86.ActiveCfg = Release|Any CPU
		{B059A6CE-90FC-4480-BE05-E46C978152D2}.Staging|Any CPU.ActiveCfg = Release|Any CPU
		{B059A6CE-90FC-4480-BE05-E46C978152D2}.Staging|Any CPU.Build.0 = Release|Any CPU
		{B059A6CE-90FC-4480-BE05-E46C978152D2}.Staging|ARM.ActiveCfg = Release|Any CPU
		{B059A6CE-90FC-4480-BE05-E46C978152D2}.Staging|Mixed Platforms.ActiveCfg = Release|Any CPU
		{B059A6CE-90FC-4480-BE05-E46C978152D2}.Staging|Mixed Platforms.Build.0 = Release|Any CPU
		{B059A6CE-90FC-4480-BE05-E46C978152D2}.Staging|PHP 5.3.ActiveCfg = Release|Any CPU
		{B059A6CE-90FC-4480-BE05-E46C978152D2}.Staging|x86.ActiveCfg = Release|Any CPU
	EndGlobalSection
	GlobalSection(SolutionProperties) = preSolution
		HideSolutionNode = FALSE
	EndGlobalSection
	GlobalSection(NestedProjects) = preSolution
		{DBA3FA70-8F8F-41E7-8C4B-D9B8BF4C937B} = {6AD81ED6-3EBA-4ABD-AC73-08FB0CBFA29B}
		{B4CA0BB9-C805-4FC2-BDF4-9F729A661EB0} = {AE47EC9D-1750-4329-B929-11CEA7DBB69F}
		{FAC86E98-A611-4800-B374-83E915925F6D} = {AE47EC9D-1750-4329-B929-11CEA7DBB69F}
		{1FF8200D-1E01-4ABA-A876-C313E286E1FC} = {AE47EC9D-1750-4329-B929-11CEA7DBB69F}
		{D23E7947-6771-402D-A3D9-384CF40A8824} = {29334B7B-5C43-4C89-B4D8-DDFB94666CDC}
		{1D77B761-F1A7-43B5-914E-16AC51218972} = {29334B7B-5C43-4C89-B4D8-DDFB94666CDC}
		{742DB613-45BB-4F8F-A73F-B559901F6548} = {7F901A34-ABEA-4AED-B9EB-523C9C1BBD8B}
		{BE5CB76C-F1D1-415F-A4E5-FC6EF6EE6914} = {C86EAC59-8F69-491B-A984-46BF9018242E}
		{B059A6CE-90FC-4480-BE05-E46C978152D2} = {C86EAC59-8F69-491B-A984-46BF9018242E}
	EndGlobalSection
EndGlobal
