
Microsoft Visual Studio Solution File, Format Version 11.00
# Visual Studio 2010
Project("{FAE04EC0-301F-11D3-BF4B-00C04F79EFBC}") = "Library", "Library\Library.csproj", "{1FF8200D-1E01-4ABA-A876-C313E286E1FC}"
EndProject
Project("{FAE04EC0-301F-11D3-BF4B-00C04F79EFBC}") = "Ocell", "Ocell\Ocell.csproj", "{F3B6A65D-237D-4E5E-B4A9-F9E098730119}"
EndProject
Project("{FAE04EC0-301F-11D3-BF4B-00C04F79EFBC}") = "ScheduledAgent", "ScheduledAgent\ScheduledAgent.csproj", "{A6840CCC-134F-43B5-AB3D-3284BC385FE1}"
EndProject
Project("{FAE04EC0-301F-11D3-BF4B-00C04F79EFBC}") = "Hammock.WindowsPhone", "hammock\src\net40\Hammock.WindowsPhone\Hammock.WindowsPhone.csproj", "{3059FD1C-4B4B-4460-A0D4-53C84CCE6CAC}"
EndProject
Project("{FAE04EC0-301F-11D3-BF4B-00C04F79EFBC}") = "TweetSharp.WindowsPhone.Mango", "tweetsharp\src\net40\TweetSharp.WindowsPhone.Mango\TweetSharp.WindowsPhone.Mango.csproj", "{51554319-87B7-4D38-9DDA-8F771FDA70FD}"
EndProject
Global
	GlobalSection(SolutionConfigurationPlatforms) = preSolution
		ClientProfiles|Any CPU = ClientProfiles|Any CPU
		ClientProfiles|Mixed Platforms = ClientProfiles|Mixed Platforms
		ClientProfiles|PHP 5.3 = ClientProfiles|PHP 5.3
		ClientProfiles|x86 = ClientProfiles|x86
		Debug|Any CPU = Debug|Any CPU
		Debug|Mixed Platforms = Debug|Mixed Platforms
		Debug|PHP 5.3 = Debug|PHP 5.3
		Debug|x86 = Debug|x86
		Local|Any CPU = Local|Any CPU
		Local|Mixed Platforms = Local|Mixed Platforms
		Local|PHP 5.3 = Local|PHP 5.3
		Local|x86 = Local|x86
		Production|Any CPU = Production|Any CPU
		Production|Mixed Platforms = Production|Mixed Platforms
		Production|PHP 5.3 = Production|PHP 5.3
		Production|x86 = Production|x86
		Release|Any CPU = Release|Any CPU
		Release|Mixed Platforms = Release|Mixed Platforms
		Release|PHP 5.3 = Release|PHP 5.3
		Release|x86 = Release|x86
		Staging|Any CPU = Staging|Any CPU
		Staging|Mixed Platforms = Staging|Mixed Platforms
		Staging|PHP 5.3 = Staging|PHP 5.3
		Staging|x86 = Staging|x86
	EndGlobalSection
	GlobalSection(ProjectConfigurationPlatforms) = postSolution
		{1FF8200D-1E01-4ABA-A876-C313E286E1FC}.ClientProfiles|Any CPU.ActiveCfg = Release|Any CPU
		{1FF8200D-1E01-4ABA-A876-C313E286E1FC}.ClientProfiles|Any CPU.Build.0 = Release|Any CPU
		{1FF8200D-1E01-4ABA-A876-C313E286E1FC}.ClientProfiles|Mixed Platforms.ActiveCfg = Release|Any CPU
		{1FF8200D-1E01-4ABA-A876-C313E286E1FC}.ClientProfiles|Mixed Platforms.Build.0 = Release|Any CPU
		{1FF8200D-1E01-4ABA-A876-C313E286E1FC}.ClientProfiles|PHP 5.3.ActiveCfg = Release|Any CPU
		{1FF8200D-1E01-4ABA-A876-C313E286E1FC}.ClientProfiles|x86.ActiveCfg = Release|Any CPU
		{1FF8200D-1E01-4ABA-A876-C313E286E1FC}.Debug|Any CPU.ActiveCfg = Debug|Any CPU
		{1FF8200D-1E01-4ABA-A876-C313E286E1FC}.Debug|Any CPU.Build.0 = Debug|Any CPU
		{1FF8200D-1E01-4ABA-A876-C313E286E1FC}.Debug|Mixed Platforms.ActiveCfg = Debug|Any CPU
		{1FF8200D-1E01-4ABA-A876-C313E286E1FC}.Debug|Mixed Platforms.Build.0 = Debug|Any CPU
		{1FF8200D-1E01-4ABA-A876-C313E286E1FC}.Debug|PHP 5.3.ActiveCfg = Debug|Any CPU
		{1FF8200D-1E01-4ABA-A876-C313E286E1FC}.Debug|x86.ActiveCfg = Debug|Any CPU
		{1FF8200D-1E01-4ABA-A876-C313E286E1FC}.Local|Any CPU.ActiveCfg = Release|Any CPU
		{1FF8200D-1E01-4ABA-A876-C313E286E1FC}.Local|Mixed Platforms.ActiveCfg = Release|Any CPU
		{1FF8200D-1E01-4ABA-A876-C313E286E1FC}.Local|PHP 5.3.ActiveCfg = Release|Any CPU
		{1FF8200D-1E01-4ABA-A876-C313E286E1FC}.Local|x86.ActiveCfg = Release|Any CPU
		{1FF8200D-1E01-4ABA-A876-C313E286E1FC}.Production|Any CPU.ActiveCfg = Release|Any CPU
		{1FF8200D-1E01-4ABA-A876-C313E286E1FC}.Production|Mixed Platforms.ActiveCfg = Release|Any CPU
		{1FF8200D-1E01-4ABA-A876-C313E286E1FC}.Production|PHP 5.3.ActiveCfg = Release|Any CPU
		{1FF8200D-1E01-4ABA-A876-C313E286E1FC}.Production|x86.ActiveCfg = Release|Any CPU
		{1FF8200D-1E01-4ABA-A876-C313E286E1FC}.Release|Any CPU.ActiveCfg = Release|Any CPU
		{1FF8200D-1E01-4ABA-A876-C313E286E1FC}.Release|Any CPU.Build.0 = Release|Any CPU
		{1FF8200D-1E01-4ABA-A876-C313E286E1FC}.Release|Mixed Platforms.ActiveCfg = Release|Any CPU
		{1FF8200D-1E01-4ABA-A876-C313E286E1FC}.Release|Mixed Platforms.Build.0 = Release|Any CPU
		{1FF8200D-1E01-4ABA-A876-C313E286E1FC}.Release|PHP 5.3.ActiveCfg = Release|Any CPU
		{1FF8200D-1E01-4ABA-A876-C313E286E1FC}.Release|x86.ActiveCfg = Release|Any CPU
		{1FF8200D-1E01-4ABA-A876-C313E286E1FC}.Staging|Any CPU.ActiveCfg = Release|Any CPU
		{1FF8200D-1E01-4ABA-A876-C313E286E1FC}.Staging|Mixed Platforms.ActiveCfg = Release|Any CPU
		{1FF8200D-1E01-4ABA-A876-C313E286E1FC}.Staging|PHP 5.3.ActiveCfg = Release|Any CPU
		{1FF8200D-1E01-4ABA-A876-C313E286E1FC}.Staging|x86.ActiveCfg = Release|Any CPU
		{F3B6A65D-237D-4E5E-B4A9-F9E098730119}.ClientProfiles|Any CPU.ActiveCfg = Release|Any CPU
		{F3B6A65D-237D-4E5E-B4A9-F9E098730119}.ClientProfiles|Any CPU.Build.0 = Release|Any CPU
		{F3B6A65D-237D-4E5E-B4A9-F9E098730119}.ClientProfiles|Any CPU.Deploy.0 = Release|Any CPU
		{F3B6A65D-237D-4E5E-B4A9-F9E098730119}.ClientProfiles|Mixed Platforms.ActiveCfg = Release|Any CPU
		{F3B6A65D-237D-4E5E-B4A9-F9E098730119}.ClientProfiles|Mixed Platforms.Build.0 = Release|Any CPU
		{F3B6A65D-237D-4E5E-B4A9-F9E098730119}.ClientProfiles|Mixed Platforms.Deploy.0 = Release|Any CPU
		{F3B6A65D-237D-4E5E-B4A9-F9E098730119}.ClientProfiles|PHP 5.3.ActiveCfg = Release|Any CPU
		{F3B6A65D-237D-4E5E-B4A9-F9E098730119}.ClientProfiles|x86.ActiveCfg = Release|Any CPU
		{F3B6A65D-237D-4E5E-B4A9-F9E098730119}.Debug|Any CPU.ActiveCfg = Debug|Any CPU
		{F3B6A65D-237D-4E5E-B4A9-F9E098730119}.Debug|Any CPU.Build.0 = Debug|Any CPU
		{F3B6A65D-237D-4E5E-B4A9-F9E098730119}.Debug|Any CPU.Deploy.0 = Debug|Any CPU
		{F3B6A65D-237D-4E5E-B4A9-F9E098730119}.Debug|Mixed Platforms.ActiveCfg = Debug|Any CPU
		{F3B6A65D-237D-4E5E-B4A9-F9E098730119}.Debug|Mixed Platforms.Build.0 = Debug|Any CPU
		{F3B6A65D-237D-4E5E-B4A9-F9E098730119}.Debug|Mixed Platforms.Deploy.0 = Debug|Any CPU
		{F3B6A65D-237D-4E5E-B4A9-F9E098730119}.Debug|PHP 5.3.ActiveCfg = Debug|Any CPU
		{F3B6A65D-237D-4E5E-B4A9-F9E098730119}.Debug|x86.ActiveCfg = Debug|Any CPU
		{F3B6A65D-237D-4E5E-B4A9-F9E098730119}.Local|Any CPU.ActiveCfg = Release|Any CPU
		{F3B6A65D-237D-4E5E-B4A9-F9E098730119}.Local|Any CPU.Build.0 = Release|Any CPU
		{F3B6A65D-237D-4E5E-B4A9-F9E098730119}.Local|Any CPU.Deploy.0 = Release|Any CPU
		{F3B6A65D-237D-4E5E-B4A9-F9E098730119}.Local|Mixed Platforms.ActiveCfg = Release|Any CPU
		{F3B6A65D-237D-4E5E-B4A9-F9E098730119}.Local|Mixed Platforms.Build.0 = Release|Any CPU
		{F3B6A65D-237D-4E5E-B4A9-F9E098730119}.Local|Mixed Platforms.Deploy.0 = Release|Any CPU
		{F3B6A65D-237D-4E5E-B4A9-F9E098730119}.Local|PHP 5.3.ActiveCfg = Release|Any CPU
		{F3B6A65D-237D-4E5E-B4A9-F9E098730119}.Local|x86.ActiveCfg = Release|Any CPU
		{F3B6A65D-237D-4E5E-B4A9-F9E098730119}.Production|Any CPU.ActiveCfg = Release|Any CPU
		{F3B6A65D-237D-4E5E-B4A9-F9E098730119}.Production|Any CPU.Build.0 = Release|Any CPU
		{F3B6A65D-237D-4E5E-B4A9-F9E098730119}.Production|Any CPU.Deploy.0 = Release|Any CPU
		{F3B6A65D-237D-4E5E-B4A9-F9E098730119}.Production|Mixed Platforms.ActiveCfg = Release|Any CPU
		{F3B6A65D-237D-4E5E-B4A9-F9E098730119}.Production|Mixed Platforms.Build.0 = Release|Any CPU
		{F3B6A65D-237D-4E5E-B4A9-F9E098730119}.Production|Mixed Platforms.Deploy.0 = Release|Any CPU
		{F3B6A65D-237D-4E5E-B4A9-F9E098730119}.Production|PHP 5.3.ActiveCfg = Release|Any CPU
		{F3B6A65D-237D-4E5E-B4A9-F9E098730119}.Production|x86.ActiveCfg = Release|Any CPU
		{F3B6A65D-237D-4E5E-B4A9-F9E098730119}.Release|Any CPU.ActiveCfg = Release|Any CPU
		{F3B6A65D-237D-4E5E-B4A9-F9E098730119}.Release|Any CPU.Build.0 = Release|Any CPU
		{F3B6A65D-237D-4E5E-B4A9-F9E098730119}.Release|Any CPU.Deploy.0 = Release|Any CPU
		{F3B6A65D-237D-4E5E-B4A9-F9E098730119}.Release|Mixed Platforms.ActiveCfg = Release|Any CPU
		{F3B6A65D-237D-4E5E-B4A9-F9E098730119}.Release|Mixed Platforms.Build.0 = Release|Any CPU
		{F3B6A65D-237D-4E5E-B4A9-F9E098730119}.Release|Mixed Platforms.Deploy.0 = Release|Any CPU
		{F3B6A65D-237D-4E5E-B4A9-F9E098730119}.Release|PHP 5.3.ActiveCfg = Release|Any CPU
		{F3B6A65D-237D-4E5E-B4A9-F9E098730119}.Release|x86.ActiveCfg = Release|Any CPU
		{F3B6A65D-237D-4E5E-B4A9-F9E098730119}.Staging|Any CPU.ActiveCfg = Release|Any CPU
		{F3B6A65D-237D-4E5E-B4A9-F9E098730119}.Staging|Any CPU.Build.0 = Release|Any CPU
		{F3B6A65D-237D-4E5E-B4A9-F9E098730119}.Staging|Any CPU.Deploy.0 = Release|Any CPU
		{F3B6A65D-237D-4E5E-B4A9-F9E098730119}.Staging|Mixed Platforms.ActiveCfg = Release|Any CPU
		{F3B6A65D-237D-4E5E-B4A9-F9E098730119}.Staging|Mixed Platforms.Build.0 = Release|Any CPU
		{F3B6A65D-237D-4E5E-B4A9-F9E098730119}.Staging|Mixed Platforms.Deploy.0 = Release|Any CPU
		{F3B6A65D-237D-4E5E-B4A9-F9E098730119}.Staging|PHP 5.3.ActiveCfg = Release|Any CPU
		{F3B6A65D-237D-4E5E-B4A9-F9E098730119}.Staging|x86.ActiveCfg = Release|Any CPU
		{A6840CCC-134F-43B5-AB3D-3284BC385FE1}.ClientProfiles|Any CPU.ActiveCfg = Release|Any CPU
		{A6840CCC-134F-43B5-AB3D-3284BC385FE1}.ClientProfiles|Any CPU.Build.0 = Release|Any CPU
		{A6840CCC-134F-43B5-AB3D-3284BC385FE1}.ClientProfiles|Mixed Platforms.ActiveCfg = Release|Any CPU
		{A6840CCC-134F-43B5-AB3D-3284BC385FE1}.ClientProfiles|Mixed Platforms.Build.0 = Release|Any CPU
		{A6840CCC-134F-43B5-AB3D-3284BC385FE1}.ClientProfiles|PHP 5.3.ActiveCfg = Release|Any CPU
		{A6840CCC-134F-43B5-AB3D-3284BC385FE1}.ClientProfiles|x86.ActiveCfg = Release|Any CPU
		{A6840CCC-134F-43B5-AB3D-3284BC385FE1}.Debug|Any CPU.ActiveCfg = Debug|Any CPU
		{A6840CCC-134F-43B5-AB3D-3284BC385FE1}.Debug|Any CPU.Build.0 = Debug|Any CPU
		{A6840CCC-134F-43B5-AB3D-3284BC385FE1}.Debug|Mixed Platforms.ActiveCfg = Debug|Any CPU
		{A6840CCC-134F-43B5-AB3D-3284BC385FE1}.Debug|Mixed Platforms.Build.0 = Debug|Any CPU
		{A6840CCC-134F-43B5-AB3D-3284BC385FE1}.Debug|PHP 5.3.ActiveCfg = Debug|Any CPU
		{A6840CCC-134F-43B5-AB3D-3284BC385FE1}.Debug|x86.ActiveCfg = Debug|Any CPU
		{A6840CCC-134F-43B5-AB3D-3284BC385FE1}.Local|Any CPU.ActiveCfg = Release|Any CPU
		{A6840CCC-134F-43B5-AB3D-3284BC385FE1}.Local|Any CPU.Build.0 = Release|Any CPU
		{A6840CCC-134F-43B5-AB3D-3284BC385FE1}.Local|Mixed Platforms.ActiveCfg = Release|Any CPU
		{A6840CCC-134F-43B5-AB3D-3284BC385FE1}.Local|Mixed Platforms.Build.0 = Release|Any CPU
		{A6840CCC-134F-43B5-AB3D-3284BC385FE1}.Local|PHP 5.3.ActiveCfg = Release|Any CPU
		{A6840CCC-134F-43B5-AB3D-3284BC385FE1}.Local|x86.ActiveCfg = Release|Any CPU
		{A6840CCC-134F-43B5-AB3D-3284BC385FE1}.Production|Any CPU.ActiveCfg = Release|Any CPU
		{A6840CCC-134F-43B5-AB3D-3284BC385FE1}.Production|Any CPU.Build.0 = Release|Any CPU
		{A6840CCC-134F-43B5-AB3D-3284BC385FE1}.Production|Mixed Platforms.ActiveCfg = Release|Any CPU
		{A6840CCC-134F-43B5-AB3D-3284BC385FE1}.Production|Mixed Platforms.Build.0 = Release|Any CPU
		{A6840CCC-134F-43B5-AB3D-3284BC385FE1}.Production|PHP 5.3.ActiveCfg = Release|Any CPU
		{A6840CCC-134F-43B5-AB3D-3284BC385FE1}.Production|x86.ActiveCfg = Release|Any CPU
		{A6840CCC-134F-43B5-AB3D-3284BC385FE1}.Release|Any CPU.ActiveCfg = Release|Any CPU
		{A6840CCC-134F-43B5-AB3D-3284BC385FE1}.Release|Any CPU.Build.0 = Release|Any CPU
		{A6840CCC-134F-43B5-AB3D-3284BC385FE1}.Release|Mixed Platforms.ActiveCfg = Release|Any CPU
		{A6840CCC-134F-43B5-AB3D-3284BC385FE1}.Release|Mixed Platforms.Build.0 = Release|Any CPU
		{A6840CCC-134F-43B5-AB3D-3284BC385FE1}.Release|PHP 5.3.ActiveCfg = Release|Any CPU
		{A6840CCC-134F-43B5-AB3D-3284BC385FE1}.Release|x86.ActiveCfg = Release|Any CPU
		{A6840CCC-134F-43B5-AB3D-3284BC385FE1}.Staging|Any CPU.ActiveCfg = Release|Any CPU
		{A6840CCC-134F-43B5-AB3D-3284BC385FE1}.Staging|Any CPU.Build.0 = Release|Any CPU
		{A6840CCC-134F-43B5-AB3D-3284BC385FE1}.Staging|Mixed Platforms.ActiveCfg = Release|Any CPU
		{A6840CCC-134F-43B5-AB3D-3284BC385FE1}.Staging|Mixed Platforms.Build.0 = Release|Any CPU
		{A6840CCC-134F-43B5-AB3D-3284BC385FE1}.Staging|PHP 5.3.ActiveCfg = Release|Any CPU
		{A6840CCC-134F-43B5-AB3D-3284BC385FE1}.Staging|x86.ActiveCfg = Release|Any CPU
		{3059FD1C-4B4B-4460-A0D4-53C84CCE6CAC}.ClientProfiles|Any CPU.ActiveCfg = ClientProfiles|Any CPU
		{3059FD1C-4B4B-4460-A0D4-53C84CCE6CAC}.ClientProfiles|Any CPU.Build.0 = ClientProfiles|Any CPU
		{3059FD1C-4B4B-4460-A0D4-53C84CCE6CAC}.ClientProfiles|Mixed Platforms.ActiveCfg = ClientProfiles|Any CPU
		{3059FD1C-4B4B-4460-A0D4-53C84CCE6CAC}.ClientProfiles|Mixed Platforms.Build.0 = ClientProfiles|Any CPU
		{3059FD1C-4B4B-4460-A0D4-53C84CCE6CAC}.ClientProfiles|PHP 5.3.ActiveCfg = ClientProfiles|Any CPU
		{3059FD1C-4B4B-4460-A0D4-53C84CCE6CAC}.ClientProfiles|x86.ActiveCfg = ClientProfiles|Any CPU
		{3059FD1C-4B4B-4460-A0D4-53C84CCE6CAC}.Debug|Any CPU.ActiveCfg = Debug|Any CPU
		{3059FD1C-4B4B-4460-A0D4-53C84CCE6CAC}.Debug|Any CPU.Build.0 = Debug|Any CPU
		{3059FD1C-4B4B-4460-A0D4-53C84CCE6CAC}.Debug|Mixed Platforms.ActiveCfg = Release|Any CPU
		{3059FD1C-4B4B-4460-A0D4-53C84CCE6CAC}.Debug|Mixed Platforms.Build.0 = Release|Any CPU
		{3059FD1C-4B4B-4460-A0D4-53C84CCE6CAC}.Debug|PHP 5.3.ActiveCfg = Debug|Any CPU
		{3059FD1C-4B4B-4460-A0D4-53C84CCE6CAC}.Debug|x86.ActiveCfg = Debug|Any CPU
		{3059FD1C-4B4B-4460-A0D4-53C84CCE6CAC}.Local|Any CPU.ActiveCfg = ClientProfiles|Any CPU
		{3059FD1C-4B4B-4460-A0D4-53C84CCE6CAC}.Local|Any CPU.Build.0 = ClientProfiles|Any CPU
		{3059FD1C-4B4B-4460-A0D4-53C84CCE6CAC}.Local|Mixed Platforms.ActiveCfg = ClientProfiles|Any CPU
		{3059FD1C-4B4B-4460-A0D4-53C84CCE6CAC}.Local|Mixed Platforms.Build.0 = ClientProfiles|Any CPU
		{3059FD1C-4B4B-4460-A0D4-53C84CCE6CAC}.Local|PHP 5.3.ActiveCfg = ClientProfiles|Any CPU
		{3059FD1C-4B4B-4460-A0D4-53C84CCE6CAC}.Local|x86.ActiveCfg = ClientProfiles|Any CPU
		{3059FD1C-4B4B-4460-A0D4-53C84CCE6CAC}.Production|Any CPU.ActiveCfg = ClientProfiles|Any CPU
		{3059FD1C-4B4B-4460-A0D4-53C84CCE6CAC}.Production|Any CPU.Build.0 = ClientProfiles|Any CPU
		{3059FD1C-4B4B-4460-A0D4-53C84CCE6CAC}.Production|Mixed Platforms.ActiveCfg = ClientProfiles|Any CPU
		{3059FD1C-4B4B-4460-A0D4-53C84CCE6CAC}.Production|Mixed Platforms.Build.0 = ClientProfiles|Any CPU
		{3059FD1C-4B4B-4460-A0D4-53C84CCE6CAC}.Production|PHP 5.3.ActiveCfg = ClientProfiles|Any CPU
		{3059FD1C-4B4B-4460-A0D4-53C84CCE6CAC}.Production|x86.ActiveCfg = ClientProfiles|Any CPU
		{3059FD1C-4B4B-4460-A0D4-53C84CCE6CAC}.Release|Any CPU.ActiveCfg = Release|Any CPU
		{3059FD1C-4B4B-4460-A0D4-53C84CCE6CAC}.Release|Any CPU.Build.0 = Release|Any CPU
		{3059FD1C-4B4B-4460-A0D4-53C84CCE6CAC}.Release|Mixed Platforms.ActiveCfg = Release|Any CPU
		{3059FD1C-4B4B-4460-A0D4-53C84CCE6CAC}.Release|Mixed Platforms.Build.0 = Release|Any CPU
		{3059FD1C-4B4B-4460-A0D4-53C84CCE6CAC}.Release|PHP 5.3.ActiveCfg = Release|Any CPU
		{3059FD1C-4B4B-4460-A0D4-53C84CCE6CAC}.Release|x86.ActiveCfg = Release|Any CPU
		{3059FD1C-4B4B-4460-A0D4-53C84CCE6CAC}.Staging|Any CPU.ActiveCfg = ClientProfiles|Any CPU
		{3059FD1C-4B4B-4460-A0D4-53C84CCE6CAC}.Staging|Any CPU.Build.0 = ClientProfiles|Any CPU
		{3059FD1C-4B4B-4460-A0D4-53C84CCE6CAC}.Staging|Mixed Platforms.ActiveCfg = ClientProfiles|Any CPU
		{3059FD1C-4B4B-4460-A0D4-53C84CCE6CAC}.Staging|Mixed Platforms.Build.0 = ClientProfiles|Any CPU
		{3059FD1C-4B4B-4460-A0D4-53C84CCE6CAC}.Staging|PHP 5.3.ActiveCfg = ClientProfiles|Any CPU
		{3059FD1C-4B4B-4460-A0D4-53C84CCE6CAC}.Staging|x86.ActiveCfg = ClientProfiles|Any CPU
		{51554319-87B7-4D38-9DDA-8F771FDA70FD}.ClientProfiles|Any CPU.ActiveCfg = Release|Any CPU
		{51554319-87B7-4D38-9DDA-8F771FDA70FD}.ClientProfiles|Any CPU.Build.0 = Release|Any CPU
		{51554319-87B7-4D38-9DDA-8F771FDA70FD}.ClientProfiles|Mixed Platforms.ActiveCfg = Release|Any CPU
		{51554319-87B7-4D38-9DDA-8F771FDA70FD}.ClientProfiles|Mixed Platforms.Build.0 = Release|Any CPU
		{51554319-87B7-4D38-9DDA-8F771FDA70FD}.ClientProfiles|PHP 5.3.ActiveCfg = Release|Any CPU
		{51554319-87B7-4D38-9DDA-8F771FDA70FD}.ClientProfiles|x86.ActiveCfg = Release|Any CPU
		{51554319-87B7-4D38-9DDA-8F771FDA70FD}.Debug|Any CPU.ActiveCfg = Debug|Any CPU
		{51554319-87B7-4D38-9DDA-8F771FDA70FD}.Debug|Any CPU.Build.0 = Debug|Any CPU
		{51554319-87B7-4D38-9DDA-8F771FDA70FD}.Debug|Mixed Platforms.ActiveCfg = Release|Any CPU
		{51554319-87B7-4D38-9DDA-8F771FDA70FD}.Debug|Mixed Platforms.Build.0 = Release|Any CPU
		{51554319-87B7-4D38-9DDA-8F771FDA70FD}.Debug|PHP 5.3.ActiveCfg = Debug|Any CPU
		{51554319-87B7-4D38-9DDA-8F771FDA70FD}.Debug|x86.ActiveCfg = Debug|Any CPU
		{51554319-87B7-4D38-9DDA-8F771FDA70FD}.Local|Any CPU.ActiveCfg = Release|Any CPU
		{51554319-87B7-4D38-9DDA-8F771FDA70FD}.Local|Any CPU.Build.0 = Release|Any CPU
		{51554319-87B7-4D38-9DDA-8F771FDA70FD}.Local|Mixed Platforms.ActiveCfg = Release|Any CPU
		{51554319-87B7-4D38-9DDA-8F771FDA70FD}.Local|Mixed Platforms.Build.0 = Release|Any CPU
		{51554319-87B7-4D38-9DDA-8F771FDA70FD}.Local|PHP 5.3.ActiveCfg = Release|Any CPU
		{51554319-87B7-4D38-9DDA-8F771FDA70FD}.Local|x86.ActiveCfg = Release|Any CPU
		{51554319-87B7-4D38-9DDA-8F771FDA70FD}.Production|Any CPU.ActiveCfg = Release|Any CPU
		{51554319-87B7-4D38-9DDA-8F771FDA70FD}.Production|Any CPU.Build.0 = Release|Any CPU
		{51554319-87B7-4D38-9DDA-8F771FDA70FD}.Production|Mixed Platforms.ActiveCfg = Release|Any CPU
		{51554319-87B7-4D38-9DDA-8F771FDA70FD}.Production|Mixed Platforms.Build.0 = Release|Any CPU
		{51554319-87B7-4D38-9DDA-8F771FDA70FD}.Production|PHP 5.3.ActiveCfg = Release|Any CPU
		{51554319-87B7-4D38-9DDA-8F771FDA70FD}.Production|x86.ActiveCfg = Release|Any CPU
		{51554319-87B7-4D38-9DDA-8F771FDA70FD}.Release|Any CPU.ActiveCfg = Release|Any CPU
		{51554319-87B7-4D38-9DDA-8F771FDA70FD}.Release|Any CPU.Build.0 = Release|Any CPU
		{51554319-87B7-4D38-9DDA-8F771FDA70FD}.Release|Mixed Platforms.ActiveCfg = Release|Any CPU
		{51554319-87B7-4D38-9DDA-8F771FDA70FD}.Release|Mixed Platforms.Build.0 = Release|Any CPU
		{51554319-87B7-4D38-9DDA-8F771FDA70FD}.Release|PHP 5.3.ActiveCfg = Release|Any CPU
		{51554319-87B7-4D38-9DDA-8F771FDA70FD}.Release|x86.ActiveCfg = Release|Any CPU
		{51554319-87B7-4D38-9DDA-8F771FDA70FD}.Staging|Any CPU.ActiveCfg = Release|Any CPU
		{51554319-87B7-4D38-9DDA-8F771FDA70FD}.Staging|Any CPU.Build.0 = Release|Any CPU
		{51554319-87B7-4D38-9DDA-8F771FDA70FD}.Staging|Mixed Platforms.ActiveCfg = Release|Any CPU
		{51554319-87B7-4D38-9DDA-8F771FDA70FD}.Staging|Mixed Platforms.Build.0 = Release|Any CPU
		{51554319-87B7-4D38-9DDA-8F771FDA70FD}.Staging|PHP 5.3.ActiveCfg = Release|Any CPU
		{51554319-87B7-4D38-9DDA-8F771FDA70FD}.Staging|x86.ActiveCfg = Release|Any CPU
	EndGlobalSection
	GlobalSection(SolutionProperties) = preSolution
		HideSolutionNode = FALSE
	EndGlobalSection
EndGlobal
